
Microsoft Visual Studio Solution File, Format Version 9.00
# Visual Studio 2005
Project("{FAE04EC0-301F-11D3-BF4B-00C04F79EFBC}") = "SmartSchedule.Codegen", "SmartSchedule.Codegen\SmartSchedule.Codegen.csproj", "{1F595E43-197B-4E38-BFB0-65E7C21302CB}"
EndProject
Global
	GlobalSection(SourceCodeControl) = preSolution
		SccNumberOfProjects = 2
		SccLocalPath0 = .
		CanCheckoutShared = false
		SccProjectUniqueName1 = SmartSchedule.Codegen\\SmartSchedule.Codegen.csproj
		SccLocalPath1 = .
		CanCheckoutShared = false
		SccProjectFilePathRelativizedFromConnection1 = SmartSchedule.Codegen\\
	EndGlobalSection
	GlobalSection(SolutionConfigurationPlatforms) = preSolution
		Debug|Any CPU = Debug|Any CPU
		Release|Any CPU = Release|Any CPU
	EndGlobalSection
	GlobalSection(ProjectConfigurationPlatforms) = postSolution
		{1F595E43-197B-4E38-BFB0-65E7C21302CB}.Debug|Any CPU.ActiveCfg = Debug|Any CPU
		{1F595E43-197B-4E38-BFB0-65E7C21302CB}.Debug|Any CPU.Build.0 = Debug|Any CPU
		{1F595E43-197B-4E38-BFB0-65E7C21302CB}.Release|Any CPU.ActiveCfg = Release|Any CPU
		{1F595E43-197B-4E38-BFB0-65E7C21302CB}.Release|Any CPU.Build.0 = Release|Any CPU
	EndGlobalSection
	GlobalSection(SolutionProperties) = preSolution
		HideSolutionNode = FALSE
	EndGlobalSection
EndGlobal
