
Microsoft Visual Studio Solution File, Format Version 9.00
# Visual Studio 2005
Project("{FAE04EC0-301F-11D3-BF4B-00C04F79EFBC}") = "QuickBooksAgent", "QuickBooksAgent\QuickBooksAgent.csproj", "{951A1DEB-1305-4D9A-B280-99C667F48248}"
EndProject
Project("{FAE04EC0-301F-11D3-BF4B-00C04F79EFBC}") = "QuickBooksAgent.Windows", "QuickBooksAgent.Windows\QuickBooksAgent.Windows.csproj", "{44411246-FF53-488A-AA72-1F887E823BB8}"
EndProject
Project("{FAE04EC0-301F-11D3-BF4B-00C04F79EFBC}") = "QuickBooksAgent.Windows.UI.Controls", "QuickBooksAgent.Windows.UI.Controls\QuickBooksAgent.Windows.UI.Controls.csproj", "{6B1B2BE3-E169-4B7A-8350-C9418385276E}"
EndProject
Project("{FAE04EC0-301F-11D3-BF4B-00C04F79EFBC}") = "QuickBooksAgent.Domain", "QuickBooksAgent.Domain\QuickBooksAgent.Domain.csproj", "{9E79227D-559C-4098-A37F-B43F87A756E2}"
EndProject
Project("{FAE04EC0-301F-11D3-BF4B-00C04F79EFBC}") = "QuickBooksAgent.Mobile", "QuickBooksAgent.Mobile\QuickBooksAgent.Mobile.csproj", "{3D8B68D6-991F-4B4F-9240-D4330D33337A}"
EndProject
Project("{FAE04EC0-301F-11D3-BF4B-00C04F79EFBC}") = "QuickBooksAgent.Windows.UI.Menu", "QuickBooksAgent.Windows.UI.Menu\QuickBooksAgent.Windows.UI.Menu.csproj", "{99BD2D9D-6C19-4381-8318-B982CA226BF2}"
EndProject
Project("{FAE04EC0-301F-11D3-BF4B-00C04F79EFBC}") = "QuickBooksAgent.Windows.UI.Customers", "QuickBooksAgent.Window.UI.Customers\QuickBooksAgent.Windows.UI.Customers.csproj", "{D9A2F19E-C487-4D91-BD10-DB8B316C9FC2}"
EndProject
Project("{FAE04EC0-301F-11D3-BF4B-00C04F79EFBC}") = "QuickBooksAgent.QBSDK", "QuickBooksAgent.QBSDK\QuickBooksAgent.QBSDK.csproj", "{FE5CDDDF-94E9-405A-9DBF-531F91E6F235}"
EndProject
Project("{FAE04EC0-301F-11D3-BF4B-00C04F79EFBC}") = "QuickBooksAgent.Windows.UI.Synchronize", "QuickBooksAgent.Window.UI.Synchronize\QuickBooksAgent.Windows.UI.Synchronize.csproj", "{B5BCBCBE-4851-4215-8EBD-58DAED53ECDA}"
EndProject
Project("{FAE04EC0-301F-11D3-BF4B-00C04F79EFBC}") = "QuickBooksAgent.Windows.UI.DatabaseManager", "QuickBooksAgent.Windows.UI.Database\QuickBooksAgent.Windows.UI.DatabaseManager.csproj", "{C4A6B66A-3013-4FCC-977E-CB65D13946AF}"
EndProject
Project("{FAE04EC0-301F-11D3-BF4B-00C04F79EFBC}") = "QuickBooksAgent.Windows.UI.CustomerOperations", "QuickBooksAgent.Window.UI.CustomerOperations\QuickBooksAgent.Windows.UI.CustomerOperations.csproj", "{2EF54623-08B6-401C-AB6C-CDD4F1C5BA07}"
EndProject
Project("{B900F1C2-3D47-4FEC-85B3-04AAF18C3634}") = "QuickBooksAgent.Setup", "QuickBooksAgent.Setup\QuickBooksAgent.Setup.vddproj", "{884D9DD1-2912-4EA8-9340-7578EBEC8DFE}"
EndProject
Project("{2150E333-8FDC-42A3-9474-1A3956D46DE8}") = "QuickBooksAgent.Setup.Batch", "QuickBooksAgent.Setup.Batch", "{F61704B0-2AE9-400C-B848-9EF0FCA8A8B4}"
	ProjectSection(SolutionItems) = preProject
		QuickBooksAgent.Setup.Batch\armv4.wce40.ppc.settings.ini = QuickBooksAgent.Setup.Batch\armv4.wce40.ppc.settings.ini
		QuickBooksAgent.Setup.Batch\armv4.wce40.settings.ini = QuickBooksAgent.Setup.Batch\armv4.wce40.settings.ini
		QuickBooksAgent.Setup.Batch\armv4i.wce50.settings.ini = QuickBooksAgent.Setup.Batch\armv4i.wce50.settings.ini
		QuickBooksAgent.Setup.Batch\armv4i.wm50.app.settings.ini = QuickBooksAgent.Setup.Batch\armv4i.wm50.app.settings.ini
		QuickBooksAgent.Setup.Batch\armv4i.wm50.phone.settings.ini = QuickBooksAgent.Setup.Batch\armv4i.wm50.phone.settings.ini
		QuickBooksAgent.Setup.Batch\armv4i.wm50.ppc.settings.ini = QuickBooksAgent.Setup.Batch\armv4i.wm50.ppc.settings.ini
		QuickBooksAgent.Setup.Batch\build.app.bat = QuickBooksAgent.Setup.Batch\build.app.bat
		QuickBooksAgent.Setup.Batch\build.bat = QuickBooksAgent.Setup.Batch\build.bat
		QuickBooksAgent.Setup.Batch\build.no.strings.bat = QuickBooksAgent.Setup.Batch\build.no.strings.bat
		QuickBooksAgent.Setup.Batch\build.no.strings.ppc_and_smartphone.bat = QuickBooksAgent.Setup.Batch\build.no.strings.ppc_and_smartphone.bat
		QuickBooksAgent.Setup.Batch\mipsii.wce50.settings.ini = QuickBooksAgent.Setup.Batch\mipsii.wce50.settings.ini
		QuickBooksAgent.Setup.Batch\mipsii_fp.wce50.settings.ini = QuickBooksAgent.Setup.Batch\mipsii_fp.wce50.settings.ini
		QuickBooksAgent.Setup.Batch\mipsiv.wce50.settings.ini = QuickBooksAgent.Setup.Batch\mipsiv.wce50.settings.ini
		QuickBooksAgent.Setup.Batch\mipsiv_fp.wce50.settings.ini = QuickBooksAgent.Setup.Batch\mipsiv_fp.wce50.settings.ini
		QuickBooksAgent.Setup.Batch\sh4.wce50.settings.ini = QuickBooksAgent.Setup.Batch\sh4.wce50.settings.ini
		QuickBooksAgent.Setup.Batch\x86.wce50.settings.ini = QuickBooksAgent.Setup.Batch\x86.wce50.settings.ini
	EndProjectSection
EndProject
Project("{2150E333-8FDC-42A3-9474-1A3956D46DE8}") = "common", "common", "{7DE604B5-5DC7-40D0-80DC-19E2891E728E}"
	ProjectSection(SolutionItems) = preProject
		QuickBooksAgent.Setup.Batch\common\CommonSettings.ini = QuickBooksAgent.Setup.Batch\common\CommonSettings.ini
		QuickBooksAgent.Setup.Batch\common\conntkt.ini = QuickBooksAgent.Setup.Batch\common\conntkt.ini
		QuickBooksAgent.Setup.Batch\common\eula_Q-Agent.txt = QuickBooksAgent.Setup.Batch\common\eula_Q-Agent.txt
		HowToInstall.txt = HowToInstall.txt
		QuickBooksAgent.Setup.Batch\common\Q-Agent.install.ico = QuickBooksAgent.Setup.Batch\common\Q-Agent.install.ico
	EndProjectSection
EndProject
Project("{FAE04EC0-301F-11D3-BF4B-00C04F79EFBC}") = "QuickBooksAgent.Windows.UI.Setup", "QuickBooksAgent.Windows.UI.Setup\QuickBooksAgent.Windows.UI.Setup.csproj", "{F75883F5-54A0-4629-9094-8CFFAD6C960A}"
EndProject
Project("{FAE04EC0-301F-11D3-BF4B-00C04F79EFBC}") = "QuickBooksAgent.Windows.UI.ManageTime", "QuickBooksAgent.Windows.UI.ManageTime\QuickBooksAgent.Windows.UI.ManageTime.csproj", "{5DE9FC86-5B00-4554-848A-117D1F7B2717}"
EndProject
Project("{FAE04EC0-301F-11D3-BF4B-00C04F79EFBC}") = "QuickBooksAgent.Windows.UI.Banking", "QuickBooksAgent.Windows.UI.Banking\QuickBooksAgent.Windows.UI.Banking.csproj", "{F1AED27A-048B-4ACB-9CCB-BAB4D4FC23E7}"
EndProject
Global
	GlobalSection(SourceCodeControl) = preSolution
		SccNumberOfProjects = 16
		SccLocalPath0 = .
		CanCheckoutShared = false
		SccProjectUniqueName1 = QuickBooksAgent.Domain\\QuickBooksAgent.Domain.csproj
		SccLocalPath1 = .
		CanCheckoutShared = false
		SccProjectFilePathRelativizedFromConnection1 = QuickBooksAgent.Domain\\
		SccProjectUniqueName2 = QuickBooksAgent.Mobile\\QuickBooksAgent.Mobile.csproj
		SccLocalPath2 = .
		CanCheckoutShared = false
		SccProjectFilePathRelativizedFromConnection2 = QuickBooksAgent.Mobile\\
		SccProjectUniqueName3 = QuickBooksAgent.QBSDK\\QuickBooksAgent.QBSDK.csproj
		SccLocalPath3 = .
		CanCheckoutShared = false
		SccProjectFilePathRelativizedFromConnection3 = QuickBooksAgent.QBSDK\\
		SccProjectUniqueName4 = QuickBooksAgent.Setup\\QuickBooksAgent.Setup.vddproj
		SccLocalPath4 = .
		CanCheckoutShared = false
		SccProjectFilePathRelativizedFromConnection4 = QuickBooksAgent.Setup\\
		SccProjectUniqueName5 = QuickBooksAgent.Window.UI.CustomerOperations\\QuickBooksAgent.Windows.UI.CustomerOperations.csproj
		SccLocalPath5 = .
		CanCheckoutShared = false
		SccProjectFilePathRelativizedFromConnection5 = QuickBooksAgent.Window.UI.CustomerOperations\\
		SccProjectUniqueName6 = QuickBooksAgent.Window.UI.Customers\\QuickBooksAgent.Windows.UI.Customers.csproj
		SccLocalPath6 = .
		CanCheckoutShared = false
		SccProjectFilePathRelativizedFromConnection6 = QuickBooksAgent.Window.UI.Customers\\
		SccProjectUniqueName7 = QuickBooksAgent.Window.UI.Synchronize\\QuickBooksAgent.Windows.UI.Synchronize.csproj
		SccLocalPath7 = .
		CanCheckoutShared = false
		SccProjectFilePathRelativizedFromConnection7 = QuickBooksAgent.Window.UI.Synchronize\\
		SccProjectUniqueName8 = QuickBooksAgent.Windows.UI.Banking\\QuickBooksAgent.Windows.UI.Banking.csproj
		SccLocalPath8 = .
		CanCheckoutShared = false
		SccProjectFilePathRelativizedFromConnection8 = QuickBooksAgent.Windows.UI.Banking\\
		SccProjectUniqueName9 = QuickBooksAgent.Windows.UI.Controls\\QuickBooksAgent.Windows.UI.Controls.csproj
		SccLocalPath9 = .
		CanCheckoutShared = false
		SccProjectFilePathRelativizedFromConnection9 = QuickBooksAgent.Windows.UI.Controls\\
		SccProjectUniqueName10 = QuickBooksAgent.Windows.UI.Database\\QuickBooksAgent.Windows.UI.DatabaseManager.csproj
		SccLocalPath10 = .
		CanCheckoutShared = false
		SccProjectFilePathRelativizedFromConnection10 = QuickBooksAgent.Windows.UI.Database\\
		SccProjectUniqueName11 = QuickBooksAgent.Windows.UI.ManageTime\\QuickBooksAgent.Windows.UI.ManageTime.csproj
		SccLocalPath11 = .
		CanCheckoutShared = false
		SccProjectFilePathRelativizedFromConnection11 = QuickBooksAgent.Windows.UI.ManageTime\\
		SccProjectUniqueName12 = QuickBooksAgent.Windows.UI.Menu\\QuickBooksAgent.Windows.UI.Menu.csproj
		SccLocalPath12 = .
		CanCheckoutShared = false
		SccProjectFilePathRelativizedFromConnection12 = QuickBooksAgent.Windows.UI.Menu\\
		SccProjectUniqueName13 = QuickBooksAgent.Windows.UI.Setup\\QuickBooksAgent.Windows.UI.Setup.csproj
		SccLocalPath13 = .
		CanCheckoutShared = false
		SccProjectFilePathRelativizedFromConnection13 = QuickBooksAgent.Windows.UI.Setup\\
		SccProjectUniqueName14 = QuickBooksAgent.Windows\\QuickBooksAgent.Windows.csproj
		SccLocalPath14 = .
		CanCheckoutShared = false
		SccProjectFilePathRelativizedFromConnection14 = QuickBooksAgent.Windows\\
		SccProjectUniqueName15 = QuickBooksAgent\\QuickBooksAgent.csproj
		SccLocalPath15 = .
		CanCheckoutShared = false
		SccProjectFilePathRelativizedFromConnection15 = QuickBooksAgent\\
	EndGlobalSection
	GlobalSection(SolutionConfigurationPlatforms) = preSolution
		Debug|Any CPU = Debug|Any CPU
		Release|Any CPU = Release|Any CPU
		SpDebug|Any CPU = SpDebug|Any CPU
	EndGlobalSection
	GlobalSection(ProjectConfigurationPlatforms) = postSolution
		{951A1DEB-1305-4D9A-B280-99C667F48248}.Debug|Any CPU.ActiveCfg = Debug|Any CPU
		{951A1DEB-1305-4D9A-B280-99C667F48248}.Debug|Any CPU.Build.0 = Debug|Any CPU
		{951A1DEB-1305-4D9A-B280-99C667F48248}.Release|Any CPU.ActiveCfg = Release|Any CPU
		{951A1DEB-1305-4D9A-B280-99C667F48248}.Release|Any CPU.Build.0 = Release|Any CPU
		{951A1DEB-1305-4D9A-B280-99C667F48248}.SpDebug|Any CPU.ActiveCfg = SpDebug|Any CPU
		{951A1DEB-1305-4D9A-B280-99C667F48248}.SpDebug|Any CPU.Build.0 = SpDebug|Any CPU
		{44411246-FF53-488A-AA72-1F887E823BB8}.Debug|Any CPU.ActiveCfg = Debug|Any CPU
		{44411246-FF53-488A-AA72-1F887E823BB8}.Debug|Any CPU.Build.0 = Debug|Any CPU
		{44411246-FF53-488A-AA72-1F887E823BB8}.Release|Any CPU.ActiveCfg = Release|Any CPU
		{44411246-FF53-488A-AA72-1F887E823BB8}.Release|Any CPU.Build.0 = Release|Any CPU
		{44411246-FF53-488A-AA72-1F887E823BB8}.SpDebug|Any CPU.ActiveCfg = SpDebug|Any CPU
		{44411246-FF53-488A-AA72-1F887E823BB8}.SpDebug|Any CPU.Build.0 = SpDebug|Any CPU
		{6B1B2BE3-E169-4B7A-8350-C9418385276E}.Debug|Any CPU.ActiveCfg = Debug|Any CPU
		{6B1B2BE3-E169-4B7A-8350-C9418385276E}.Debug|Any CPU.Build.0 = Debug|Any CPU
		{6B1B2BE3-E169-4B7A-8350-C9418385276E}.Release|Any CPU.ActiveCfg = Release|Any CPU
		{6B1B2BE3-E169-4B7A-8350-C9418385276E}.Release|Any CPU.Build.0 = Release|Any CPU
		{6B1B2BE3-E169-4B7A-8350-C9418385276E}.SpDebug|Any CPU.ActiveCfg = SpDebug|Any CPU
		{6B1B2BE3-E169-4B7A-8350-C9418385276E}.SpDebug|Any CPU.Build.0 = SpDebug|Any CPU
		{9E79227D-559C-4098-A37F-B43F87A756E2}.Debug|Any CPU.ActiveCfg = Debug|Any CPU
		{9E79227D-559C-4098-A37F-B43F87A756E2}.Debug|Any CPU.Build.0 = Debug|Any CPU
		{9E79227D-559C-4098-A37F-B43F87A756E2}.Release|Any CPU.ActiveCfg = Release|Any CPU
		{9E79227D-559C-4098-A37F-B43F87A756E2}.Release|Any CPU.Build.0 = Release|Any CPU
		{9E79227D-559C-4098-A37F-B43F87A756E2}.SpDebug|Any CPU.ActiveCfg = SpDebug|Any CPU
		{9E79227D-559C-4098-A37F-B43F87A756E2}.SpDebug|Any CPU.Build.0 = SpDebug|Any CPU
		{3D8B68D6-991F-4B4F-9240-D4330D33337A}.Debug|Any CPU.ActiveCfg = Debug|Any CPU
		{3D8B68D6-991F-4B4F-9240-D4330D33337A}.Debug|Any CPU.Build.0 = Debug|Any CPU
		{3D8B68D6-991F-4B4F-9240-D4330D33337A}.Debug|Any CPU.Deploy.0 = Debug|Any CPU
		{3D8B68D6-991F-4B4F-9240-D4330D33337A}.Release|Any CPU.ActiveCfg = Release|Any CPU
		{3D8B68D6-991F-4B4F-9240-D4330D33337A}.Release|Any CPU.Build.0 = Release|Any CPU
		{3D8B68D6-991F-4B4F-9240-D4330D33337A}.Release|Any CPU.Deploy.0 = Release|Any CPU
		{3D8B68D6-991F-4B4F-9240-D4330D33337A}.SpDebug|Any CPU.ActiveCfg = SpDebug|Any CPU
		{3D8B68D6-991F-4B4F-9240-D4330D33337A}.SpDebug|Any CPU.Build.0 = SpDebug|Any CPU
		{3D8B68D6-991F-4B4F-9240-D4330D33337A}.SpDebug|Any CPU.Deploy.0 = SpDebug|Any CPU
		{99BD2D9D-6C19-4381-8318-B982CA226BF2}.Debug|Any CPU.ActiveCfg = Debug|Any CPU
		{99BD2D9D-6C19-4381-8318-B982CA226BF2}.Debug|Any CPU.Build.0 = Debug|Any CPU
		{99BD2D9D-6C19-4381-8318-B982CA226BF2}.Release|Any CPU.ActiveCfg = Release|Any CPU
		{99BD2D9D-6C19-4381-8318-B982CA226BF2}.Release|Any CPU.Build.0 = Release|Any CPU
		{99BD2D9D-6C19-4381-8318-B982CA226BF2}.SpDebug|Any CPU.ActiveCfg = SpDebug|Any CPU
		{99BD2D9D-6C19-4381-8318-B982CA226BF2}.SpDebug|Any CPU.Build.0 = SpDebug|Any CPU
		{D9A2F19E-C487-4D91-BD10-DB8B316C9FC2}.Debug|Any CPU.ActiveCfg = Debug|Any CPU
		{D9A2F19E-C487-4D91-BD10-DB8B316C9FC2}.Debug|Any CPU.Build.0 = Debug|Any CPU
		{D9A2F19E-C487-4D91-BD10-DB8B316C9FC2}.Release|Any CPU.ActiveCfg = Release|Any CPU
		{D9A2F19E-C487-4D91-BD10-DB8B316C9FC2}.Release|Any CPU.Build.0 = Release|Any CPU
		{D9A2F19E-C487-4D91-BD10-DB8B316C9FC2}.SpDebug|Any CPU.ActiveCfg = SpDebug|Any CPU
		{D9A2F19E-C487-4D91-BD10-DB8B316C9FC2}.SpDebug|Any CPU.Build.0 = SpDebug|Any CPU
		{FE5CDDDF-94E9-405A-9DBF-531F91E6F235}.Debug|Any CPU.ActiveCfg = Debug|Any CPU
		{FE5CDDDF-94E9-405A-9DBF-531F91E6F235}.Debug|Any CPU.Build.0 = Debug|Any CPU
		{FE5CDDDF-94E9-405A-9DBF-531F91E6F235}.Release|Any CPU.ActiveCfg = Release|Any CPU
		{FE5CDDDF-94E9-405A-9DBF-531F91E6F235}.Release|Any CPU.Build.0 = Release|Any CPU
		{FE5CDDDF-94E9-405A-9DBF-531F91E6F235}.SpDebug|Any CPU.ActiveCfg = SpDebug|Any CPU
		{FE5CDDDF-94E9-405A-9DBF-531F91E6F235}.SpDebug|Any CPU.Build.0 = SpDebug|Any CPU
		{B5BCBCBE-4851-4215-8EBD-58DAED53ECDA}.Debug|Any CPU.ActiveCfg = Debug|Any CPU
		{B5BCBCBE-4851-4215-8EBD-58DAED53ECDA}.Debug|Any CPU.Build.0 = Debug|Any CPU
		{B5BCBCBE-4851-4215-8EBD-58DAED53ECDA}.Release|Any CPU.ActiveCfg = Release|Any CPU
		{B5BCBCBE-4851-4215-8EBD-58DAED53ECDA}.Release|Any CPU.Build.0 = Release|Any CPU
		{B5BCBCBE-4851-4215-8EBD-58DAED53ECDA}.SpDebug|Any CPU.ActiveCfg = SpDebug|Any CPU
		{B5BCBCBE-4851-4215-8EBD-58DAED53ECDA}.SpDebug|Any CPU.Build.0 = SpDebug|Any CPU
		{C4A6B66A-3013-4FCC-977E-CB65D13946AF}.Debug|Any CPU.ActiveCfg = Debug|Any CPU
		{C4A6B66A-3013-4FCC-977E-CB65D13946AF}.Debug|Any CPU.Build.0 = Debug|Any CPU
		{C4A6B66A-3013-4FCC-977E-CB65D13946AF}.Release|Any CPU.ActiveCfg = Release|Any CPU
		{C4A6B66A-3013-4FCC-977E-CB65D13946AF}.Release|Any CPU.Build.0 = Release|Any CPU
		{C4A6B66A-3013-4FCC-977E-CB65D13946AF}.SpDebug|Any CPU.ActiveCfg = SpDebug|Any CPU
		{C4A6B66A-3013-4FCC-977E-CB65D13946AF}.SpDebug|Any CPU.Build.0 = SpDebug|Any CPU
		{2EF54623-08B6-401C-AB6C-CDD4F1C5BA07}.Debug|Any CPU.ActiveCfg = Debug|Any CPU
		{2EF54623-08B6-401C-AB6C-CDD4F1C5BA07}.Debug|Any CPU.Build.0 = Debug|Any CPU
		{2EF54623-08B6-401C-AB6C-CDD4F1C5BA07}.Release|Any CPU.ActiveCfg = Release|Any CPU
		{2EF54623-08B6-401C-AB6C-CDD4F1C5BA07}.Release|Any CPU.Build.0 = Release|Any CPU
		{2EF54623-08B6-401C-AB6C-CDD4F1C5BA07}.SpDebug|Any CPU.ActiveCfg = SpDebug|Any CPU
		{2EF54623-08B6-401C-AB6C-CDD4F1C5BA07}.SpDebug|Any CPU.Build.0 = SpDebug|Any CPU
		{884D9DD1-2912-4EA8-9340-7578EBEC8DFE}.Debug|Any CPU.ActiveCfg = Debug
		{884D9DD1-2912-4EA8-9340-7578EBEC8DFE}.Debug|Any CPU.Build.0 = Debug
		{884D9DD1-2912-4EA8-9340-7578EBEC8DFE}.Release|Any CPU.ActiveCfg = Release
		{884D9DD1-2912-4EA8-9340-7578EBEC8DFE}.Release|Any CPU.Build.0 = Release
		{884D9DD1-2912-4EA8-9340-7578EBEC8DFE}.SpDebug|Any CPU.ActiveCfg = SpDebug
		{884D9DD1-2912-4EA8-9340-7578EBEC8DFE}.SpDebug|Any CPU.Build.0 = SpDebug
		{F75883F5-54A0-4629-9094-8CFFAD6C960A}.Debug|Any CPU.ActiveCfg = Debug|Any CPU
		{F75883F5-54A0-4629-9094-8CFFAD6C960A}.Debug|Any CPU.Build.0 = Debug|Any CPU
		{F75883F5-54A0-4629-9094-8CFFAD6C960A}.Release|Any CPU.ActiveCfg = Release|Any CPU
		{F75883F5-54A0-4629-9094-8CFFAD6C960A}.Release|Any CPU.Build.0 = Release|Any CPU
		{F75883F5-54A0-4629-9094-8CFFAD6C960A}.SpDebug|Any CPU.ActiveCfg = SpDebug|Any CPU
		{F75883F5-54A0-4629-9094-8CFFAD6C960A}.SpDebug|Any CPU.Build.0 = SpDebug|Any CPU
		{5DE9FC86-5B00-4554-848A-117D1F7B2717}.Debug|Any CPU.ActiveCfg = Debug|Any CPU
		{5DE9FC86-5B00-4554-848A-117D1F7B2717}.Debug|Any CPU.Build.0 = Debug|Any CPU
		{5DE9FC86-5B00-4554-848A-117D1F7B2717}.Release|Any CPU.ActiveCfg = Release|Any CPU
		{5DE9FC86-5B00-4554-848A-117D1F7B2717}.Release|Any CPU.Build.0 = Release|Any CPU
		{5DE9FC86-5B00-4554-848A-117D1F7B2717}.SpDebug|Any CPU.ActiveCfg = SpDebug|Any CPU
		{5DE9FC86-5B00-4554-848A-117D1F7B2717}.SpDebug|Any CPU.Build.0 = SpDebug|Any CPU
		{F1AED27A-048B-4ACB-9CCB-BAB4D4FC23E7}.Debug|Any CPU.ActiveCfg = Debug|Any CPU
		{F1AED27A-048B-4ACB-9CCB-BAB4D4FC23E7}.Debug|Any CPU.Build.0 = Debug|Any CPU
		{F1AED27A-048B-4ACB-9CCB-BAB4D4FC23E7}.Release|Any CPU.ActiveCfg = Release|Any CPU
		{F1AED27A-048B-4ACB-9CCB-BAB4D4FC23E7}.Release|Any CPU.Build.0 = Release|Any CPU
		{F1AED27A-048B-4ACB-9CCB-BAB4D4FC23E7}.SpDebug|Any CPU.ActiveCfg = SpDebug|Any CPU
		{F1AED27A-048B-4ACB-9CCB-BAB4D4FC23E7}.SpDebug|Any CPU.Build.0 = SpDebug|Any CPU
	EndGlobalSection
	GlobalSection(SolutionProperties) = preSolution
		HideSolutionNode = FALSE
	EndGlobalSection
	GlobalSection(NestedProjects) = preSolution
		{7DE604B5-5DC7-40D0-80DC-19E2891E728E} = {F61704B0-2AE9-400C-B848-9EF0FCA8A8B4}
	EndGlobalSection
EndGlobal
