
Microsoft Visual Studio Solution File, Format Version 9.00
# Visual Studio 2005
Project("{FAE04EC0-301F-11D3-BF4B-00C04F79EFBC}") = "QuickBooksAgent.Codegen", "QuickBooksAgent.Codegen\QuickBooksAgent.Codegen.csproj", "{F091C1CA-6873-46F6-9F81-E6AA4F36167B}"
EndProject
Global
	GlobalSection(SourceCodeControl) = preSolution
		SccNumberOfProjects = 2
		SccLocalPath0 = .
		CanCheckoutShared = false
		SccProjectUniqueName1 = QuickBooksAgent.Codegen\\QuickBooksAgent.Codegen.csproj
		SccLocalPath1 = .
		CanCheckoutShared = false
		SccProjectFilePathRelativizedFromConnection1 = QuickBooksAgent.Codegen\\
	EndGlobalSection
	GlobalSection(SolutionConfigurationPlatforms) = preSolution
		Debug|Any CPU = Debug|Any CPU
		Release|Any CPU = Release|Any CPU
	EndGlobalSection
	GlobalSection(ProjectConfigurationPlatforms) = postSolution
		{F091C1CA-6873-46F6-9F81-E6AA4F36167B}.Debug|Any CPU.ActiveCfg = Debug|Any CPU
		{F091C1CA-6873-46F6-9F81-E6AA4F36167B}.Debug|Any CPU.Build.0 = Debug|Any CPU
		{F091C1CA-6873-46F6-9F81-E6AA4F36167B}.Release|Any CPU.ActiveCfg = Release|Any CPU
		{F091C1CA-6873-46F6-9F81-E6AA4F36167B}.Release|Any CPU.Build.0 = Release|Any CPU
	EndGlobalSection
	GlobalSection(SolutionProperties) = preSolution
		HideSolutionNode = FALSE
	EndGlobalSection
EndGlobal
