Microsoft Visual Studio Solution File, Format Version 8.00
Project("{FAE04EC0-301F-11D3-BF4B-00C04F79EFBC}") = "ZoomWebService", "ZoomWebService\ZoomWebService.csproj", "{4BA656DC-67C6-41EC-B7A0-5F85C9E5637C}"
	ProjectSection(ProjectDependencies) = postProject
	EndProjectSection
EndProject
Global
	GlobalSection(SolutionConfiguration) = preSolution
		Debug = Debug
		Release = Release
	EndGlobalSection
	GlobalSection(ProjectConfiguration) = postSolution
		{4BA656DC-67C6-41EC-B7A0-5F85C9E5637C}.Debug.ActiveCfg = Debug|.NET
		{4BA656DC-67C6-41EC-B7A0-5F85C9E5637C}.Debug.Build.0 = Debug|.NET
		{4BA656DC-67C6-41EC-B7A0-5F85C9E5637C}.Release.ActiveCfg = Release|.NET
		{4BA656DC-67C6-41EC-B7A0-5F85C9E5637C}.Release.Build.0 = Release|.NET
	EndGlobalSection
	GlobalSection(ExtensibilityGlobals) = postSolution
	EndGlobalSection
	GlobalSection(ExtensibilityAddIns) = postSolution
	EndGlobalSection
EndGlobal
