
Microsoft Visual Studio Solution File, Format Version 9.00
# Visual Studio 2005
Project("{FAE04EC0-301F-11D3-BF4B-00C04F79EFBC}") = "TractInc.Expense", "TractInc.Expense\TractInc.Expense.csproj", "{69568EB7-CE14-4D09-BE67-31AE3B79A739}"
EndProject
Global
	GlobalSection(SolutionConfigurationPlatforms) = preSolution
		Debug|Any CPU = Debug|Any CPU
		Release|Any CPU = Release|Any CPU
	EndGlobalSection
	GlobalSection(ProjectConfigurationPlatforms) = postSolution
		{69568EB7-CE14-4D09-BE67-31AE3B79A739}.Debug|Any CPU.ActiveCfg = Debug|Any CPU
		{69568EB7-CE14-4D09-BE67-31AE3B79A739}.Debug|Any CPU.Build.0 = Debug|Any CPU
		{69568EB7-CE14-4D09-BE67-31AE3B79A739}.Release|Any CPU.ActiveCfg = Release|Any CPU
		{69568EB7-CE14-4D09-BE67-31AE3B79A739}.Release|Any CPU.Build.0 = Release|Any CPU
	EndGlobalSection
	GlobalSection(SolutionProperties) = preSolution
		HideSolutionNode = FALSE
	EndGlobalSection
EndGlobal
