Microsoft Visual Studio Solution File, Format Version 8.00
Project("{FAE04EC0-301F-11D3-BF4B-00C04F79EFBC}") = "Interfaces", "..\Components\Interfaces\Interfaces.csproj", "{21A6A10E-ACE2-4570-ADE9-E389DA94587C}"
	ProjectSection(ProjectDependencies) = postProject
	EndProjectSection
EndProject
Project("{FAE04EC0-301F-11D3-BF4B-00C04F79EFBC}") = "Services", "..\Components\Services\Services.csproj", "{690BD868-E152-4B04-8B48-24F85398C45B}"
	ProjectSection(ProjectDependencies) = postProject
	EndProjectSection
EndProject
Project("{FAE04EC0-301F-11D3-BF4B-00C04F79EFBC}") = "BusComp", "..\Components\BusComp\BusComp.csproj", "{39E1C1EA-9DC4-467B-BE60-BF9B9DD36AA1}"
	ProjectSection(ProjectDependencies) = postProject
	EndProjectSection
EndProject
Project("{FAE04EC0-301F-11D3-BF4B-00C04F79EFBC}") = "DPIComp", "..\Components\DPIComp\DPIComp.csproj", "{AAE61D0E-3697-4BB6-B5C9-2E117FB7E6F2}"
	ProjectSection(ProjectDependencies) = postProject
	EndProjectSection
EndProject
Project("{FAE04EC0-301F-11D3-BF4B-00C04F79EFBC}") = "ClientComp", "..\Components\ClientComp\ClientComp.csproj", "{DE82C6F7-A112-448D-8A26-3CECE5C75E95}"
	ProjectSection(ProjectDependencies) = postProject
	EndProjectSection
EndProject
Project("{FAE04EC0-301F-11D3-BF4B-00C04F79EFBC}") = "BusCompTest", "..\Components\BusCompTest\BusCompTest.csproj", "{6800CD30-22C5-477E-9A3A-102BBD8C87FC}"
	ProjectSection(ProjectDependencies) = postProject
	EndProjectSection
EndProject
Project("{FAE04EC0-301F-11D3-BF4B-00C04F79EFBC}") = "ClientCompTest", "..\Components\ClientCompTest\ClientCompTest.csproj", "{F914054C-2892-47B4-B748-0A0C996A7BCC}"
	ProjectSection(ProjectDependencies) = postProject
	EndProjectSection
EndProject
Project("{FAE04EC0-301F-11D3-BF4B-00C04F79EFBC}") = "DPICompTest", "..\Components\DPICompTest\DPICompTest.csproj", "{5945DFE1-AB1D-45A1-A3E4-AA7764FE0C2D}"
	ProjectSection(ProjectDependencies) = postProject
	EndProjectSection
EndProject
Project("{FAE04EC0-301F-11D3-BF4B-00C04F79EFBC}") = "ServiceTests", "..\Components\ServiceTests\ServiceTests.csproj", "{5C4B6F94-1AE4-463A-9A90-2CF5A8807070}"
	ProjectSection(ProjectDependencies) = postProject
	EndProjectSection
EndProject
Project("{FAE04EC0-301F-11D3-BF4B-00C04F79EFBC}") = "WorkFlow", "WorkFlow\WorkFlow.csproj", "{0869AA48-735C-419E-B66A-5E84979FBCCD}"
	ProjectSection(ProjectDependencies) = postProject
	EndProjectSection
EndProject
Project("{FAE04EC0-301F-11D3-BF4B-00C04F79EFBC}") = "WorkflowTest", "WorkflowTest\WorkflowTest.csproj", "{4D083D79-80B6-4E3A-86F4-76D01403C7EB}"
	ProjectSection(ProjectDependencies) = postProject
	EndProjectSection
EndProject
Project("{FAE04EC0-301F-11D3-BF4B-00C04F79EFBC}") = "Reports", "Reports\Reports.csproj", "{8444A6BD-6C06-4425-AC2F-2FF1623844ED}"
	ProjectSection(ProjectDependencies) = postProject
	EndProjectSection
EndProject
Project("{FAE04EC0-301F-11D3-BF4B-00C04F79EFBC}") = "Maint", "Maint\Maint.csproj", "{BE600824-A787-4624-8BFD-778306CDA01A}"
	ProjectSection(ProjectDependencies) = postProject
	EndProjectSection
EndProject
Project("{FAE04EC0-301F-11D3-BF4B-00C04F79EFBC}") = "WebGui", "http://localhost/WebGui/WebGui.csproj", "{C4763DB9-B623-4A2E-95F7-E8474969C2A6}"
	ProjectSection(ProjectDependencies) = postProject
	EndProjectSection
EndProject
Global
	GlobalSection(SolutionConfiguration) = preSolution
		Debug = Debug
		Maint = Maint
		OrderingDebug = OrderingDebug
		Release = Release
		Test = Test
	EndGlobalSection
	GlobalSection(ProjectConfiguration) = postSolution
		{21A6A10E-ACE2-4570-ADE9-E389DA94587C}.Debug.ActiveCfg = Debug|.NET
		{21A6A10E-ACE2-4570-ADE9-E389DA94587C}.Debug.Build.0 = Debug|.NET
		{21A6A10E-ACE2-4570-ADE9-E389DA94587C}.Maint.ActiveCfg = OrderingDebug|.NET
		{21A6A10E-ACE2-4570-ADE9-E389DA94587C}.Maint.Build.0 = OrderingDebug|.NET
		{21A6A10E-ACE2-4570-ADE9-E389DA94587C}.OrderingDebug.ActiveCfg = OrderingDebug|.NET
		{21A6A10E-ACE2-4570-ADE9-E389DA94587C}.OrderingDebug.Build.0 = OrderingDebug|.NET
		{21A6A10E-ACE2-4570-ADE9-E389DA94587C}.Release.ActiveCfg = Release|.NET
		{21A6A10E-ACE2-4570-ADE9-E389DA94587C}.Release.Build.0 = Release|.NET
		{21A6A10E-ACE2-4570-ADE9-E389DA94587C}.Test.ActiveCfg = Test|.NET
		{21A6A10E-ACE2-4570-ADE9-E389DA94587C}.Test.Build.0 = Test|.NET
		{690BD868-E152-4B04-8B48-24F85398C45B}.Debug.ActiveCfg = Debug|.NET
		{690BD868-E152-4B04-8B48-24F85398C45B}.Debug.Build.0 = Debug|.NET
		{690BD868-E152-4B04-8B48-24F85398C45B}.Maint.ActiveCfg = OrderingDebug|.NET
		{690BD868-E152-4B04-8B48-24F85398C45B}.Maint.Build.0 = OrderingDebug|.NET
		{690BD868-E152-4B04-8B48-24F85398C45B}.OrderingDebug.ActiveCfg = OrderingDebug|.NET
		{690BD868-E152-4B04-8B48-24F85398C45B}.OrderingDebug.Build.0 = OrderingDebug|.NET
		{690BD868-E152-4B04-8B48-24F85398C45B}.Release.ActiveCfg = Release|.NET
		{690BD868-E152-4B04-8B48-24F85398C45B}.Release.Build.0 = Release|.NET
		{690BD868-E152-4B04-8B48-24F85398C45B}.Test.ActiveCfg = Test|.NET
		{690BD868-E152-4B04-8B48-24F85398C45B}.Test.Build.0 = Test|.NET
		{39E1C1EA-9DC4-467B-BE60-BF9B9DD36AA1}.Debug.ActiveCfg = Debug|.NET
		{39E1C1EA-9DC4-467B-BE60-BF9B9DD36AA1}.Debug.Build.0 = Debug|.NET
		{39E1C1EA-9DC4-467B-BE60-BF9B9DD36AA1}.Maint.ActiveCfg = OrderingDebug|.NET
		{39E1C1EA-9DC4-467B-BE60-BF9B9DD36AA1}.Maint.Build.0 = OrderingDebug|.NET
		{39E1C1EA-9DC4-467B-BE60-BF9B9DD36AA1}.OrderingDebug.ActiveCfg = OrderingDebug|.NET
		{39E1C1EA-9DC4-467B-BE60-BF9B9DD36AA1}.OrderingDebug.Build.0 = OrderingDebug|.NET
		{39E1C1EA-9DC4-467B-BE60-BF9B9DD36AA1}.Release.ActiveCfg = Release|.NET
		{39E1C1EA-9DC4-467B-BE60-BF9B9DD36AA1}.Release.Build.0 = Release|.NET
		{39E1C1EA-9DC4-467B-BE60-BF9B9DD36AA1}.Test.ActiveCfg = Test|.NET
		{39E1C1EA-9DC4-467B-BE60-BF9B9DD36AA1}.Test.Build.0 = Test|.NET
		{AAE61D0E-3697-4BB6-B5C9-2E117FB7E6F2}.Debug.ActiveCfg = Debug|.NET
		{AAE61D0E-3697-4BB6-B5C9-2E117FB7E6F2}.Debug.Build.0 = Debug|.NET
		{AAE61D0E-3697-4BB6-B5C9-2E117FB7E6F2}.Maint.ActiveCfg = OrderingDebug|.NET
		{AAE61D0E-3697-4BB6-B5C9-2E117FB7E6F2}.Maint.Build.0 = OrderingDebug|.NET
		{AAE61D0E-3697-4BB6-B5C9-2E117FB7E6F2}.OrderingDebug.ActiveCfg = OrderingDebug|.NET
		{AAE61D0E-3697-4BB6-B5C9-2E117FB7E6F2}.OrderingDebug.Build.0 = OrderingDebug|.NET
		{AAE61D0E-3697-4BB6-B5C9-2E117FB7E6F2}.Release.ActiveCfg = Release|.NET
		{AAE61D0E-3697-4BB6-B5C9-2E117FB7E6F2}.Release.Build.0 = Release|.NET
		{AAE61D0E-3697-4BB6-B5C9-2E117FB7E6F2}.Test.ActiveCfg = Test|.NET
		{AAE61D0E-3697-4BB6-B5C9-2E117FB7E6F2}.Test.Build.0 = Test|.NET
		{DE82C6F7-A112-448D-8A26-3CECE5C75E95}.Debug.ActiveCfg = Debug|.NET
		{DE82C6F7-A112-448D-8A26-3CECE5C75E95}.Debug.Build.0 = Debug|.NET
		{DE82C6F7-A112-448D-8A26-3CECE5C75E95}.Maint.ActiveCfg = OrderingDebug|.NET
		{DE82C6F7-A112-448D-8A26-3CECE5C75E95}.Maint.Build.0 = OrderingDebug|.NET
		{DE82C6F7-A112-448D-8A26-3CECE5C75E95}.OrderingDebug.ActiveCfg = OrderingDebug|.NET
		{DE82C6F7-A112-448D-8A26-3CECE5C75E95}.OrderingDebug.Build.0 = OrderingDebug|.NET
		{DE82C6F7-A112-448D-8A26-3CECE5C75E95}.Release.ActiveCfg = Release|.NET
		{DE82C6F7-A112-448D-8A26-3CECE5C75E95}.Release.Build.0 = Release|.NET
		{DE82C6F7-A112-448D-8A26-3CECE5C75E95}.Test.ActiveCfg = Test|.NET
		{DE82C6F7-A112-448D-8A26-3CECE5C75E95}.Test.Build.0 = Test|.NET
		{6800CD30-22C5-477E-9A3A-102BBD8C87FC}.Debug.ActiveCfg = Debug|.NET
		{6800CD30-22C5-477E-9A3A-102BBD8C87FC}.Debug.Build.0 = Debug|.NET
		{6800CD30-22C5-477E-9A3A-102BBD8C87FC}.Maint.ActiveCfg = OrderingDebug|.NET
		{6800CD30-22C5-477E-9A3A-102BBD8C87FC}.Maint.Build.0 = OrderingDebug|.NET
		{6800CD30-22C5-477E-9A3A-102BBD8C87FC}.OrderingDebug.ActiveCfg = OrderingDebug|.NET
		{6800CD30-22C5-477E-9A3A-102BBD8C87FC}.Release.ActiveCfg = Release|.NET
		{6800CD30-22C5-477E-9A3A-102BBD8C87FC}.Test.ActiveCfg = Test|.NET
		{6800CD30-22C5-477E-9A3A-102BBD8C87FC}.Test.Build.0 = Test|.NET
		{F914054C-2892-47B4-B748-0A0C996A7BCC}.Debug.ActiveCfg = Debug|.NET
		{F914054C-2892-47B4-B748-0A0C996A7BCC}.Debug.Build.0 = Debug|.NET
		{F914054C-2892-47B4-B748-0A0C996A7BCC}.Maint.ActiveCfg = OrderingDebug|.NET
		{F914054C-2892-47B4-B748-0A0C996A7BCC}.Maint.Build.0 = OrderingDebug|.NET
		{F914054C-2892-47B4-B748-0A0C996A7BCC}.OrderingDebug.ActiveCfg = OrderingDebug|.NET
		{F914054C-2892-47B4-B748-0A0C996A7BCC}.Release.ActiveCfg = Release|.NET
		{F914054C-2892-47B4-B748-0A0C996A7BCC}.Test.ActiveCfg = Test|.NET
		{F914054C-2892-47B4-B748-0A0C996A7BCC}.Test.Build.0 = Test|.NET
		{5945DFE1-AB1D-45A1-A3E4-AA7764FE0C2D}.Debug.ActiveCfg = Debug|.NET
		{5945DFE1-AB1D-45A1-A3E4-AA7764FE0C2D}.Debug.Build.0 = Debug|.NET
		{5945DFE1-AB1D-45A1-A3E4-AA7764FE0C2D}.Maint.ActiveCfg = OrderingDebug|.NET
		{5945DFE1-AB1D-45A1-A3E4-AA7764FE0C2D}.Maint.Build.0 = OrderingDebug|.NET
		{5945DFE1-AB1D-45A1-A3E4-AA7764FE0C2D}.OrderingDebug.ActiveCfg = OrderingDebug|.NET
		{5945DFE1-AB1D-45A1-A3E4-AA7764FE0C2D}.Release.ActiveCfg = Release|.NET
		{5945DFE1-AB1D-45A1-A3E4-AA7764FE0C2D}.Test.ActiveCfg = Test|.NET
		{5945DFE1-AB1D-45A1-A3E4-AA7764FE0C2D}.Test.Build.0 = Test|.NET
		{5C4B6F94-1AE4-463A-9A90-2CF5A8807070}.Debug.ActiveCfg = Debug|.NET
		{5C4B6F94-1AE4-463A-9A90-2CF5A8807070}.Debug.Build.0 = Debug|.NET
		{5C4B6F94-1AE4-463A-9A90-2CF5A8807070}.Maint.ActiveCfg = OrderingDebug|.NET
		{5C4B6F94-1AE4-463A-9A90-2CF5A8807070}.Maint.Build.0 = OrderingDebug|.NET
		{5C4B6F94-1AE4-463A-9A90-2CF5A8807070}.OrderingDebug.ActiveCfg = OrderingDebug|.NET
		{5C4B6F94-1AE4-463A-9A90-2CF5A8807070}.Release.ActiveCfg = Debug|.NET
		{5C4B6F94-1AE4-463A-9A90-2CF5A8807070}.Test.ActiveCfg = Test|.NET
		{5C4B6F94-1AE4-463A-9A90-2CF5A8807070}.Test.Build.0 = Test|.NET
		{0869AA48-735C-419E-B66A-5E84979FBCCD}.Debug.ActiveCfg = Debug|.NET
		{0869AA48-735C-419E-B66A-5E84979FBCCD}.Debug.Build.0 = Debug|.NET
		{0869AA48-735C-419E-B66A-5E84979FBCCD}.Maint.ActiveCfg = OrderingDebug|.NET
		{0869AA48-735C-419E-B66A-5E84979FBCCD}.Maint.Build.0 = OrderingDebug|.NET
		{0869AA48-735C-419E-B66A-5E84979FBCCD}.OrderingDebug.ActiveCfg = OrderingDebug|.NET
		{0869AA48-735C-419E-B66A-5E84979FBCCD}.OrderingDebug.Build.0 = OrderingDebug|.NET
		{0869AA48-735C-419E-B66A-5E84979FBCCD}.Release.ActiveCfg = Release|.NET
		{0869AA48-735C-419E-B66A-5E84979FBCCD}.Release.Build.0 = Release|.NET
		{0869AA48-735C-419E-B66A-5E84979FBCCD}.Test.ActiveCfg = Test|.NET
		{0869AA48-735C-419E-B66A-5E84979FBCCD}.Test.Build.0 = Test|.NET
		{4D083D79-80B6-4E3A-86F4-76D01403C7EB}.Debug.ActiveCfg = Debug|.NET
		{4D083D79-80B6-4E3A-86F4-76D01403C7EB}.Debug.Build.0 = Debug|.NET
		{4D083D79-80B6-4E3A-86F4-76D01403C7EB}.Maint.ActiveCfg = OrderingDebug|.NET
		{4D083D79-80B6-4E3A-86F4-76D01403C7EB}.Maint.Build.0 = OrderingDebug|.NET
		{4D083D79-80B6-4E3A-86F4-76D01403C7EB}.OrderingDebug.ActiveCfg = OrderingDebug|.NET
		{4D083D79-80B6-4E3A-86F4-76D01403C7EB}.Release.ActiveCfg = Debug|.NET
		{4D083D79-80B6-4E3A-86F4-76D01403C7EB}.Test.ActiveCfg = Release|.NET
		{4D083D79-80B6-4E3A-86F4-76D01403C7EB}.Test.Build.0 = Release|.NET
		{8444A6BD-6C06-4425-AC2F-2FF1623844ED}.Debug.ActiveCfg = Debug|.NET
		{8444A6BD-6C06-4425-AC2F-2FF1623844ED}.Debug.Build.0 = Debug|.NET
		{8444A6BD-6C06-4425-AC2F-2FF1623844ED}.Maint.ActiveCfg = OrderingDebug|.NET
		{8444A6BD-6C06-4425-AC2F-2FF1623844ED}.Maint.Build.0 = OrderingDebug|.NET
		{8444A6BD-6C06-4425-AC2F-2FF1623844ED}.OrderingDebug.ActiveCfg = OrderingDebug|.NET
		{8444A6BD-6C06-4425-AC2F-2FF1623844ED}.OrderingDebug.Build.0 = OrderingDebug|.NET
		{8444A6BD-6C06-4425-AC2F-2FF1623844ED}.Release.ActiveCfg = Release|.NET
		{8444A6BD-6C06-4425-AC2F-2FF1623844ED}.Release.Build.0 = Release|.NET
		{8444A6BD-6C06-4425-AC2F-2FF1623844ED}.Test.ActiveCfg = Release|.NET
		{8444A6BD-6C06-4425-AC2F-2FF1623844ED}.Test.Build.0 = Release|.NET
		{BE600824-A787-4624-8BFD-778306CDA01A}.Debug.ActiveCfg = Debug|.NET
		{BE600824-A787-4624-8BFD-778306CDA01A}.Debug.Build.0 = Debug|.NET
		{BE600824-A787-4624-8BFD-778306CDA01A}.Maint.ActiveCfg = Release|.NET
		{BE600824-A787-4624-8BFD-778306CDA01A}.Maint.Build.0 = Release|.NET
		{BE600824-A787-4624-8BFD-778306CDA01A}.OrderingDebug.ActiveCfg = Debug|.NET
		{BE600824-A787-4624-8BFD-778306CDA01A}.OrderingDebug.Build.0 = Debug|.NET
		{BE600824-A787-4624-8BFD-778306CDA01A}.Release.ActiveCfg = Release|.NET
		{BE600824-A787-4624-8BFD-778306CDA01A}.Release.Build.0 = Release|.NET
		{BE600824-A787-4624-8BFD-778306CDA01A}.Test.ActiveCfg = Release|.NET
		{BE600824-A787-4624-8BFD-778306CDA01A}.Test.Build.0 = Release|.NET
		{C4763DB9-B623-4A2E-95F7-E8474969C2A6}.Debug.ActiveCfg = Debug|.NET
		{C4763DB9-B623-4A2E-95F7-E8474969C2A6}.Debug.Build.0 = Debug|.NET
		{C4763DB9-B623-4A2E-95F7-E8474969C2A6}.Maint.ActiveCfg = Release|.NET
		{C4763DB9-B623-4A2E-95F7-E8474969C2A6}.Maint.Build.0 = Release|.NET
		{C4763DB9-B623-4A2E-95F7-E8474969C2A6}.OrderingDebug.ActiveCfg = Debug|.NET
		{C4763DB9-B623-4A2E-95F7-E8474969C2A6}.OrderingDebug.Build.0 = Debug|.NET
		{C4763DB9-B623-4A2E-95F7-E8474969C2A6}.Release.ActiveCfg = Release|.NET
		{C4763DB9-B623-4A2E-95F7-E8474969C2A6}.Release.Build.0 = Release|.NET
		{C4763DB9-B623-4A2E-95F7-E8474969C2A6}.Test.ActiveCfg = Release|.NET
		{C4763DB9-B623-4A2E-95F7-E8474969C2A6}.Test.Build.0 = Release|.NET
	EndGlobalSection
	GlobalSection(ExtensibilityGlobals) = postSolution
	EndGlobalSection
	GlobalSection(ExtensibilityAddIns) = postSolution
	EndGlobalSection
EndGlobal
