
Microsoft Visual Studio Solution File, Format Version 9.00
# Visual Studio 2005
Project("{FAE04EC0-301F-11D3-BF4B-00C04F79EFBC}") = "SmartSchedule.Win32", "SmartSchedule.Win32\SmartSchedule.Win32.csproj", "{31148F65-4C7C-45E2-B968-D6C73E44CC98}"
EndProject
Project("{FAE04EC0-301F-11D3-BF4B-00C04F79EFBC}") = "SmartSchedule", "SmartSchedule\SmartSchedule.csproj", "{D46D8F20-6C11-4625-84C2-FB28F2346504}"
EndProject
Project("{FAE04EC0-301F-11D3-BF4B-00C04F79EFBC}") = "SmartSchedule.Windows", "SmartSchedule.Windows\SmartSchedule.Windows.csproj", "{A1AB5BB5-46FD-4F3F-BFA2-E85A25EA80C8}"
EndProject
Project("{FAE04EC0-301F-11D3-BF4B-00C04F79EFBC}") = "SmartSchedule.Domain", "SmartSchedule.Domain\SmartSchedule.Domain.csproj", "{24191447-3BE5-426B-BADE-6EB9FF25B34C}"
EndProject
Global
	GlobalSection(SourceCodeControl) = preSolution
		SccNumberOfProjects = 5
		SccLocalPath0 = .
		CanCheckoutShared = false
		SccProjectUniqueName1 = SmartSchedule.Domain\\SmartSchedule.Domain.csproj
		SccLocalPath1 = .
		CanCheckoutShared = false
		SccProjectFilePathRelativizedFromConnection1 = SmartSchedule.Domain\\
		SccProjectUniqueName2 = SmartSchedule.Win32\\SmartSchedule.Win32.csproj
		SccLocalPath2 = .
		CanCheckoutShared = false
		SccProjectFilePathRelativizedFromConnection2 = SmartSchedule.Win32\\
		SccProjectUniqueName3 = SmartSchedule.Windows\\SmartSchedule.Windows.csproj
		SccLocalPath3 = .
		CanCheckoutShared = false
		SccProjectFilePathRelativizedFromConnection3 = SmartSchedule.Windows\\
		SccProjectUniqueName4 = SmartSchedule\\SmartSchedule.csproj
		SccLocalPath4 = .
		CanCheckoutShared = false
		SccProjectFilePathRelativizedFromConnection4 = SmartSchedule\\
	EndGlobalSection
	GlobalSection(SolutionConfigurationPlatforms) = preSolution
		Debug|Any CPU = Debug|Any CPU
		Release|Any CPU = Release|Any CPU
	EndGlobalSection
	GlobalSection(ProjectConfigurationPlatforms) = postSolution
		{31148F65-4C7C-45E2-B968-D6C73E44CC98}.Debug|Any CPU.ActiveCfg = Debug|Any CPU
		{31148F65-4C7C-45E2-B968-D6C73E44CC98}.Debug|Any CPU.Build.0 = Debug|Any CPU
		{31148F65-4C7C-45E2-B968-D6C73E44CC98}.Release|Any CPU.ActiveCfg = Release|Any CPU
		{31148F65-4C7C-45E2-B968-D6C73E44CC98}.Release|Any CPU.Build.0 = Release|Any CPU
		{D46D8F20-6C11-4625-84C2-FB28F2346504}.Debug|Any CPU.ActiveCfg = Debug|Any CPU
		{D46D8F20-6C11-4625-84C2-FB28F2346504}.Debug|Any CPU.Build.0 = Debug|Any CPU
		{D46D8F20-6C11-4625-84C2-FB28F2346504}.Release|Any CPU.ActiveCfg = Release|Any CPU
		{D46D8F20-6C11-4625-84C2-FB28F2346504}.Release|Any CPU.Build.0 = Release|Any CPU
		{A1AB5BB5-46FD-4F3F-BFA2-E85A25EA80C8}.Debug|Any CPU.ActiveCfg = Debug|Any CPU
		{A1AB5BB5-46FD-4F3F-BFA2-E85A25EA80C8}.Debug|Any CPU.Build.0 = Debug|Any CPU
		{A1AB5BB5-46FD-4F3F-BFA2-E85A25EA80C8}.Release|Any CPU.ActiveCfg = Release|Any CPU
		{A1AB5BB5-46FD-4F3F-BFA2-E85A25EA80C8}.Release|Any CPU.Build.0 = Release|Any CPU
		{24191447-3BE5-426B-BADE-6EB9FF25B34C}.Debug|Any CPU.ActiveCfg = Debug|Any CPU
		{24191447-3BE5-426B-BADE-6EB9FF25B34C}.Debug|Any CPU.Build.0 = Debug|Any CPU
		{24191447-3BE5-426B-BADE-6EB9FF25B34C}.Release|Any CPU.ActiveCfg = Release|Any CPU
		{24191447-3BE5-426B-BADE-6EB9FF25B34C}.Release|Any CPU.Build.0 = Release|Any CPU
	EndGlobalSection
	GlobalSection(SolutionProperties) = preSolution
		HideSolutionNode = FALSE
	EndGlobalSection
EndGlobal
