
Microsoft Visual Studio Solution File, Format Version 9.00
# Visual Studio 2005
Project("{FAE04EC0-301F-11D3-BF4B-00C04F79EFBC}") = "Dalworth.Codegen", "Dalworth.Codegen\Dalworth.Codegen.csproj", "{E492F42D-857E-42CD-AFAF-6647D4291453}"
EndProject
Global
	GlobalSection(SourceCodeControl) = preSolution
		SccNumberOfProjects = 2
		SccLocalPath0 = .
		CanCheckoutShared = false
		SccProjectUniqueName1 = Dalworth.Codegen\\Dalworth.Codegen.csproj
		SccLocalPath1 = .
		CanCheckoutShared = false
		SccProjectFilePathRelativizedFromConnection1 = Dalworth.Codegen\\
	EndGlobalSection
	GlobalSection(SolutionConfigurationPlatforms) = preSolution
		Debug|Any CPU = Debug|Any CPU
		Release|Any CPU = Release|Any CPU
	EndGlobalSection
	GlobalSection(ProjectConfigurationPlatforms) = postSolution
		{E492F42D-857E-42CD-AFAF-6647D4291453}.Debug|Any CPU.ActiveCfg = Debug|Any CPU
		{E492F42D-857E-42CD-AFAF-6647D4291453}.Debug|Any CPU.Build.0 = Debug|Any CPU
		{E492F42D-857E-42CD-AFAF-6647D4291453}.Release|Any CPU.ActiveCfg = Release|Any CPU
		{E492F42D-857E-42CD-AFAF-6647D4291453}.Release|Any CPU.Build.0 = Release|Any CPU
	EndGlobalSection
	GlobalSection(SolutionProperties) = preSolution
		HideSolutionNode = FALSE
	EndGlobalSection
EndGlobal
