
Microsoft Visual Studio Solution File, Format Version 9.00
# Visual Studio 2005
Project("{FAE04EC0-301F-11D3-BF4B-00C04F79EFBC}") = "QAgent.AssemblyVersion", "QAgent.AssemblyVersion.csproj", "{7C802B6B-9BB9-4C10-BDC5-DE18E6D61774}"
EndProject
Global
	GlobalSection(SourceCodeControl) = preSolution
		SccNumberOfProjects = 2
		SccLocalPath0 = .
		CanCheckoutShared = false
		SccProjectUniqueName1 = QAgent.AssemblyVersion.csproj
		SccLocalPath1 = .
		CanCheckoutShared = false
	EndGlobalSection
	GlobalSection(SolutionConfigurationPlatforms) = preSolution
		Debug|Any CPU = Debug|Any CPU
		Release|Any CPU = Release|Any CPU
	EndGlobalSection
	GlobalSection(ProjectConfigurationPlatforms) = postSolution
		{7C802B6B-9BB9-4C10-BDC5-DE18E6D61774}.Debug|Any CPU.ActiveCfg = Debug|Any CPU
		{7C802B6B-9BB9-4C10-BDC5-DE18E6D61774}.Debug|Any CPU.Build.0 = Debug|Any CPU
		{7C802B6B-9BB9-4C10-BDC5-DE18E6D61774}.Release|Any CPU.ActiveCfg = Release|Any CPU
		{7C802B6B-9BB9-4C10-BDC5-DE18E6D61774}.Release|Any CPU.Build.0 = Release|Any CPU
	EndGlobalSection
	GlobalSection(SolutionProperties) = preSolution
		HideSolutionNode = FALSE
	EndGlobalSection
EndGlobal
