Microsoft Visual Studio Solution File, Format Version 8.00
Project("{FAE04EC0-301F-11D3-BF4B-00C04F79EFBC}") = "Dpi.Central.Web", "http://localhost/Dpi.Central.Web/Dpi.Central.Web.csproj", "{FB3E86F5-E754-4442-A50D-7DFD7A2099B2}"
	ProjectSection(ProjectDependencies) = postProject
		{E210D673-88F9-4DA9-B05E-15AC04899257} = {E210D673-88F9-4DA9-B05E-15AC04899257}
	EndProjectSection
EndProject
Project("{FAE04EC0-301F-11D3-BF4B-00C04F79EFBC}") = "BusComp", "..\Components\BusComp\BusComp.csproj", "{39E1C1EA-9DC4-467B-BE60-BF9B9DD36AA1}"
	ProjectSection(ProjectDependencies) = postProject
	EndProjectSection
EndProject
Project("{FAE04EC0-301F-11D3-BF4B-00C04F79EFBC}") = "ClientComp", "..\Components\ClientComp\ClientComp.csproj", "{DE82C6F7-A112-448D-8A26-3CECE5C75E95}"
	ProjectSection(ProjectDependencies) = postProject
	EndProjectSection
EndProject
Project("{FAE04EC0-301F-11D3-BF4B-00C04F79EFBC}") = "DPIComp", "..\Components\DPIComp\DPIComp.csproj", "{AAE61D0E-3697-4BB6-B5C9-2E117FB7E6F2}"
	ProjectSection(ProjectDependencies) = postProject
	EndProjectSection
EndProject
Project("{FAE04EC0-301F-11D3-BF4B-00C04F79EFBC}") = "Interfaces", "..\Components\Interfaces\Interfaces.csproj", "{21A6A10E-ACE2-4570-ADE9-E389DA94587C}"
	ProjectSection(ProjectDependencies) = postProject
	EndProjectSection
EndProject
Project("{FAE04EC0-301F-11D3-BF4B-00C04F79EFBC}") = "Services", "..\Components\Services\Services.csproj", "{690BD868-E152-4B04-8B48-24F85398C45B}"
	ProjectSection(ProjectDependencies) = postProject
	EndProjectSection
EndProject
Project("{FAE04EC0-301F-11D3-BF4B-00C04F79EFBC}") = "Dpi.Central.Web.Account", "http://localhost/Dpi.Central.Web.Account/Dpi.Central.Web.Account.csproj", "{E210D673-88F9-4DA9-B05E-15AC04899257}"
	ProjectSection(ProjectDependencies) = postProject
	EndProjectSection
EndProject
Project("{FAE04EC0-301F-11D3-BF4B-00C04F79EFBC}") = "Dpi.Central.Web.Common", "Dpi.Central.Web.Common\Dpi.Central.Web.Common.csproj", "{C03B6E2A-9872-45C5-92DE-7A2F3638081A}"
	ProjectSection(ProjectDependencies) = postProject
	EndProjectSection
EndProject
Project("{FAE04EC0-301F-11D3-BF4B-00C04F79EFBC}") = "Dpi.Central.Web.Test", "Dpi.Central.Web.Test\Dpi.Central.Web.Test.csproj", "{A993B689-0D2A-4A78-BAD3-CD22BD89724D}"
	ProjectSection(ProjectDependencies) = postProject
	EndProjectSection
EndProject
Global
	GlobalSection(SolutionConfiguration) = preSolution
		Debug = Debug
		DebugNoTest = DebugNoTest
		OrderingDebug = OrderingDebug
		Release = Release
		Test = Test
	EndGlobalSection
	GlobalSection(ProjectConfiguration) = postSolution
		{FB3E86F5-E754-4442-A50D-7DFD7A2099B2}.Debug.ActiveCfg = Debug|.NET
		{FB3E86F5-E754-4442-A50D-7DFD7A2099B2}.Debug.Build.0 = Debug|.NET
		{FB3E86F5-E754-4442-A50D-7DFD7A2099B2}.DebugNoTest.ActiveCfg = Debug|.NET
		{FB3E86F5-E754-4442-A50D-7DFD7A2099B2}.DebugNoTest.Build.0 = Debug|.NET
		{FB3E86F5-E754-4442-A50D-7DFD7A2099B2}.OrderingDebug.ActiveCfg = Debug|.NET
		{FB3E86F5-E754-4442-A50D-7DFD7A2099B2}.OrderingDebug.Build.0 = Debug|.NET
		{FB3E86F5-E754-4442-A50D-7DFD7A2099B2}.Release.ActiveCfg = Release|.NET
		{FB3E86F5-E754-4442-A50D-7DFD7A2099B2}.Release.Build.0 = Release|.NET
		{FB3E86F5-E754-4442-A50D-7DFD7A2099B2}.Test.ActiveCfg = Release|.NET
		{FB3E86F5-E754-4442-A50D-7DFD7A2099B2}.Test.Build.0 = Release|.NET
		{39E1C1EA-9DC4-467B-BE60-BF9B9DD36AA1}.Debug.ActiveCfg = Debug|.NET
		{39E1C1EA-9DC4-467B-BE60-BF9B9DD36AA1}.Debug.Build.0 = Debug|.NET
		{39E1C1EA-9DC4-467B-BE60-BF9B9DD36AA1}.DebugNoTest.ActiveCfg = DebugNoTest|.NET
		{39E1C1EA-9DC4-467B-BE60-BF9B9DD36AA1}.DebugNoTest.Build.0 = DebugNoTest|.NET
		{39E1C1EA-9DC4-467B-BE60-BF9B9DD36AA1}.OrderingDebug.ActiveCfg = OrderingDebug|.NET
		{39E1C1EA-9DC4-467B-BE60-BF9B9DD36AA1}.OrderingDebug.Build.0 = OrderingDebug|.NET
		{39E1C1EA-9DC4-467B-BE60-BF9B9DD36AA1}.Release.ActiveCfg = Release|.NET
		{39E1C1EA-9DC4-467B-BE60-BF9B9DD36AA1}.Release.Build.0 = Release|.NET
		{39E1C1EA-9DC4-467B-BE60-BF9B9DD36AA1}.Test.ActiveCfg = Test|.NET
		{39E1C1EA-9DC4-467B-BE60-BF9B9DD36AA1}.Test.Build.0 = Test|.NET
		{DE82C6F7-A112-448D-8A26-3CECE5C75E95}.Debug.ActiveCfg = Debug|.NET
		{DE82C6F7-A112-448D-8A26-3CECE5C75E95}.Debug.Build.0 = Debug|.NET
		{DE82C6F7-A112-448D-8A26-3CECE5C75E95}.DebugNoTest.ActiveCfg = DebugNoTest|.NET
		{DE82C6F7-A112-448D-8A26-3CECE5C75E95}.DebugNoTest.Build.0 = DebugNoTest|.NET
		{DE82C6F7-A112-448D-8A26-3CECE5C75E95}.OrderingDebug.ActiveCfg = OrderingDebug|.NET
		{DE82C6F7-A112-448D-8A26-3CECE5C75E95}.OrderingDebug.Build.0 = OrderingDebug|.NET
		{DE82C6F7-A112-448D-8A26-3CECE5C75E95}.Release.ActiveCfg = Release|.NET
		{DE82C6F7-A112-448D-8A26-3CECE5C75E95}.Release.Build.0 = Release|.NET
		{DE82C6F7-A112-448D-8A26-3CECE5C75E95}.Test.ActiveCfg = Test|.NET
		{DE82C6F7-A112-448D-8A26-3CECE5C75E95}.Test.Build.0 = Test|.NET
		{AAE61D0E-3697-4BB6-B5C9-2E117FB7E6F2}.Debug.ActiveCfg = Debug|.NET
		{AAE61D0E-3697-4BB6-B5C9-2E117FB7E6F2}.Debug.Build.0 = Debug|.NET
		{AAE61D0E-3697-4BB6-B5C9-2E117FB7E6F2}.DebugNoTest.ActiveCfg = DebugNoTest|.NET
		{AAE61D0E-3697-4BB6-B5C9-2E117FB7E6F2}.DebugNoTest.Build.0 = DebugNoTest|.NET
		{AAE61D0E-3697-4BB6-B5C9-2E117FB7E6F2}.OrderingDebug.ActiveCfg = OrderingDebug|.NET
		{AAE61D0E-3697-4BB6-B5C9-2E117FB7E6F2}.OrderingDebug.Build.0 = OrderingDebug|.NET
		{AAE61D0E-3697-4BB6-B5C9-2E117FB7E6F2}.Release.ActiveCfg = Release|.NET
		{AAE61D0E-3697-4BB6-B5C9-2E117FB7E6F2}.Release.Build.0 = Release|.NET
		{AAE61D0E-3697-4BB6-B5C9-2E117FB7E6F2}.Test.ActiveCfg = Test|.NET
		{AAE61D0E-3697-4BB6-B5C9-2E117FB7E6F2}.Test.Build.0 = Test|.NET
		{21A6A10E-ACE2-4570-ADE9-E389DA94587C}.Debug.ActiveCfg = Debug|.NET
		{21A6A10E-ACE2-4570-ADE9-E389DA94587C}.Debug.Build.0 = Debug|.NET
		{21A6A10E-ACE2-4570-ADE9-E389DA94587C}.DebugNoTest.ActiveCfg = DebugNoTest|.NET
		{21A6A10E-ACE2-4570-ADE9-E389DA94587C}.DebugNoTest.Build.0 = DebugNoTest|.NET
		{21A6A10E-ACE2-4570-ADE9-E389DA94587C}.OrderingDebug.ActiveCfg = OrderingDebug|.NET
		{21A6A10E-ACE2-4570-ADE9-E389DA94587C}.OrderingDebug.Build.0 = OrderingDebug|.NET
		{21A6A10E-ACE2-4570-ADE9-E389DA94587C}.Release.ActiveCfg = Release|.NET
		{21A6A10E-ACE2-4570-ADE9-E389DA94587C}.Release.Build.0 = Release|.NET
		{21A6A10E-ACE2-4570-ADE9-E389DA94587C}.Test.ActiveCfg = Test|.NET
		{21A6A10E-ACE2-4570-ADE9-E389DA94587C}.Test.Build.0 = Test|.NET
		{690BD868-E152-4B04-8B48-24F85398C45B}.Debug.ActiveCfg = Debug|.NET
		{690BD868-E152-4B04-8B48-24F85398C45B}.Debug.Build.0 = Debug|.NET
		{690BD868-E152-4B04-8B48-24F85398C45B}.DebugNoTest.ActiveCfg = DebugNoTest|.NET
		{690BD868-E152-4B04-8B48-24F85398C45B}.DebugNoTest.Build.0 = DebugNoTest|.NET
		{690BD868-E152-4B04-8B48-24F85398C45B}.OrderingDebug.ActiveCfg = OrderingDebug|.NET
		{690BD868-E152-4B04-8B48-24F85398C45B}.OrderingDebug.Build.0 = OrderingDebug|.NET
		{690BD868-E152-4B04-8B48-24F85398C45B}.Release.ActiveCfg = Release|.NET
		{690BD868-E152-4B04-8B48-24F85398C45B}.Release.Build.0 = Release|.NET
		{690BD868-E152-4B04-8B48-24F85398C45B}.Test.ActiveCfg = Test|.NET
		{690BD868-E152-4B04-8B48-24F85398C45B}.Test.Build.0 = Test|.NET
		{E210D673-88F9-4DA9-B05E-15AC04899257}.Debug.ActiveCfg = Debug|.NET
		{E210D673-88F9-4DA9-B05E-15AC04899257}.Debug.Build.0 = Debug|.NET
		{E210D673-88F9-4DA9-B05E-15AC04899257}.DebugNoTest.ActiveCfg = Debug|.NET
		{E210D673-88F9-4DA9-B05E-15AC04899257}.DebugNoTest.Build.0 = Debug|.NET
		{E210D673-88F9-4DA9-B05E-15AC04899257}.OrderingDebug.ActiveCfg = Debug|.NET
		{E210D673-88F9-4DA9-B05E-15AC04899257}.OrderingDebug.Build.0 = Debug|.NET
		{E210D673-88F9-4DA9-B05E-15AC04899257}.Release.ActiveCfg = Release|.NET
		{E210D673-88F9-4DA9-B05E-15AC04899257}.Release.Build.0 = Release|.NET
		{E210D673-88F9-4DA9-B05E-15AC04899257}.Test.ActiveCfg = Release|.NET
		{E210D673-88F9-4DA9-B05E-15AC04899257}.Test.Build.0 = Release|.NET
		{C03B6E2A-9872-45C5-92DE-7A2F3638081A}.Debug.ActiveCfg = Debug|.NET
		{C03B6E2A-9872-45C5-92DE-7A2F3638081A}.Debug.Build.0 = Debug|.NET
		{C03B6E2A-9872-45C5-92DE-7A2F3638081A}.DebugNoTest.ActiveCfg = Debug|.NET
		{C03B6E2A-9872-45C5-92DE-7A2F3638081A}.DebugNoTest.Build.0 = Debug|.NET
		{C03B6E2A-9872-45C5-92DE-7A2F3638081A}.OrderingDebug.ActiveCfg = Debug|.NET
		{C03B6E2A-9872-45C5-92DE-7A2F3638081A}.OrderingDebug.Build.0 = Debug|.NET
		{C03B6E2A-9872-45C5-92DE-7A2F3638081A}.Release.ActiveCfg = Release|.NET
		{C03B6E2A-9872-45C5-92DE-7A2F3638081A}.Release.Build.0 = Release|.NET
		{C03B6E2A-9872-45C5-92DE-7A2F3638081A}.Test.ActiveCfg = Release|.NET
		{C03B6E2A-9872-45C5-92DE-7A2F3638081A}.Test.Build.0 = Release|.NET
		{A993B689-0D2A-4A78-BAD3-CD22BD89724D}.Debug.ActiveCfg = Debug|.NET
		{A993B689-0D2A-4A78-BAD3-CD22BD89724D}.Debug.Build.0 = Debug|.NET
		{A993B689-0D2A-4A78-BAD3-CD22BD89724D}.DebugNoTest.ActiveCfg = Debug|.NET
		{A993B689-0D2A-4A78-BAD3-CD22BD89724D}.DebugNoTest.Build.0 = Debug|.NET
		{A993B689-0D2A-4A78-BAD3-CD22BD89724D}.OrderingDebug.ActiveCfg = Debug|.NET
		{A993B689-0D2A-4A78-BAD3-CD22BD89724D}.OrderingDebug.Build.0 = Debug|.NET
		{A993B689-0D2A-4A78-BAD3-CD22BD89724D}.Release.ActiveCfg = Release|.NET
		{A993B689-0D2A-4A78-BAD3-CD22BD89724D}.Release.Build.0 = Release|.NET
		{A993B689-0D2A-4A78-BAD3-CD22BD89724D}.Test.ActiveCfg = Release|.NET
		{A993B689-0D2A-4A78-BAD3-CD22BD89724D}.Test.Build.0 = Release|.NET
	EndGlobalSection
	GlobalSection(SolutionItems) = postSolution
		..\Db\iteration_2.sql = ..\Db\iteration_2.sql
		..\Db\iteration_3.sql = ..\Db\iteration_3.sql
		..\Db\iteration_4.sql = ..\Db\iteration_4.sql
	EndGlobalSection
	GlobalSection(ExtensibilityGlobals) = postSolution
	EndGlobalSection
	GlobalSection(ExtensibilityAddIns) = postSolution
	EndGlobalSection
EndGlobal
