
Microsoft Visual Studio Solution File, Format Version 11.00
# Visual Studio 2010
Project("{2150E333-8FDC-42A3-9474-1A3956D46DE8}") = "Database", "Database", "{8613A821-FF6D-4C8A-A976-FC8EF41B6518}"
	ProjectSection(SolutionItems) = preProject
		Database\Migrate.bat = Database\Migrate.bat
		Database\migration.lua = Database\migration.lua
		Database\MySQL_Schema_And_Data.sql = Database\MySQL_Schema_And_Data.sql
		Database\MySQL_Schema_Only.sql = Database\MySQL_Schema_Only.sql
		Database\ssr.exe = Database\ssr.exe
		Database\UpdateScripts.bat = Database\UpdateScripts.bat
	EndProjectSection
EndProject
Project("{FAE04EC0-301F-11D3-BF4B-00C04F79EFBC}") = "SmartSchedule.Win32", "SmartSchedule.Win32\SmartSchedule.Win32.csproj", "{31148F65-4C7C-45E2-B968-D6C73E44CC98}"
EndProject
Project("{FAE04EC0-301F-11D3-BF4B-00C04F79EFBC}") = "SmartSchedule", "SmartSchedule\SmartSchedule.csproj", "{D46D8F20-6C11-4625-84C2-FB28F2346504}"
EndProject
Project("{FAE04EC0-301F-11D3-BF4B-00C04F79EFBC}") = "SmartSchedule.Windows", "SmartSchedule.Windows\SmartSchedule.Windows.csproj", "{A1AB5BB5-46FD-4F3F-BFA2-E85A25EA80C8}"
EndProject
Project("{FAE04EC0-301F-11D3-BF4B-00C04F79EFBC}") = "SmartSchedule.Domain", "SmartSchedule.Domain\SmartSchedule.Domain.csproj", "{24191447-3BE5-426B-BADE-6EB9FF25B34C}"
EndProject
Project("{FAE04EC0-301F-11D3-BF4B-00C04F79EFBC}") = "SmartSchedule.Domain.Servman", "SmartSchedule.Domain.Servman\SmartSchedule.Domain.Servman.csproj", "{5A8F6794-86B2-4E02-A4C9-0CC1A3B10A50}"
EndProject
Project("{FAE04EC0-301F-11D3-BF4B-00C04F79EFBC}") = "SmartSchedule.Service", "SmartSchedule.Service\SmartSchedule.Service.csproj", "{A24F2420-984E-43C0-98AC-6CF2D72C2F15}"
EndProject
Project("{FAE04EC0-301F-11D3-BF4B-00C04F79EFBC}") = "SmartSchedule.Service.Optimize", "SmartSchedule.Service.Optimize\SmartSchedule.Service.Optimize.csproj", "{0D918141-A49D-44FF-BE55-2EDC5C0051E5}"
EndProject
Project("{FAE04EC0-301F-11D3-BF4B-00C04F79EFBC}") = "SmartSchedule.Service.Sync", "SmartSchedule.Service.Sync\SmartSchedule.Service.Sync.csproj", "{18F2606B-B5AE-44C0-BDB3-26F033BAD387}"
EndProject
Global
	GlobalSection(SourceCodeControl) = preSolution
		SccNumberOfProjects = 9
		SccLocalPath0 = .
		CanCheckoutShared = false
		SccProjectUniqueName1 = SmartSchedule.Domain\\SmartSchedule.Domain.csproj
		SccLocalPath1 = .
		CanCheckoutShared = false
		SccProjectFilePathRelativizedFromConnection1 = SmartSchedule.Domain\\
		SccProjectUniqueName2 = SmartSchedule.Win32\\SmartSchedule.Win32.csproj
		SccLocalPath2 = .
		CanCheckoutShared = false
		SccProjectFilePathRelativizedFromConnection2 = SmartSchedule.Win32\\
		SccProjectUniqueName3 = SmartSchedule.Windows\\SmartSchedule.Windows.csproj
		SccLocalPath3 = .
		CanCheckoutShared = false
		SccProjectFilePathRelativizedFromConnection3 = SmartSchedule.Windows\\
		SccProjectUniqueName4 = SmartSchedule\\SmartSchedule.csproj
		SccLocalPath4 = .
		CanCheckoutShared = false
		SccProjectFilePathRelativizedFromConnection4 = SmartSchedule\\
		SccProjectUniqueName5 = SmartSchedule.Domain.Servman\\SmartSchedule.Domain.Servman.csproj
		SccLocalPath5 = .
		CanCheckoutShared = false
		SccProjectFilePathRelativizedFromConnection5 = SmartSchedule.Domain.Servman\\
		SccProjectUniqueName6 = SmartSchedule.Service\\SmartSchedule.Service.csproj
		SccLocalPath6 = .
		CanCheckoutShared = false
		SccProjectFilePathRelativizedFromConnection6 = SmartSchedule.Service\\
		SccProjectUniqueName7 = SmartSchedule.Service.Optimize\\SmartSchedule.Service.Optimize.csproj
		SccLocalPath7 = .
		CanCheckoutShared = false
		SccProjectFilePathRelativizedFromConnection7 = SmartSchedule.Service.Optimize\\
		SccProjectUniqueName8 = SmartSchedule.Service.Sync\\SmartSchedule.Service.Sync.csproj
		SccLocalPath8 = .
		CanCheckoutShared = false
		SccProjectFilePathRelativizedFromConnection8 = SmartSchedule.Service.Sync\\
	EndGlobalSection
	GlobalSection(SolutionConfigurationPlatforms) = preSolution
		Debug|Any CPU = Debug|Any CPU
		Debug|x64 = Debug|x64
		Debug|x86 = Debug|x86
		Release|Any CPU = Release|Any CPU
		Release|x64 = Release|x64
		Release|x86 = Release|x86
	EndGlobalSection
	GlobalSection(ProjectConfigurationPlatforms) = postSolution
		{31148F65-4C7C-45E2-B968-D6C73E44CC98}.Debug|Any CPU.ActiveCfg = Debug|Any CPU
		{31148F65-4C7C-45E2-B968-D6C73E44CC98}.Debug|Any CPU.Build.0 = Debug|Any CPU
		{31148F65-4C7C-45E2-B968-D6C73E44CC98}.Debug|x64.ActiveCfg = Debug|x64
		{31148F65-4C7C-45E2-B968-D6C73E44CC98}.Debug|x64.Build.0 = Debug|x64
		{31148F65-4C7C-45E2-B968-D6C73E44CC98}.Debug|x86.ActiveCfg = Debug|x86
		{31148F65-4C7C-45E2-B968-D6C73E44CC98}.Debug|x86.Build.0 = Debug|x86
		{31148F65-4C7C-45E2-B968-D6C73E44CC98}.Release|Any CPU.ActiveCfg = Release|Any CPU
		{31148F65-4C7C-45E2-B968-D6C73E44CC98}.Release|Any CPU.Build.0 = Release|Any CPU
		{31148F65-4C7C-45E2-B968-D6C73E44CC98}.Release|x64.ActiveCfg = Release|x64
		{31148F65-4C7C-45E2-B968-D6C73E44CC98}.Release|x64.Build.0 = Release|x64
		{31148F65-4C7C-45E2-B968-D6C73E44CC98}.Release|x86.ActiveCfg = Release|x86
		{31148F65-4C7C-45E2-B968-D6C73E44CC98}.Release|x86.Build.0 = Release|x86
		{D46D8F20-6C11-4625-84C2-FB28F2346504}.Debug|Any CPU.ActiveCfg = Debug|Any CPU
		{D46D8F20-6C11-4625-84C2-FB28F2346504}.Debug|Any CPU.Build.0 = Debug|Any CPU
		{D46D8F20-6C11-4625-84C2-FB28F2346504}.Debug|x64.ActiveCfg = Debug|x64
		{D46D8F20-6C11-4625-84C2-FB28F2346504}.Debug|x64.Build.0 = Debug|x64
		{D46D8F20-6C11-4625-84C2-FB28F2346504}.Debug|x86.ActiveCfg = Debug|x86
		{D46D8F20-6C11-4625-84C2-FB28F2346504}.Debug|x86.Build.0 = Debug|x86
		{D46D8F20-6C11-4625-84C2-FB28F2346504}.Release|Any CPU.ActiveCfg = Release|Any CPU
		{D46D8F20-6C11-4625-84C2-FB28F2346504}.Release|Any CPU.Build.0 = Release|Any CPU
		{D46D8F20-6C11-4625-84C2-FB28F2346504}.Release|x64.ActiveCfg = Release|x64
		{D46D8F20-6C11-4625-84C2-FB28F2346504}.Release|x64.Build.0 = Release|x64
		{D46D8F20-6C11-4625-84C2-FB28F2346504}.Release|x86.ActiveCfg = Release|x86
		{D46D8F20-6C11-4625-84C2-FB28F2346504}.Release|x86.Build.0 = Release|x86
		{A1AB5BB5-46FD-4F3F-BFA2-E85A25EA80C8}.Debug|Any CPU.ActiveCfg = Debug|Any CPU
		{A1AB5BB5-46FD-4F3F-BFA2-E85A25EA80C8}.Debug|Any CPU.Build.0 = Debug|Any CPU
		{A1AB5BB5-46FD-4F3F-BFA2-E85A25EA80C8}.Debug|x64.ActiveCfg = Debug|x64
		{A1AB5BB5-46FD-4F3F-BFA2-E85A25EA80C8}.Debug|x64.Build.0 = Debug|x64
		{A1AB5BB5-46FD-4F3F-BFA2-E85A25EA80C8}.Debug|x86.ActiveCfg = Debug|x86
		{A1AB5BB5-46FD-4F3F-BFA2-E85A25EA80C8}.Debug|x86.Build.0 = Debug|x86
		{A1AB5BB5-46FD-4F3F-BFA2-E85A25EA80C8}.Release|Any CPU.ActiveCfg = Release|Any CPU
		{A1AB5BB5-46FD-4F3F-BFA2-E85A25EA80C8}.Release|Any CPU.Build.0 = Release|Any CPU
		{A1AB5BB5-46FD-4F3F-BFA2-E85A25EA80C8}.Release|x64.ActiveCfg = Release|x64
		{A1AB5BB5-46FD-4F3F-BFA2-E85A25EA80C8}.Release|x64.Build.0 = Release|x64
		{A1AB5BB5-46FD-4F3F-BFA2-E85A25EA80C8}.Release|x86.ActiveCfg = Release|x86
		{A1AB5BB5-46FD-4F3F-BFA2-E85A25EA80C8}.Release|x86.Build.0 = Release|x86
		{24191447-3BE5-426B-BADE-6EB9FF25B34C}.Debug|Any CPU.ActiveCfg = Debug|Any CPU
		{24191447-3BE5-426B-BADE-6EB9FF25B34C}.Debug|Any CPU.Build.0 = Debug|Any CPU
		{24191447-3BE5-426B-BADE-6EB9FF25B34C}.Debug|x64.ActiveCfg = Debug|x64
		{24191447-3BE5-426B-BADE-6EB9FF25B34C}.Debug|x64.Build.0 = Debug|x64
		{24191447-3BE5-426B-BADE-6EB9FF25B34C}.Debug|x86.ActiveCfg = Debug|x86
		{24191447-3BE5-426B-BADE-6EB9FF25B34C}.Debug|x86.Build.0 = Debug|x86
		{24191447-3BE5-426B-BADE-6EB9FF25B34C}.Release|Any CPU.ActiveCfg = Release|Any CPU
		{24191447-3BE5-426B-BADE-6EB9FF25B34C}.Release|Any CPU.Build.0 = Release|Any CPU
		{24191447-3BE5-426B-BADE-6EB9FF25B34C}.Release|x64.ActiveCfg = Release|x64
		{24191447-3BE5-426B-BADE-6EB9FF25B34C}.Release|x64.Build.0 = Release|x64
		{24191447-3BE5-426B-BADE-6EB9FF25B34C}.Release|x86.ActiveCfg = Release|x86
		{24191447-3BE5-426B-BADE-6EB9FF25B34C}.Release|x86.Build.0 = Release|x86
		{5A8F6794-86B2-4E02-A4C9-0CC1A3B10A50}.Debug|Any CPU.ActiveCfg = Debug|Any CPU
		{5A8F6794-86B2-4E02-A4C9-0CC1A3B10A50}.Debug|Any CPU.Build.0 = Debug|Any CPU
		{5A8F6794-86B2-4E02-A4C9-0CC1A3B10A50}.Debug|x64.ActiveCfg = Debug|x64
		{5A8F6794-86B2-4E02-A4C9-0CC1A3B10A50}.Debug|x64.Build.0 = Debug|x64
		{5A8F6794-86B2-4E02-A4C9-0CC1A3B10A50}.Debug|x86.ActiveCfg = Debug|x86
		{5A8F6794-86B2-4E02-A4C9-0CC1A3B10A50}.Debug|x86.Build.0 = Debug|x86
		{5A8F6794-86B2-4E02-A4C9-0CC1A3B10A50}.Release|Any CPU.ActiveCfg = Release|Any CPU
		{5A8F6794-86B2-4E02-A4C9-0CC1A3B10A50}.Release|Any CPU.Build.0 = Release|Any CPU
		{5A8F6794-86B2-4E02-A4C9-0CC1A3B10A50}.Release|x64.ActiveCfg = Release|x64
		{5A8F6794-86B2-4E02-A4C9-0CC1A3B10A50}.Release|x64.Build.0 = Release|x64
		{5A8F6794-86B2-4E02-A4C9-0CC1A3B10A50}.Release|x86.ActiveCfg = Release|x86
		{5A8F6794-86B2-4E02-A4C9-0CC1A3B10A50}.Release|x86.Build.0 = Release|x86
		{A24F2420-984E-43C0-98AC-6CF2D72C2F15}.Debug|Any CPU.ActiveCfg = Debug|Any CPU
		{A24F2420-984E-43C0-98AC-6CF2D72C2F15}.Debug|Any CPU.Build.0 = Debug|Any CPU
		{A24F2420-984E-43C0-98AC-6CF2D72C2F15}.Debug|x64.ActiveCfg = Debug|x64
		{A24F2420-984E-43C0-98AC-6CF2D72C2F15}.Debug|x64.Build.0 = Debug|x64
		{A24F2420-984E-43C0-98AC-6CF2D72C2F15}.Debug|x86.ActiveCfg = Debug|x86
		{A24F2420-984E-43C0-98AC-6CF2D72C2F15}.Debug|x86.Build.0 = Debug|x86
		{A24F2420-984E-43C0-98AC-6CF2D72C2F15}.Release|Any CPU.ActiveCfg = Release|Any CPU
		{A24F2420-984E-43C0-98AC-6CF2D72C2F15}.Release|Any CPU.Build.0 = Release|Any CPU
		{A24F2420-984E-43C0-98AC-6CF2D72C2F15}.Release|x64.ActiveCfg = Release|x64
		{A24F2420-984E-43C0-98AC-6CF2D72C2F15}.Release|x64.Build.0 = Release|x64
		{A24F2420-984E-43C0-98AC-6CF2D72C2F15}.Release|x86.ActiveCfg = Release|x86
		{A24F2420-984E-43C0-98AC-6CF2D72C2F15}.Release|x86.Build.0 = Release|x86
		{0D918141-A49D-44FF-BE55-2EDC5C0051E5}.Debug|Any CPU.ActiveCfg = Debug|Any CPU
		{0D918141-A49D-44FF-BE55-2EDC5C0051E5}.Debug|Any CPU.Build.0 = Debug|Any CPU
		{0D918141-A49D-44FF-BE55-2EDC5C0051E5}.Debug|x64.ActiveCfg = Debug|x64
		{0D918141-A49D-44FF-BE55-2EDC5C0051E5}.Debug|x64.Build.0 = Debug|x64
		{0D918141-A49D-44FF-BE55-2EDC5C0051E5}.Debug|x86.ActiveCfg = Debug|x86
		{0D918141-A49D-44FF-BE55-2EDC5C0051E5}.Debug|x86.Build.0 = Debug|x86
		{0D918141-A49D-44FF-BE55-2EDC5C0051E5}.Release|Any CPU.ActiveCfg = Release|Any CPU
		{0D918141-A49D-44FF-BE55-2EDC5C0051E5}.Release|Any CPU.Build.0 = Release|Any CPU
		{0D918141-A49D-44FF-BE55-2EDC5C0051E5}.Release|x64.ActiveCfg = Release|x64
		{0D918141-A49D-44FF-BE55-2EDC5C0051E5}.Release|x64.Build.0 = Release|x64
		{0D918141-A49D-44FF-BE55-2EDC5C0051E5}.Release|x86.ActiveCfg = Release|x86
		{0D918141-A49D-44FF-BE55-2EDC5C0051E5}.Release|x86.Build.0 = Release|x86
		{18F2606B-B5AE-44C0-BDB3-26F033BAD387}.Debug|Any CPU.ActiveCfg = Debug|Any CPU
		{18F2606B-B5AE-44C0-BDB3-26F033BAD387}.Debug|Any CPU.Build.0 = Debug|Any CPU
		{18F2606B-B5AE-44C0-BDB3-26F033BAD387}.Debug|x64.ActiveCfg = Debug|x64
		{18F2606B-B5AE-44C0-BDB3-26F033BAD387}.Debug|x86.ActiveCfg = Debug|x86
		{18F2606B-B5AE-44C0-BDB3-26F033BAD387}.Debug|x86.Build.0 = Debug|x86
		{18F2606B-B5AE-44C0-BDB3-26F033BAD387}.Release|Any CPU.ActiveCfg = Release|x86
		{18F2606B-B5AE-44C0-BDB3-26F033BAD387}.Release|Any CPU.Build.0 = Release|x86
		{18F2606B-B5AE-44C0-BDB3-26F033BAD387}.Release|x64.ActiveCfg = Release|x86
		{18F2606B-B5AE-44C0-BDB3-26F033BAD387}.Release|x86.ActiveCfg = Release|x86
		{18F2606B-B5AE-44C0-BDB3-26F033BAD387}.Release|x86.Build.0 = Release|x86
	EndGlobalSection
	GlobalSection(SolutionProperties) = preSolution
		HideSolutionNode = FALSE
	EndGlobalSection
EndGlobal
