
Microsoft Visual Studio Solution File, Format Version 11.00
# Visual Studio 2010
Project("{FAE04EC0-301F-11D3-BF4B-00C04F79EFBC}") = "Servman", "Servman.csproj", "{18BD1B3C-B288-494D-B764-FB2ADD033F9A}"
EndProject
Project("{FAE04EC0-301F-11D3-BF4B-00C04F79EFBC}") = "Intuit.Ipp.Saml", "Intuit.Ipp.Saml\Intuit.Ipp.Saml.csproj", "{80F65171-D847-4A25-B17C-BE833F5C8D3E}"
EndProject
Project("{FAE04EC0-301F-11D3-BF4B-00C04F79EFBC}") = "Servman.Domain", "Servman.Domain\Servman.Domain.csproj", "{10D95A58-1957-401F-BC29-63D4F18A65B8}"
EndProject
Project("{FAE04EC0-301F-11D3-BF4B-00C04F79EFBC}") = "Servman.Intuit", "Servman.Intuit\Servman.Intuit.csproj", "{91E60157-596F-435F-A536-0894C28CC847}"
EndProject
Project("{FAE04EC0-301F-11D3-BF4B-00C04F79EFBC}") = "Servman.Codegen", "..\Servman.Codegen\Servman.Codegen.csproj", "{64BB6D00-B34C-4189-8C6E-D0DE5958E2CD}"
EndProject
Project("{FAE04EC0-301F-11D3-BF4B-00C04F79EFBC}") = "Servman.Service", "Servman.Service\Servman.Service.csproj", "{764BC361-CD1F-49E1-8B3F-9092544FDED6}"
EndProject
Project("{FAE04EC0-301F-11D3-BF4B-00C04F79EFBC}") = "TwilioApi", "TwilioApi\TwilioApi.csproj", "{894FF9E8-4DBF-4472-8AE2-1A6A988E105B}"
EndProject
Project("{FAE04EC0-301F-11D3-BF4B-00C04F79EFBC}") = "RestSharp", "RestSharp\RestSharp.csproj", "{2ECECFBF-5F3E-40EE-A963-72336DC7ABE2}"
EndProject
Project("{FAE04EC0-301F-11D3-BF4B-00C04F79EFBC}") = "Servman.Service.FlexRemoting", "Servman.Service.FlexRemoting\Servman.Service.FlexRemoting.csproj", "{3DAC0EB9-5541-4C79-8464-58E7126B5C82}"
EndProject
Project("{FAE04EC0-301F-11D3-BF4B-00C04F79EFBC}") = "Dalworth.LeadCentral.Intuit.OAuth", "Dalworth.LeadCentral.Intuit.OAuth\Dalworth.LeadCentral.Intuit.OAuth.csproj", "{5F75BE31-00E5-4EDF-8E31-E2146AE8E3FA}"
EndProject
Project("{FAE04EC0-301F-11D3-BF4B-00C04F79EFBC}") = "Dalworth.LeadCentral.Intuit.Sync", "Dalworth.LeadCentral.Intuit.Sync\Dalworth.LeadCentral.Intuit.Sync.csproj", "{5D4F7EB0-E95B-4A58-9F26-7BD398CC0C67}"
EndProject
Project("{FAE04EC0-301F-11D3-BF4B-00C04F79EFBC}") = "IdsTest", "IdsTest\IdsTest.csproj", "{DDAB88B7-7885-4BA8-95B5-E68B514861E3}"
EndProject
Project("{FAE04EC0-301F-11D3-BF4B-00C04F79EFBC}") = "DevDefined.OAuth.Tiny", "DevDefined.OAuth.Tiny\DevDefined.OAuth.Tiny.csproj", "{61B700B6-3911-4CEF-8751-7F426A765088}"
EndProject
Project("{FAE04EC0-301F-11D3-BF4B-00C04F79EFBC}") = "Intuit.Common.Util", "Intuit.Common.Util\Intuit.Common.Util.csproj", "{A88AADC5-BBB1-44D9-A9B1-B44C4F99215B}"
EndProject
Project("{FAE04EC0-301F-11D3-BF4B-00C04F79EFBC}") = "Intuit.Common.WinUtil", "Intuit.Common.WinUtil\Intuit.Common.WinUtil.csproj", "{339ACCC3-E7B4-4258-AE5C-C2753B546651}"
EndProject
Project("{FAE04EC0-301F-11D3-BF4B-00C04F79EFBC}") = "Intuit.Platform.Client.Core", "Intuit.Platform.Client.Core\Intuit.Platform.Client.Core.csproj", "{8E64A6C8-61F6-4EA3-80A3-FD0B8318D0B0}"
EndProject
Project("{FAE04EC0-301F-11D3-BF4B-00C04F79EFBC}") = "Intuit.Platform.Client.Core.IDS", "Intuit.Platform.Client.Core.IDS\Intuit.Platform.Client.Core.IDS.csproj", "{6A66048A-5225-460C-87F7-5E151CC8489C}"
EndProject
Project("{FAE04EC0-301F-11D3-BF4B-00C04F79EFBC}") = "Intuit.Platform.Client.OAuth", "Intuit.Platform.Client.OAuth\Intuit.Platform.Client.OAuth.csproj", "{F9C46C39-A451-4249-BEDD-4053036E0FF4}"
EndProject
Project("{FAE04EC0-301F-11D3-BF4B-00C04F79EFBC}") = "Intuit.Platform.Client.OAuth.Common", "Intuit.Platform.Client.OAuth.Common\Intuit.Platform.Client.OAuth.Common.csproj", "{163F74B9-311C-435D-9789-09074FC626F1}"
EndProject
Project("{FAE04EC0-301F-11D3-BF4B-00C04F79EFBC}") = "Intuit.Platform.Client.OAuth.Server", "Intuit.Platform.Client.OAuth.Server\Intuit.Platform.Client.OAuth.Server.csproj", "{629C2DCB-4A65-4CAE-A050-471C7D43E3C2}"
EndProject
Project("{FAE04EC0-301F-11D3-BF4B-00C04F79EFBC}") = "Intuit.Sb.Cdm", "Intuit.Sb.Cdm\Intuit.Sb.Cdm.csproj", "{1354CDE6-C21F-4514-8D56-9E85E2602405}"
EndProject
Global
	GlobalSection(SolutionConfigurationPlatforms) = preSolution
		Debug|Any CPU = Debug|Any CPU
		Debug|Mixed Platforms = Debug|Mixed Platforms
		Debug|x86 = Debug|x86
		Release|Any CPU = Release|Any CPU
		Release|Mixed Platforms = Release|Mixed Platforms
		Release|x86 = Release|x86
	EndGlobalSection
	GlobalSection(ProjectConfigurationPlatforms) = postSolution
		{18BD1B3C-B288-494D-B764-FB2ADD033F9A}.Debug|Any CPU.ActiveCfg = Debug|Any CPU
		{18BD1B3C-B288-494D-B764-FB2ADD033F9A}.Debug|Any CPU.Build.0 = Debug|Any CPU
		{18BD1B3C-B288-494D-B764-FB2ADD033F9A}.Debug|Mixed Platforms.ActiveCfg = Debug|Any CPU
		{18BD1B3C-B288-494D-B764-FB2ADD033F9A}.Debug|Mixed Platforms.Build.0 = Debug|Any CPU
		{18BD1B3C-B288-494D-B764-FB2ADD033F9A}.Debug|x86.ActiveCfg = Debug|Any CPU
		{18BD1B3C-B288-494D-B764-FB2ADD033F9A}.Release|Any CPU.ActiveCfg = Release|Any CPU
		{18BD1B3C-B288-494D-B764-FB2ADD033F9A}.Release|Any CPU.Build.0 = Release|Any CPU
		{18BD1B3C-B288-494D-B764-FB2ADD033F9A}.Release|Mixed Platforms.ActiveCfg = Release|Any CPU
		{18BD1B3C-B288-494D-B764-FB2ADD033F9A}.Release|Mixed Platforms.Build.0 = Release|Any CPU
		{18BD1B3C-B288-494D-B764-FB2ADD033F9A}.Release|x86.ActiveCfg = Release|Any CPU
		{80F65171-D847-4A25-B17C-BE833F5C8D3E}.Debug|Any CPU.ActiveCfg = Debug|Any CPU
		{80F65171-D847-4A25-B17C-BE833F5C8D3E}.Debug|Any CPU.Build.0 = Debug|Any CPU
		{80F65171-D847-4A25-B17C-BE833F5C8D3E}.Debug|Mixed Platforms.ActiveCfg = Debug|Any CPU
		{80F65171-D847-4A25-B17C-BE833F5C8D3E}.Debug|Mixed Platforms.Build.0 = Debug|Any CPU
		{80F65171-D847-4A25-B17C-BE833F5C8D3E}.Debug|x86.ActiveCfg = Debug|Any CPU
		{80F65171-D847-4A25-B17C-BE833F5C8D3E}.Release|Any CPU.ActiveCfg = Release|Any CPU
		{80F65171-D847-4A25-B17C-BE833F5C8D3E}.Release|Any CPU.Build.0 = Release|Any CPU
		{80F65171-D847-4A25-B17C-BE833F5C8D3E}.Release|Mixed Platforms.ActiveCfg = Release|Any CPU
		{80F65171-D847-4A25-B17C-BE833F5C8D3E}.Release|Mixed Platforms.Build.0 = Release|Any CPU
		{80F65171-D847-4A25-B17C-BE833F5C8D3E}.Release|x86.ActiveCfg = Release|Any CPU
		{10D95A58-1957-401F-BC29-63D4F18A65B8}.Debug|Any CPU.ActiveCfg = Debug|Any CPU
		{10D95A58-1957-401F-BC29-63D4F18A65B8}.Debug|Any CPU.Build.0 = Debug|Any CPU
		{10D95A58-1957-401F-BC29-63D4F18A65B8}.Debug|Mixed Platforms.ActiveCfg = Debug|Any CPU
		{10D95A58-1957-401F-BC29-63D4F18A65B8}.Debug|Mixed Platforms.Build.0 = Debug|Any CPU
		{10D95A58-1957-401F-BC29-63D4F18A65B8}.Debug|x86.ActiveCfg = Debug|Any CPU
		{10D95A58-1957-401F-BC29-63D4F18A65B8}.Release|Any CPU.ActiveCfg = Release|Any CPU
		{10D95A58-1957-401F-BC29-63D4F18A65B8}.Release|Any CPU.Build.0 = Release|Any CPU
		{10D95A58-1957-401F-BC29-63D4F18A65B8}.Release|Mixed Platforms.ActiveCfg = Release|Any CPU
		{10D95A58-1957-401F-BC29-63D4F18A65B8}.Release|Mixed Platforms.Build.0 = Release|Any CPU
		{10D95A58-1957-401F-BC29-63D4F18A65B8}.Release|x86.ActiveCfg = Release|Any CPU
		{91E60157-596F-435F-A536-0894C28CC847}.Debug|Any CPU.ActiveCfg = Debug|Any CPU
		{91E60157-596F-435F-A536-0894C28CC847}.Debug|Any CPU.Build.0 = Debug|Any CPU
		{91E60157-596F-435F-A536-0894C28CC847}.Debug|Mixed Platforms.ActiveCfg = Debug|Any CPU
		{91E60157-596F-435F-A536-0894C28CC847}.Debug|Mixed Platforms.Build.0 = Debug|Any CPU
		{91E60157-596F-435F-A536-0894C28CC847}.Debug|x86.ActiveCfg = Debug|Any CPU
		{91E60157-596F-435F-A536-0894C28CC847}.Release|Any CPU.ActiveCfg = Release|Any CPU
		{91E60157-596F-435F-A536-0894C28CC847}.Release|Any CPU.Build.0 = Release|Any CPU
		{91E60157-596F-435F-A536-0894C28CC847}.Release|Mixed Platforms.ActiveCfg = Release|Any CPU
		{91E60157-596F-435F-A536-0894C28CC847}.Release|Mixed Platforms.Build.0 = Release|Any CPU
		{91E60157-596F-435F-A536-0894C28CC847}.Release|x86.ActiveCfg = Release|Any CPU
		{64BB6D00-B34C-4189-8C6E-D0DE5958E2CD}.Debug|Any CPU.ActiveCfg = Debug|x86
		{64BB6D00-B34C-4189-8C6E-D0DE5958E2CD}.Debug|Mixed Platforms.ActiveCfg = Debug|x86
		{64BB6D00-B34C-4189-8C6E-D0DE5958E2CD}.Debug|Mixed Platforms.Build.0 = Debug|x86
		{64BB6D00-B34C-4189-8C6E-D0DE5958E2CD}.Debug|x86.ActiveCfg = Debug|x86
		{64BB6D00-B34C-4189-8C6E-D0DE5958E2CD}.Debug|x86.Build.0 = Debug|x86
		{64BB6D00-B34C-4189-8C6E-D0DE5958E2CD}.Release|Any CPU.ActiveCfg = Release|x86
		{64BB6D00-B34C-4189-8C6E-D0DE5958E2CD}.Release|Mixed Platforms.ActiveCfg = Release|x86
		{64BB6D00-B34C-4189-8C6E-D0DE5958E2CD}.Release|Mixed Platforms.Build.0 = Release|x86
		{64BB6D00-B34C-4189-8C6E-D0DE5958E2CD}.Release|x86.ActiveCfg = Release|x86
		{64BB6D00-B34C-4189-8C6E-D0DE5958E2CD}.Release|x86.Build.0 = Release|x86
		{764BC361-CD1F-49E1-8B3F-9092544FDED6}.Debug|Any CPU.ActiveCfg = Debug|Any CPU
		{764BC361-CD1F-49E1-8B3F-9092544FDED6}.Debug|Any CPU.Build.0 = Debug|Any CPU
		{764BC361-CD1F-49E1-8B3F-9092544FDED6}.Debug|Mixed Platforms.ActiveCfg = Debug|Any CPU
		{764BC361-CD1F-49E1-8B3F-9092544FDED6}.Debug|Mixed Platforms.Build.0 = Debug|Any CPU
		{764BC361-CD1F-49E1-8B3F-9092544FDED6}.Debug|x86.ActiveCfg = Debug|Any CPU
		{764BC361-CD1F-49E1-8B3F-9092544FDED6}.Release|Any CPU.ActiveCfg = Release|Any CPU
		{764BC361-CD1F-49E1-8B3F-9092544FDED6}.Release|Any CPU.Build.0 = Release|Any CPU
		{764BC361-CD1F-49E1-8B3F-9092544FDED6}.Release|Mixed Platforms.ActiveCfg = Release|Any CPU
		{764BC361-CD1F-49E1-8B3F-9092544FDED6}.Release|Mixed Platforms.Build.0 = Release|Any CPU
		{764BC361-CD1F-49E1-8B3F-9092544FDED6}.Release|x86.ActiveCfg = Release|Any CPU
		{894FF9E8-4DBF-4472-8AE2-1A6A988E105B}.Debug|Any CPU.ActiveCfg = Debug|Any CPU
		{894FF9E8-4DBF-4472-8AE2-1A6A988E105B}.Debug|Any CPU.Build.0 = Debug|Any CPU
		{894FF9E8-4DBF-4472-8AE2-1A6A988E105B}.Debug|Mixed Platforms.ActiveCfg = Debug|Any CPU
		{894FF9E8-4DBF-4472-8AE2-1A6A988E105B}.Debug|Mixed Platforms.Build.0 = Debug|Any CPU
		{894FF9E8-4DBF-4472-8AE2-1A6A988E105B}.Debug|x86.ActiveCfg = Debug|Any CPU
		{894FF9E8-4DBF-4472-8AE2-1A6A988E105B}.Release|Any CPU.ActiveCfg = Release|Any CPU
		{894FF9E8-4DBF-4472-8AE2-1A6A988E105B}.Release|Any CPU.Build.0 = Release|Any CPU
		{894FF9E8-4DBF-4472-8AE2-1A6A988E105B}.Release|Mixed Platforms.ActiveCfg = Release|Any CPU
		{894FF9E8-4DBF-4472-8AE2-1A6A988E105B}.Release|Mixed Platforms.Build.0 = Release|Any CPU
		{894FF9E8-4DBF-4472-8AE2-1A6A988E105B}.Release|x86.ActiveCfg = Release|Any CPU
		{2ECECFBF-5F3E-40EE-A963-72336DC7ABE2}.Debug|Any CPU.ActiveCfg = Debug|Any CPU
		{2ECECFBF-5F3E-40EE-A963-72336DC7ABE2}.Debug|Any CPU.Build.0 = Debug|Any CPU
		{2ECECFBF-5F3E-40EE-A963-72336DC7ABE2}.Debug|Mixed Platforms.ActiveCfg = Debug|Any CPU
		{2ECECFBF-5F3E-40EE-A963-72336DC7ABE2}.Debug|Mixed Platforms.Build.0 = Debug|Any CPU
		{2ECECFBF-5F3E-40EE-A963-72336DC7ABE2}.Debug|x86.ActiveCfg = Debug|Any CPU
		{2ECECFBF-5F3E-40EE-A963-72336DC7ABE2}.Release|Any CPU.ActiveCfg = Release|Any CPU
		{2ECECFBF-5F3E-40EE-A963-72336DC7ABE2}.Release|Any CPU.Build.0 = Release|Any CPU
		{2ECECFBF-5F3E-40EE-A963-72336DC7ABE2}.Release|Mixed Platforms.ActiveCfg = Release|Any CPU
		{2ECECFBF-5F3E-40EE-A963-72336DC7ABE2}.Release|Mixed Platforms.Build.0 = Release|Any CPU
		{2ECECFBF-5F3E-40EE-A963-72336DC7ABE2}.Release|x86.ActiveCfg = Release|Any CPU
		{3DAC0EB9-5541-4C79-8464-58E7126B5C82}.Debug|Any CPU.ActiveCfg = Debug|Any CPU
		{3DAC0EB9-5541-4C79-8464-58E7126B5C82}.Debug|Any CPU.Build.0 = Debug|Any CPU
		{3DAC0EB9-5541-4C79-8464-58E7126B5C82}.Debug|Mixed Platforms.ActiveCfg = Debug|Any CPU
		{3DAC0EB9-5541-4C79-8464-58E7126B5C82}.Debug|Mixed Platforms.Build.0 = Debug|Any CPU
		{3DAC0EB9-5541-4C79-8464-58E7126B5C82}.Debug|x86.ActiveCfg = Debug|Any CPU
		{3DAC0EB9-5541-4C79-8464-58E7126B5C82}.Release|Any CPU.ActiveCfg = Release|Any CPU
		{3DAC0EB9-5541-4C79-8464-58E7126B5C82}.Release|Any CPU.Build.0 = Release|Any CPU
		{3DAC0EB9-5541-4C79-8464-58E7126B5C82}.Release|Mixed Platforms.ActiveCfg = Release|Any CPU
		{3DAC0EB9-5541-4C79-8464-58E7126B5C82}.Release|Mixed Platforms.Build.0 = Release|Any CPU
		{3DAC0EB9-5541-4C79-8464-58E7126B5C82}.Release|x86.ActiveCfg = Release|Any CPU
		{5F75BE31-00E5-4EDF-8E31-E2146AE8E3FA}.Debug|Any CPU.ActiveCfg = Debug|Any CPU
		{5F75BE31-00E5-4EDF-8E31-E2146AE8E3FA}.Debug|Any CPU.Build.0 = Debug|Any CPU
		{5F75BE31-00E5-4EDF-8E31-E2146AE8E3FA}.Debug|Mixed Platforms.ActiveCfg = Debug|Any CPU
		{5F75BE31-00E5-4EDF-8E31-E2146AE8E3FA}.Debug|Mixed Platforms.Build.0 = Debug|Any CPU
		{5F75BE31-00E5-4EDF-8E31-E2146AE8E3FA}.Debug|x86.ActiveCfg = Debug|Any CPU
		{5F75BE31-00E5-4EDF-8E31-E2146AE8E3FA}.Release|Any CPU.ActiveCfg = Release|Any CPU
		{5F75BE31-00E5-4EDF-8E31-E2146AE8E3FA}.Release|Any CPU.Build.0 = Release|Any CPU
		{5F75BE31-00E5-4EDF-8E31-E2146AE8E3FA}.Release|Mixed Platforms.ActiveCfg = Release|Any CPU
		{5F75BE31-00E5-4EDF-8E31-E2146AE8E3FA}.Release|Mixed Platforms.Build.0 = Release|Any CPU
		{5F75BE31-00E5-4EDF-8E31-E2146AE8E3FA}.Release|x86.ActiveCfg = Release|Any CPU
		{5D4F7EB0-E95B-4A58-9F26-7BD398CC0C67}.Debug|Any CPU.ActiveCfg = Debug|x86
		{5D4F7EB0-E95B-4A58-9F26-7BD398CC0C67}.Debug|Mixed Platforms.ActiveCfg = Debug|x86
		{5D4F7EB0-E95B-4A58-9F26-7BD398CC0C67}.Debug|Mixed Platforms.Build.0 = Debug|x86
		{5D4F7EB0-E95B-4A58-9F26-7BD398CC0C67}.Debug|x86.ActiveCfg = Debug|x86
		{5D4F7EB0-E95B-4A58-9F26-7BD398CC0C67}.Debug|x86.Build.0 = Debug|x86
		{5D4F7EB0-E95B-4A58-9F26-7BD398CC0C67}.Release|Any CPU.ActiveCfg = Release|x86
		{5D4F7EB0-E95B-4A58-9F26-7BD398CC0C67}.Release|Mixed Platforms.ActiveCfg = Release|x86
		{5D4F7EB0-E95B-4A58-9F26-7BD398CC0C67}.Release|Mixed Platforms.Build.0 = Release|x86
		{5D4F7EB0-E95B-4A58-9F26-7BD398CC0C67}.Release|x86.ActiveCfg = Release|x86
		{5D4F7EB0-E95B-4A58-9F26-7BD398CC0C67}.Release|x86.Build.0 = Release|x86
		{DDAB88B7-7885-4BA8-95B5-E68B514861E3}.Debug|Any CPU.ActiveCfg = Debug|x86
		{DDAB88B7-7885-4BA8-95B5-E68B514861E3}.Debug|Mixed Platforms.ActiveCfg = Debug|x86
		{DDAB88B7-7885-4BA8-95B5-E68B514861E3}.Debug|Mixed Platforms.Build.0 = Debug|x86
		{DDAB88B7-7885-4BA8-95B5-E68B514861E3}.Debug|x86.ActiveCfg = Debug|x86
		{DDAB88B7-7885-4BA8-95B5-E68B514861E3}.Debug|x86.Build.0 = Debug|x86
		{DDAB88B7-7885-4BA8-95B5-E68B514861E3}.Release|Any CPU.ActiveCfg = Release|x86
		{DDAB88B7-7885-4BA8-95B5-E68B514861E3}.Release|Mixed Platforms.ActiveCfg = Release|x86
		{DDAB88B7-7885-4BA8-95B5-E68B514861E3}.Release|Mixed Platforms.Build.0 = Release|x86
		{DDAB88B7-7885-4BA8-95B5-E68B514861E3}.Release|x86.ActiveCfg = Release|x86
		{DDAB88B7-7885-4BA8-95B5-E68B514861E3}.Release|x86.Build.0 = Release|x86
		{61B700B6-3911-4CEF-8751-7F426A765088}.Debug|Any CPU.ActiveCfg = Debug|Any CPU
		{61B700B6-3911-4CEF-8751-7F426A765088}.Debug|Any CPU.Build.0 = Debug|Any CPU
		{61B700B6-3911-4CEF-8751-7F426A765088}.Debug|Mixed Platforms.ActiveCfg = Debug|Any CPU
		{61B700B6-3911-4CEF-8751-7F426A765088}.Debug|Mixed Platforms.Build.0 = Debug|Any CPU
		{61B700B6-3911-4CEF-8751-7F426A765088}.Debug|x86.ActiveCfg = Debug|Any CPU
		{61B700B6-3911-4CEF-8751-7F426A765088}.Release|Any CPU.ActiveCfg = Release|Any CPU
		{61B700B6-3911-4CEF-8751-7F426A765088}.Release|Any CPU.Build.0 = Release|Any CPU
		{61B700B6-3911-4CEF-8751-7F426A765088}.Release|Mixed Platforms.ActiveCfg = Release|Any CPU
		{61B700B6-3911-4CEF-8751-7F426A765088}.Release|Mixed Platforms.Build.0 = Release|Any CPU
		{61B700B6-3911-4CEF-8751-7F426A765088}.Release|x86.ActiveCfg = Release|Any CPU
		{A88AADC5-BBB1-44D9-A9B1-B44C4F99215B}.Debug|Any CPU.ActiveCfg = Debug|Any CPU
		{A88AADC5-BBB1-44D9-A9B1-B44C4F99215B}.Debug|Any CPU.Build.0 = Debug|Any CPU
		{A88AADC5-BBB1-44D9-A9B1-B44C4F99215B}.Debug|Mixed Platforms.ActiveCfg = Debug|Any CPU
		{A88AADC5-BBB1-44D9-A9B1-B44C4F99215B}.Debug|Mixed Platforms.Build.0 = Debug|Any CPU
		{A88AADC5-BBB1-44D9-A9B1-B44C4F99215B}.Debug|x86.ActiveCfg = Debug|Any CPU
		{A88AADC5-BBB1-44D9-A9B1-B44C4F99215B}.Release|Any CPU.ActiveCfg = Release|Any CPU
		{A88AADC5-BBB1-44D9-A9B1-B44C4F99215B}.Release|Any CPU.Build.0 = Release|Any CPU
		{A88AADC5-BBB1-44D9-A9B1-B44C4F99215B}.Release|Mixed Platforms.ActiveCfg = Release|Any CPU
		{A88AADC5-BBB1-44D9-A9B1-B44C4F99215B}.Release|Mixed Platforms.Build.0 = Release|Any CPU
		{A88AADC5-BBB1-44D9-A9B1-B44C4F99215B}.Release|x86.ActiveCfg = Release|Any CPU
		{339ACCC3-E7B4-4258-AE5C-C2753B546651}.Debug|Any CPU.ActiveCfg = Debug|Any CPU
		{339ACCC3-E7B4-4258-AE5C-C2753B546651}.Debug|Any CPU.Build.0 = Debug|Any CPU
		{339ACCC3-E7B4-4258-AE5C-C2753B546651}.Debug|Mixed Platforms.ActiveCfg = Debug|Any CPU
		{339ACCC3-E7B4-4258-AE5C-C2753B546651}.Debug|Mixed Platforms.Build.0 = Debug|Any CPU
		{339ACCC3-E7B4-4258-AE5C-C2753B546651}.Debug|x86.ActiveCfg = Debug|Any CPU
		{339ACCC3-E7B4-4258-AE5C-C2753B546651}.Release|Any CPU.ActiveCfg = Release|Any CPU
		{339ACCC3-E7B4-4258-AE5C-C2753B546651}.Release|Any CPU.Build.0 = Release|Any CPU
		{339ACCC3-E7B4-4258-AE5C-C2753B546651}.Release|Mixed Platforms.ActiveCfg = Release|Any CPU
		{339ACCC3-E7B4-4258-AE5C-C2753B546651}.Release|Mixed Platforms.Build.0 = Release|Any CPU
		{339ACCC3-E7B4-4258-AE5C-C2753B546651}.Release|x86.ActiveCfg = Release|Any CPU
		{8E64A6C8-61F6-4EA3-80A3-FD0B8318D0B0}.Debug|Any CPU.ActiveCfg = Debug|Any CPU
		{8E64A6C8-61F6-4EA3-80A3-FD0B8318D0B0}.Debug|Any CPU.Build.0 = Debug|Any CPU
		{8E64A6C8-61F6-4EA3-80A3-FD0B8318D0B0}.Debug|Mixed Platforms.ActiveCfg = Debug|Any CPU
		{8E64A6C8-61F6-4EA3-80A3-FD0B8318D0B0}.Debug|Mixed Platforms.Build.0 = Debug|Any CPU
		{8E64A6C8-61F6-4EA3-80A3-FD0B8318D0B0}.Debug|x86.ActiveCfg = Debug|Any CPU
		{8E64A6C8-61F6-4EA3-80A3-FD0B8318D0B0}.Release|Any CPU.ActiveCfg = Release|Any CPU
		{8E64A6C8-61F6-4EA3-80A3-FD0B8318D0B0}.Release|Any CPU.Build.0 = Release|Any CPU
		{8E64A6C8-61F6-4EA3-80A3-FD0B8318D0B0}.Release|Mixed Platforms.ActiveCfg = Release|Any CPU
		{8E64A6C8-61F6-4EA3-80A3-FD0B8318D0B0}.Release|Mixed Platforms.Build.0 = Release|Any CPU
		{8E64A6C8-61F6-4EA3-80A3-FD0B8318D0B0}.Release|x86.ActiveCfg = Release|Any CPU
		{6A66048A-5225-460C-87F7-5E151CC8489C}.Debug|Any CPU.ActiveCfg = Debug|Any CPU
		{6A66048A-5225-460C-87F7-5E151CC8489C}.Debug|Any CPU.Build.0 = Debug|Any CPU
		{6A66048A-5225-460C-87F7-5E151CC8489C}.Debug|Mixed Platforms.ActiveCfg = Debug|Any CPU
		{6A66048A-5225-460C-87F7-5E151CC8489C}.Debug|Mixed Platforms.Build.0 = Debug|Any CPU
		{6A66048A-5225-460C-87F7-5E151CC8489C}.Debug|x86.ActiveCfg = Debug|Any CPU
		{6A66048A-5225-460C-87F7-5E151CC8489C}.Release|Any CPU.ActiveCfg = Release|Any CPU
		{6A66048A-5225-460C-87F7-5E151CC8489C}.Release|Any CPU.Build.0 = Release|Any CPU
		{6A66048A-5225-460C-87F7-5E151CC8489C}.Release|Mixed Platforms.ActiveCfg = Release|Any CPU
		{6A66048A-5225-460C-87F7-5E151CC8489C}.Release|Mixed Platforms.Build.0 = Release|Any CPU
		{6A66048A-5225-460C-87F7-5E151CC8489C}.Release|x86.ActiveCfg = Release|Any CPU
		{F9C46C39-A451-4249-BEDD-4053036E0FF4}.Debug|Any CPU.ActiveCfg = Debug|Any CPU
		{F9C46C39-A451-4249-BEDD-4053036E0FF4}.Debug|Any CPU.Build.0 = Debug|Any CPU
		{F9C46C39-A451-4249-BEDD-4053036E0FF4}.Debug|Mixed Platforms.ActiveCfg = Debug|Any CPU
		{F9C46C39-A451-4249-BEDD-4053036E0FF4}.Debug|Mixed Platforms.Build.0 = Debug|Any CPU
		{F9C46C39-A451-4249-BEDD-4053036E0FF4}.Debug|x86.ActiveCfg = Debug|Any CPU
		{F9C46C39-A451-4249-BEDD-4053036E0FF4}.Release|Any CPU.ActiveCfg = Release|Any CPU
		{F9C46C39-A451-4249-BEDD-4053036E0FF4}.Release|Any CPU.Build.0 = Release|Any CPU
		{F9C46C39-A451-4249-BEDD-4053036E0FF4}.Release|Mixed Platforms.ActiveCfg = Release|Any CPU
		{F9C46C39-A451-4249-BEDD-4053036E0FF4}.Release|Mixed Platforms.Build.0 = Release|Any CPU
		{F9C46C39-A451-4249-BEDD-4053036E0FF4}.Release|x86.ActiveCfg = Release|Any CPU
		{163F74B9-311C-435D-9789-09074FC626F1}.Debug|Any CPU.ActiveCfg = Debug|Any CPU
		{163F74B9-311C-435D-9789-09074FC626F1}.Debug|Any CPU.Build.0 = Debug|Any CPU
		{163F74B9-311C-435D-9789-09074FC626F1}.Debug|Mixed Platforms.ActiveCfg = Debug|Any CPU
		{163F74B9-311C-435D-9789-09074FC626F1}.Debug|Mixed Platforms.Build.0 = Debug|Any CPU
		{163F74B9-311C-435D-9789-09074FC626F1}.Debug|x86.ActiveCfg = Debug|Any CPU
		{163F74B9-311C-435D-9789-09074FC626F1}.Release|Any CPU.ActiveCfg = Release|Any CPU
		{163F74B9-311C-435D-9789-09074FC626F1}.Release|Any CPU.Build.0 = Release|Any CPU
		{163F74B9-311C-435D-9789-09074FC626F1}.Release|Mixed Platforms.ActiveCfg = Release|Any CPU
		{163F74B9-311C-435D-9789-09074FC626F1}.Release|Mixed Platforms.Build.0 = Release|Any CPU
		{163F74B9-311C-435D-9789-09074FC626F1}.Release|x86.ActiveCfg = Release|Any CPU
		{629C2DCB-4A65-4CAE-A050-471C7D43E3C2}.Debug|Any CPU.ActiveCfg = Debug|Any CPU
		{629C2DCB-4A65-4CAE-A050-471C7D43E3C2}.Debug|Any CPU.Build.0 = Debug|Any CPU
		{629C2DCB-4A65-4CAE-A050-471C7D43E3C2}.Debug|Mixed Platforms.ActiveCfg = Debug|Any CPU
		{629C2DCB-4A65-4CAE-A050-471C7D43E3C2}.Debug|Mixed Platforms.Build.0 = Debug|Any CPU
		{629C2DCB-4A65-4CAE-A050-471C7D43E3C2}.Debug|x86.ActiveCfg = Debug|Any CPU
		{629C2DCB-4A65-4CAE-A050-471C7D43E3C2}.Release|Any CPU.ActiveCfg = Release|Any CPU
		{629C2DCB-4A65-4CAE-A050-471C7D43E3C2}.Release|Any CPU.Build.0 = Release|Any CPU
		{629C2DCB-4A65-4CAE-A050-471C7D43E3C2}.Release|Mixed Platforms.ActiveCfg = Release|Any CPU
		{629C2DCB-4A65-4CAE-A050-471C7D43E3C2}.Release|Mixed Platforms.Build.0 = Release|Any CPU
		{629C2DCB-4A65-4CAE-A050-471C7D43E3C2}.Release|x86.ActiveCfg = Release|Any CPU
		{1354CDE6-C21F-4514-8D56-9E85E2602405}.Debug|Any CPU.ActiveCfg = Debug|Any CPU
		{1354CDE6-C21F-4514-8D56-9E85E2602405}.Debug|Any CPU.Build.0 = Debug|Any CPU
		{1354CDE6-C21F-4514-8D56-9E85E2602405}.Debug|Mixed Platforms.ActiveCfg = Debug|Any CPU
		{1354CDE6-C21F-4514-8D56-9E85E2602405}.Debug|Mixed Platforms.Build.0 = Debug|Any CPU
		{1354CDE6-C21F-4514-8D56-9E85E2602405}.Debug|x86.ActiveCfg = Debug|Any CPU
		{1354CDE6-C21F-4514-8D56-9E85E2602405}.Release|Any CPU.ActiveCfg = Release|Any CPU
		{1354CDE6-C21F-4514-8D56-9E85E2602405}.Release|Any CPU.Build.0 = Release|Any CPU
		{1354CDE6-C21F-4514-8D56-9E85E2602405}.Release|Mixed Platforms.ActiveCfg = Release|Any CPU
		{1354CDE6-C21F-4514-8D56-9E85E2602405}.Release|Mixed Platforms.Build.0 = Release|Any CPU
		{1354CDE6-C21F-4514-8D56-9E85E2602405}.Release|x86.ActiveCfg = Release|Any CPU
	EndGlobalSection
	GlobalSection(SolutionProperties) = preSolution
		HideSolutionNode = FALSE
	EndGlobalSection
EndGlobal
