
Microsoft Visual Studio Solution File, Format Version 9.00
# Visual Studio 2005
Project("{FAE04EC0-301F-11D3-BF4B-00C04F79EFBC}") = "dalworth.preview", "dalworth.preview\dalworth.preview.csproj", "{D6A2F4B9-34CF-4F8D-86D1-F82F390B8CE5}"
EndProject
Project("{FAE04EC0-301F-11D3-BF4B-00C04F79EFBC}") = "dalworth.controls", "dalworth.controls\dalworth.controls.csproj", "{9BB52A43-1104-4FFC-B56A-1785D42D53B5}"
EndProject
Project("{FAE04EC0-301F-11D3-BF4B-00C04F79EFBC}") = "dalworth.domain", "dalworth.domain\dalworth.domain.csproj", "{CB131735-A748-4F80-B130-70BFE968B727}"
EndProject
Global
	GlobalSection(SourceCodeControl) = preSolution
		SccNumberOfProjects = 4
		SccLocalPath0 = .
		CanCheckoutShared = false
		SccProjectUniqueName1 = dalworth.controls\\dalworth.controls.csproj
		SccLocalPath1 = .
		CanCheckoutShared = false
		SccProjectFilePathRelativizedFromConnection1 = dalworth.controls\\
		SccProjectUniqueName2 = dalworth.domain\\dalworth.domain.csproj
		SccLocalPath2 = .
		CanCheckoutShared = false
		SccProjectFilePathRelativizedFromConnection2 = dalworth.domain\\
		SccProjectUniqueName3 = dalworth.preview\\dalworth.preview.csproj
		SccLocalPath3 = .
		CanCheckoutShared = false
		SccProjectFilePathRelativizedFromConnection3 = dalworth.preview\\
	EndGlobalSection
	GlobalSection(SolutionConfigurationPlatforms) = preSolution
		Debug|Any CPU = Debug|Any CPU
		Release|Any CPU = Release|Any CPU
	EndGlobalSection
	GlobalSection(ProjectConfigurationPlatforms) = postSolution
		{D6A2F4B9-34CF-4F8D-86D1-F82F390B8CE5}.Debug|Any CPU.ActiveCfg = Debug|Any CPU
		{D6A2F4B9-34CF-4F8D-86D1-F82F390B8CE5}.Debug|Any CPU.Build.0 = Debug|Any CPU
		{D6A2F4B9-34CF-4F8D-86D1-F82F390B8CE5}.Debug|Any CPU.Deploy.0 = Debug|Any CPU
		{D6A2F4B9-34CF-4F8D-86D1-F82F390B8CE5}.Release|Any CPU.ActiveCfg = Release|Any CPU
		{D6A2F4B9-34CF-4F8D-86D1-F82F390B8CE5}.Release|Any CPU.Build.0 = Release|Any CPU
		{D6A2F4B9-34CF-4F8D-86D1-F82F390B8CE5}.Release|Any CPU.Deploy.0 = Release|Any CPU
		{9BB52A43-1104-4FFC-B56A-1785D42D53B5}.Debug|Any CPU.ActiveCfg = Debug|Any CPU
		{9BB52A43-1104-4FFC-B56A-1785D42D53B5}.Debug|Any CPU.Build.0 = Debug|Any CPU
		{9BB52A43-1104-4FFC-B56A-1785D42D53B5}.Release|Any CPU.ActiveCfg = Release|Any CPU
		{9BB52A43-1104-4FFC-B56A-1785D42D53B5}.Release|Any CPU.Build.0 = Release|Any CPU
		{CB131735-A748-4F80-B130-70BFE968B727}.Debug|Any CPU.ActiveCfg = Debug|Any CPU
		{CB131735-A748-4F80-B130-70BFE968B727}.Debug|Any CPU.Build.0 = Debug|Any CPU
		{CB131735-A748-4F80-B130-70BFE968B727}.Release|Any CPU.ActiveCfg = Release|Any CPU
		{CB131735-A748-4F80-B130-70BFE968B727}.Release|Any CPU.Build.0 = Release|Any CPU
	EndGlobalSection
	GlobalSection(SolutionProperties) = preSolution
		HideSolutionNode = FALSE
	EndGlobalSection
EndGlobal
