
Microsoft Visual Studio Solution File, Format Version 11.00
# Visual Studio 2010
Project("{2150E333-8FDC-42A3-9474-1A3956D46DE8}") = "Database", "Database", "{C1CFAE85-9138-4087-A0A6-206242BE2BDA}"
	ProjectSection(SolutionItems) = preProject
		Database\db_code.sql = Database\db_code.sql
		Database\db_code_drop.sql = Database\db_code_drop.sql
		Database\Migrate.bat = Database\Migrate.bat
		Database\migration.lua = Database\migration.lua
		Database\MySQL_Schema_Only.sql = Database\MySQL_Schema_Only.sql
		Database\ssr.exe = Database\ssr.exe
		Database\UpdateScripts.bat = Database\UpdateScripts.bat
	EndProjectSection
EndProject
Project("{FAE04EC0-301F-11D3-BF4B-00C04F79EFBC}") = "Dalworth.Server", "Dalworth.Server\Dalworth.Server.csproj", "{FA543470-1332-48A2-A600-0BEE5BC1CF86}"
EndProject
Project("{FAE04EC0-301F-11D3-BF4B-00C04F79EFBC}") = "Dalworth.Server.Web", "Dalworth.Server.Web\Dalworth.Server.Web.csproj", "{73529D5D-C543-4477-B3C9-5663090B42BB}"
EndProject
Project("{FAE04EC0-301F-11D3-BF4B-00C04F79EFBC}") = "Dalworth.Server.Domain", "Dalworth.Server.Domain\Dalworth.Server.Domain.csproj", "{5E8A7EFF-721F-401F-993E-D464C4EFFDEA}"
EndProject
Project("{FAE04EC0-301F-11D3-BF4B-00C04F79EFBC}") = "Dalworth.Server.Controls", "Dalworth.Server.Controls\Dalworth.Server.Controls.csproj", "{34F9196C-160E-4F28-9FB4-17E97753F4E4}"
EndProject
Project("{FAE04EC0-301F-11D3-BF4B-00C04F79EFBC}") = "Dalworth.Server.Win32", "Dalworth.Server.Win32\Dalworth.Server.Win32.csproj", "{91680D69-4182-46A6-8C17-0E8382CAEE85}"
EndProject
Project("{FAE04EC0-301F-11D3-BF4B-00C04F79EFBC}") = "Dalworth.Server.Windows", "Dalworth.Server.Windows\Dalworth.Server.Windows.csproj", "{EAABCA14-4095-40BF-8191-52C9FA31B35F}"
EndProject
Project("{FAE04EC0-301F-11D3-BF4B-00C04F79EFBC}") = "Dalworth.Server.MainForm", "Dalworth.Server.MainForm\Dalworth.Server.MainForm.csproj", "{A31055DC-9BAD-45DA-A966-F61955E50C12}"
EndProject
Project("{FAE04EC0-301F-11D3-BF4B-00C04F79EFBC}") = "Dalworth.Server.Servman.Domain", "Dalworth.Server.Servman.Domain\Dalworth.Server.Servman.Domain.csproj", "{D499A154-EE50-4C41-845B-F402198C0516}"
EndProject
Project("{FAE04EC0-301F-11D3-BF4B-00C04F79EFBC}") = "Dalworth.Server.Servman.Win32", "Dalworth.Server.Servman.Win32\Dalworth.Server.Servman.Win32.csproj", "{4F7BC4C4-4379-4964-B483-3BDD76134785}"
EndProject
Project("{FAE04EC0-301F-11D3-BF4B-00C04F79EFBC}") = "Dalworth.Server.Servman.Service", "Dalworth.Server.Servman.Service\Dalworth.Server.Servman.Service.csproj", "{939850BA-D711-4ED7-A00B-F647A474BE6A}"
EndProject
Project("{FAE04EC0-301F-11D3-BF4B-00C04F79EFBC}") = "Dalworth.Server.Web.RugCleaning", "Dalworth.Server.Web.RugCleaning\Dalworth.Server.Web.RugCleaning.csproj", "{94C6482A-95E8-4DDD-80A5-26397F8D00DF}"
EndProject
Project("{FAE04EC0-301F-11D3-BF4B-00C04F79EFBC}") = "Dalworth.Server.Web.Restoration", "Dalworth.Server.Web.Restoration\Dalworth.Server.Web.Restoration.csproj", "{ECF25580-8424-4345-8A5D-DA7082E8B40C}"
EndProject
Project("{FAE04EC0-301F-11D3-BF4B-00C04F79EFBC}") = "Dalworth.Server.Web.Common", "Dalworth.Server.Web.Common\Dalworth.Server.Web.Common.csproj", "{FA1AAC9A-C91F-466A-81B1-F3B9D967E2F7}"
EndProject
Project("{FAE04EC0-301F-11D3-BF4B-00C04F79EFBC}") = "Dalworth.Server.QuickBooks", "Dalworth.Server.QuickBooks\Dalworth.Server.QuickBooks.csproj", "{F5CCBF28-C09C-428B-BA4A-F2EB311D3780}"
EndProject
Project("{FAE04EC0-301F-11D3-BF4B-00C04F79EFBC}") = "Dalworth.Server.Web.Partner", "Dalworth.Server.Web.Partner\Dalworth.Server.Web.Partner.csproj", "{616F69EB-DF22-4A36-8D4D-6D3E31743E84}"
EndProject
Global
	GlobalSection(SourceCodeControl) = preSolution
		SccNumberOfProjects = 16
		SccLocalPath0 = .
		CanCheckoutShared = false
		SccProjectUniqueName1 = Dalworth.Server.Domain\\Dalworth.Server.Domain.csproj
		SccLocalPath1 = .
		CanCheckoutShared = false
		SccProjectFilePathRelativizedFromConnection1 = Dalworth.Server.Domain\\
		SccProjectUniqueName2 = Dalworth.Server.Web\\Dalworth.Server.Web.csproj
		SccLocalPath2 = .
		CanCheckoutShared = false
		SccProjectFilePathRelativizedFromConnection2 = Dalworth.Server.Web\\
		SccProjectUniqueName3 = Dalworth.Server\\Dalworth.Server.csproj
		SccLocalPath3 = .
		CanCheckoutShared = false
		SccProjectFilePathRelativizedFromConnection3 = Dalworth.Server\\
		SccProjectUniqueName4 = Dalworth.Server.Controls\\Dalworth.Server.Controls.csproj
		SccLocalPath4 = .
		CanCheckoutShared = false
		SccProjectFilePathRelativizedFromConnection4 = Dalworth.Server.Controls\\
		SccProjectUniqueName5 = Dalworth.Server.Win32\\Dalworth.Server.Win32.csproj
		SccLocalPath5 = .
		CanCheckoutShared = false
		SccProjectFilePathRelativizedFromConnection5 = Dalworth.Server.Win32\\
		SccProjectUniqueName6 = Dalworth.Server.Windows\\Dalworth.Server.Windows.csproj
		SccLocalPath6 = .
		CanCheckoutShared = false
		SccProjectFilePathRelativizedFromConnection6 = Dalworth.Server.Windows\\
		SccProjectUniqueName7 = Dalworth.Server.MainForm\\Dalworth.Server.MainForm.csproj
		SccLocalPath7 = .
		CanCheckoutShared = false
		SccProjectFilePathRelativizedFromConnection7 = Dalworth.Server.MainForm\\
		SccProjectUniqueName8 = Dalworth.Server.Servman.Domain\\Dalworth.Server.Servman.Domain.csproj
		SccLocalPath8 = .
		CanCheckoutShared = false
		SccProjectFilePathRelativizedFromConnection8 = Dalworth.Server.Servman.Domain\\
		SccProjectUniqueName9 = Dalworth.Server.Servman.Win32\\Dalworth.Server.Servman.Win32.csproj
		SccLocalPath9 = .
		CanCheckoutShared = false
		SccProjectFilePathRelativizedFromConnection9 = Dalworth.Server.Servman.Win32\\
		SccProjectUniqueName10 = Dalworth.Server.Servman.Service\\Dalworth.Server.Servman.Service.csproj
		SccLocalPath10 = .
		CanCheckoutShared = false
		SccProjectFilePathRelativizedFromConnection10 = Dalworth.Server.Servman.Service\\
		SccProjectUniqueName11 = Dalworth.Server.Web.RugCleaning\\Dalworth.Server.Web.RugCleaning.csproj
		SccLocalPath11 = .
		CanCheckoutShared = false
		SccProjectFilePathRelativizedFromConnection11 = Dalworth.Server.Web.RugCleaning\\
		SccProjectUniqueName12 = Dalworth.Server.Web.Restoration\\Dalworth.Server.Web.Restoration.csproj
		SccLocalPath12 = .
		CanCheckoutShared = false
		SccProjectFilePathRelativizedFromConnection12 = Dalworth.Server.Web.Restoration\\
		SccProjectUniqueName13 = Dalworth.Server.Web.Common\\Dalworth.Server.Web.Common.csproj
		SccLocalPath13 = .
		CanCheckoutShared = false
		SccProjectFilePathRelativizedFromConnection13 = Dalworth.Server.Web.Common\\
		SccProjectUniqueName14 = Dalworth.Server.QuickBooks\\Dalworth.Server.QuickBooks.csproj
		SccLocalPath14 = .
		CanCheckoutShared = false
		SccProjectFilePathRelativizedFromConnection14 = Dalworth.Server.QuickBooks\\
		SccProjectUniqueName15 = Dalworth.Server.Web.Partner\\Dalworth.Server.Web.Partner.csproj
		SccLocalPath15 = .
		CanCheckoutShared = false
		SccProjectFilePathRelativizedFromConnection15 = Dalworth.Server.Web.Partner\\
	EndGlobalSection
	GlobalSection(SolutionConfigurationPlatforms) = preSolution
		Debug|.NET = Debug|.NET
		Debug|Any CPU = Debug|Any CPU
		Debug|Mixed Platforms = Debug|Mixed Platforms
		Debug|x86 = Debug|x86
		Release|.NET = Release|.NET
		Release|Any CPU = Release|Any CPU
		Release|Mixed Platforms = Release|Mixed Platforms
		Release|x86 = Release|x86
	EndGlobalSection
	GlobalSection(ProjectConfigurationPlatforms) = postSolution
		{FA543470-1332-48A2-A600-0BEE5BC1CF86}.Debug|.NET.ActiveCfg = Debug|Any CPU
		{FA543470-1332-48A2-A600-0BEE5BC1CF86}.Debug|Any CPU.ActiveCfg = Debug|Any CPU
		{FA543470-1332-48A2-A600-0BEE5BC1CF86}.Debug|Any CPU.Build.0 = Debug|Any CPU
		{FA543470-1332-48A2-A600-0BEE5BC1CF86}.Debug|Mixed Platforms.ActiveCfg = Debug|Any CPU
		{FA543470-1332-48A2-A600-0BEE5BC1CF86}.Debug|Mixed Platforms.Build.0 = Debug|Any CPU
		{FA543470-1332-48A2-A600-0BEE5BC1CF86}.Debug|x86.ActiveCfg = Debug|x86
		{FA543470-1332-48A2-A600-0BEE5BC1CF86}.Debug|x86.Build.0 = Debug|x86
		{FA543470-1332-48A2-A600-0BEE5BC1CF86}.Release|.NET.ActiveCfg = Release|Any CPU
		{FA543470-1332-48A2-A600-0BEE5BC1CF86}.Release|Any CPU.ActiveCfg = Release|Any CPU
		{FA543470-1332-48A2-A600-0BEE5BC1CF86}.Release|Any CPU.Build.0 = Release|Any CPU
		{FA543470-1332-48A2-A600-0BEE5BC1CF86}.Release|Mixed Platforms.ActiveCfg = Release|Any CPU
		{FA543470-1332-48A2-A600-0BEE5BC1CF86}.Release|Mixed Platforms.Build.0 = Release|Any CPU
		{FA543470-1332-48A2-A600-0BEE5BC1CF86}.Release|x86.ActiveCfg = Release|x86
		{FA543470-1332-48A2-A600-0BEE5BC1CF86}.Release|x86.Build.0 = Release|x86
		{73529D5D-C543-4477-B3C9-5663090B42BB}.Debug|.NET.ActiveCfg = Debug|Any CPU
		{73529D5D-C543-4477-B3C9-5663090B42BB}.Debug|Any CPU.ActiveCfg = Debug|Any CPU
		{73529D5D-C543-4477-B3C9-5663090B42BB}.Debug|Any CPU.Build.0 = Debug|Any CPU
		{73529D5D-C543-4477-B3C9-5663090B42BB}.Debug|Mixed Platforms.ActiveCfg = Debug|Any CPU
		{73529D5D-C543-4477-B3C9-5663090B42BB}.Debug|Mixed Platforms.Build.0 = Debug|Any CPU
		{73529D5D-C543-4477-B3C9-5663090B42BB}.Debug|x86.ActiveCfg = Debug|Any CPU
		{73529D5D-C543-4477-B3C9-5663090B42BB}.Release|.NET.ActiveCfg = Release|Any CPU
		{73529D5D-C543-4477-B3C9-5663090B42BB}.Release|Any CPU.ActiveCfg = Release|Any CPU
		{73529D5D-C543-4477-B3C9-5663090B42BB}.Release|Any CPU.Build.0 = Release|Any CPU
		{73529D5D-C543-4477-B3C9-5663090B42BB}.Release|Mixed Platforms.ActiveCfg = Release|Any CPU
		{73529D5D-C543-4477-B3C9-5663090B42BB}.Release|Mixed Platforms.Build.0 = Release|Any CPU
		{73529D5D-C543-4477-B3C9-5663090B42BB}.Release|x86.ActiveCfg = Release|Any CPU
		{5E8A7EFF-721F-401F-993E-D464C4EFFDEA}.Debug|.NET.ActiveCfg = Debug|Any CPU
		{5E8A7EFF-721F-401F-993E-D464C4EFFDEA}.Debug|Any CPU.ActiveCfg = Debug|Any CPU
		{5E8A7EFF-721F-401F-993E-D464C4EFFDEA}.Debug|Any CPU.Build.0 = Debug|Any CPU
		{5E8A7EFF-721F-401F-993E-D464C4EFFDEA}.Debug|Mixed Platforms.ActiveCfg = Debug|Any CPU
		{5E8A7EFF-721F-401F-993E-D464C4EFFDEA}.Debug|Mixed Platforms.Build.0 = Debug|Any CPU
		{5E8A7EFF-721F-401F-993E-D464C4EFFDEA}.Debug|x86.ActiveCfg = Debug|x86
		{5E8A7EFF-721F-401F-993E-D464C4EFFDEA}.Debug|x86.Build.0 = Debug|x86
		{5E8A7EFF-721F-401F-993E-D464C4EFFDEA}.Release|.NET.ActiveCfg = Release|Any CPU
		{5E8A7EFF-721F-401F-993E-D464C4EFFDEA}.Release|Any CPU.ActiveCfg = Release|Any CPU
		{5E8A7EFF-721F-401F-993E-D464C4EFFDEA}.Release|Any CPU.Build.0 = Release|Any CPU
		{5E8A7EFF-721F-401F-993E-D464C4EFFDEA}.Release|Mixed Platforms.ActiveCfg = Release|Any CPU
		{5E8A7EFF-721F-401F-993E-D464C4EFFDEA}.Release|Mixed Platforms.Build.0 = Release|Any CPU
		{5E8A7EFF-721F-401F-993E-D464C4EFFDEA}.Release|x86.ActiveCfg = Release|x86
		{5E8A7EFF-721F-401F-993E-D464C4EFFDEA}.Release|x86.Build.0 = Release|x86
		{34F9196C-160E-4F28-9FB4-17E97753F4E4}.Debug|.NET.ActiveCfg = Debug|Any CPU
		{34F9196C-160E-4F28-9FB4-17E97753F4E4}.Debug|Any CPU.ActiveCfg = Debug|Any CPU
		{34F9196C-160E-4F28-9FB4-17E97753F4E4}.Debug|Any CPU.Build.0 = Debug|Any CPU
		{34F9196C-160E-4F28-9FB4-17E97753F4E4}.Debug|Mixed Platforms.ActiveCfg = Debug|Any CPU
		{34F9196C-160E-4F28-9FB4-17E97753F4E4}.Debug|Mixed Platforms.Build.0 = Debug|Any CPU
		{34F9196C-160E-4F28-9FB4-17E97753F4E4}.Debug|x86.ActiveCfg = Debug|x86
		{34F9196C-160E-4F28-9FB4-17E97753F4E4}.Debug|x86.Build.0 = Debug|x86
		{34F9196C-160E-4F28-9FB4-17E97753F4E4}.Release|.NET.ActiveCfg = Release|Any CPU
		{34F9196C-160E-4F28-9FB4-17E97753F4E4}.Release|Any CPU.ActiveCfg = Release|Any CPU
		{34F9196C-160E-4F28-9FB4-17E97753F4E4}.Release|Any CPU.Build.0 = Release|Any CPU
		{34F9196C-160E-4F28-9FB4-17E97753F4E4}.Release|Mixed Platforms.ActiveCfg = Release|Any CPU
		{34F9196C-160E-4F28-9FB4-17E97753F4E4}.Release|Mixed Platforms.Build.0 = Release|Any CPU
		{34F9196C-160E-4F28-9FB4-17E97753F4E4}.Release|x86.ActiveCfg = Release|x86
		{34F9196C-160E-4F28-9FB4-17E97753F4E4}.Release|x86.Build.0 = Release|x86
		{91680D69-4182-46A6-8C17-0E8382CAEE85}.Debug|.NET.ActiveCfg = Debug|Any CPU
		{91680D69-4182-46A6-8C17-0E8382CAEE85}.Debug|Any CPU.ActiveCfg = Debug|Any CPU
		{91680D69-4182-46A6-8C17-0E8382CAEE85}.Debug|Any CPU.Build.0 = Debug|Any CPU
		{91680D69-4182-46A6-8C17-0E8382CAEE85}.Debug|Mixed Platforms.ActiveCfg = Debug|Any CPU
		{91680D69-4182-46A6-8C17-0E8382CAEE85}.Debug|Mixed Platforms.Build.0 = Debug|Any CPU
		{91680D69-4182-46A6-8C17-0E8382CAEE85}.Debug|x86.ActiveCfg = Debug|x86
		{91680D69-4182-46A6-8C17-0E8382CAEE85}.Debug|x86.Build.0 = Debug|x86
		{91680D69-4182-46A6-8C17-0E8382CAEE85}.Release|.NET.ActiveCfg = Release|Any CPU
		{91680D69-4182-46A6-8C17-0E8382CAEE85}.Release|Any CPU.ActiveCfg = Release|Any CPU
		{91680D69-4182-46A6-8C17-0E8382CAEE85}.Release|Any CPU.Build.0 = Release|Any CPU
		{91680D69-4182-46A6-8C17-0E8382CAEE85}.Release|Mixed Platforms.ActiveCfg = Release|Any CPU
		{91680D69-4182-46A6-8C17-0E8382CAEE85}.Release|Mixed Platforms.Build.0 = Release|Any CPU
		{91680D69-4182-46A6-8C17-0E8382CAEE85}.Release|x86.ActiveCfg = Release|x86
		{91680D69-4182-46A6-8C17-0E8382CAEE85}.Release|x86.Build.0 = Release|x86
		{EAABCA14-4095-40BF-8191-52C9FA31B35F}.Debug|.NET.ActiveCfg = Debug|Any CPU
		{EAABCA14-4095-40BF-8191-52C9FA31B35F}.Debug|Any CPU.ActiveCfg = Debug|Any CPU
		{EAABCA14-4095-40BF-8191-52C9FA31B35F}.Debug|Any CPU.Build.0 = Debug|Any CPU
		{EAABCA14-4095-40BF-8191-52C9FA31B35F}.Debug|Mixed Platforms.ActiveCfg = Debug|Any CPU
		{EAABCA14-4095-40BF-8191-52C9FA31B35F}.Debug|Mixed Platforms.Build.0 = Debug|Any CPU
		{EAABCA14-4095-40BF-8191-52C9FA31B35F}.Debug|x86.ActiveCfg = Debug|x86
		{EAABCA14-4095-40BF-8191-52C9FA31B35F}.Debug|x86.Build.0 = Debug|x86
		{EAABCA14-4095-40BF-8191-52C9FA31B35F}.Release|.NET.ActiveCfg = Release|Any CPU
		{EAABCA14-4095-40BF-8191-52C9FA31B35F}.Release|Any CPU.ActiveCfg = Release|Any CPU
		{EAABCA14-4095-40BF-8191-52C9FA31B35F}.Release|Any CPU.Build.0 = Release|Any CPU
		{EAABCA14-4095-40BF-8191-52C9FA31B35F}.Release|Mixed Platforms.ActiveCfg = Release|Any CPU
		{EAABCA14-4095-40BF-8191-52C9FA31B35F}.Release|Mixed Platforms.Build.0 = Release|Any CPU
		{EAABCA14-4095-40BF-8191-52C9FA31B35F}.Release|x86.ActiveCfg = Release|x86
		{EAABCA14-4095-40BF-8191-52C9FA31B35F}.Release|x86.Build.0 = Release|x86
		{A31055DC-9BAD-45DA-A966-F61955E50C12}.Debug|.NET.ActiveCfg = Debug|Any CPU
		{A31055DC-9BAD-45DA-A966-F61955E50C12}.Debug|Any CPU.ActiveCfg = Debug|Any CPU
		{A31055DC-9BAD-45DA-A966-F61955E50C12}.Debug|Any CPU.Build.0 = Debug|Any CPU
		{A31055DC-9BAD-45DA-A966-F61955E50C12}.Debug|Mixed Platforms.ActiveCfg = Debug|Any CPU
		{A31055DC-9BAD-45DA-A966-F61955E50C12}.Debug|Mixed Platforms.Build.0 = Debug|Any CPU
		{A31055DC-9BAD-45DA-A966-F61955E50C12}.Debug|x86.ActiveCfg = Debug|x86
		{A31055DC-9BAD-45DA-A966-F61955E50C12}.Debug|x86.Build.0 = Debug|x86
		{A31055DC-9BAD-45DA-A966-F61955E50C12}.Release|.NET.ActiveCfg = Release|Any CPU
		{A31055DC-9BAD-45DA-A966-F61955E50C12}.Release|Any CPU.ActiveCfg = Release|Any CPU
		{A31055DC-9BAD-45DA-A966-F61955E50C12}.Release|Any CPU.Build.0 = Release|Any CPU
		{A31055DC-9BAD-45DA-A966-F61955E50C12}.Release|Mixed Platforms.ActiveCfg = Release|Any CPU
		{A31055DC-9BAD-45DA-A966-F61955E50C12}.Release|Mixed Platforms.Build.0 = Release|Any CPU
		{A31055DC-9BAD-45DA-A966-F61955E50C12}.Release|x86.ActiveCfg = Release|x86
		{A31055DC-9BAD-45DA-A966-F61955E50C12}.Release|x86.Build.0 = Release|x86
		{D499A154-EE50-4C41-845B-F402198C0516}.Debug|.NET.ActiveCfg = Debug|Any CPU
		{D499A154-EE50-4C41-845B-F402198C0516}.Debug|Any CPU.ActiveCfg = Debug|Any CPU
		{D499A154-EE50-4C41-845B-F402198C0516}.Debug|Any CPU.Build.0 = Debug|Any CPU
		{D499A154-EE50-4C41-845B-F402198C0516}.Debug|Mixed Platforms.ActiveCfg = Debug|Any CPU
		{D499A154-EE50-4C41-845B-F402198C0516}.Debug|Mixed Platforms.Build.0 = Debug|Any CPU
		{D499A154-EE50-4C41-845B-F402198C0516}.Debug|x86.ActiveCfg = Debug|x86
		{D499A154-EE50-4C41-845B-F402198C0516}.Debug|x86.Build.0 = Debug|x86
		{D499A154-EE50-4C41-845B-F402198C0516}.Release|.NET.ActiveCfg = Release|Any CPU
		{D499A154-EE50-4C41-845B-F402198C0516}.Release|Any CPU.ActiveCfg = Release|Any CPU
		{D499A154-EE50-4C41-845B-F402198C0516}.Release|Any CPU.Build.0 = Release|Any CPU
		{D499A154-EE50-4C41-845B-F402198C0516}.Release|Mixed Platforms.ActiveCfg = Release|Any CPU
		{D499A154-EE50-4C41-845B-F402198C0516}.Release|Mixed Platforms.Build.0 = Release|Any CPU
		{D499A154-EE50-4C41-845B-F402198C0516}.Release|x86.ActiveCfg = Release|x86
		{D499A154-EE50-4C41-845B-F402198C0516}.Release|x86.Build.0 = Release|x86
		{4F7BC4C4-4379-4964-B483-3BDD76134785}.Debug|.NET.ActiveCfg = Debug|Any CPU
		{4F7BC4C4-4379-4964-B483-3BDD76134785}.Debug|Any CPU.ActiveCfg = Debug|Any CPU
		{4F7BC4C4-4379-4964-B483-3BDD76134785}.Debug|Any CPU.Build.0 = Debug|Any CPU
		{4F7BC4C4-4379-4964-B483-3BDD76134785}.Debug|Mixed Platforms.ActiveCfg = Debug|Any CPU
		{4F7BC4C4-4379-4964-B483-3BDD76134785}.Debug|Mixed Platforms.Build.0 = Debug|Any CPU
		{4F7BC4C4-4379-4964-B483-3BDD76134785}.Debug|x86.ActiveCfg = Debug|x86
		{4F7BC4C4-4379-4964-B483-3BDD76134785}.Debug|x86.Build.0 = Debug|x86
		{4F7BC4C4-4379-4964-B483-3BDD76134785}.Release|.NET.ActiveCfg = Release|Any CPU
		{4F7BC4C4-4379-4964-B483-3BDD76134785}.Release|Any CPU.ActiveCfg = Release|Any CPU
		{4F7BC4C4-4379-4964-B483-3BDD76134785}.Release|Any CPU.Build.0 = Release|Any CPU
		{4F7BC4C4-4379-4964-B483-3BDD76134785}.Release|Mixed Platforms.ActiveCfg = Release|Any CPU
		{4F7BC4C4-4379-4964-B483-3BDD76134785}.Release|Mixed Platforms.Build.0 = Release|Any CPU
		{4F7BC4C4-4379-4964-B483-3BDD76134785}.Release|x86.ActiveCfg = Release|x86
		{4F7BC4C4-4379-4964-B483-3BDD76134785}.Release|x86.Build.0 = Release|x86
		{939850BA-D711-4ED7-A00B-F647A474BE6A}.Debug|.NET.ActiveCfg = Debug|Any CPU
		{939850BA-D711-4ED7-A00B-F647A474BE6A}.Debug|Any CPU.ActiveCfg = Debug|Any CPU
		{939850BA-D711-4ED7-A00B-F647A474BE6A}.Debug|Any CPU.Build.0 = Debug|Any CPU
		{939850BA-D711-4ED7-A00B-F647A474BE6A}.Debug|Mixed Platforms.ActiveCfg = Debug|Any CPU
		{939850BA-D711-4ED7-A00B-F647A474BE6A}.Debug|Mixed Platforms.Build.0 = Debug|Any CPU
		{939850BA-D711-4ED7-A00B-F647A474BE6A}.Debug|x86.ActiveCfg = Debug|x86
		{939850BA-D711-4ED7-A00B-F647A474BE6A}.Debug|x86.Build.0 = Debug|x86
		{939850BA-D711-4ED7-A00B-F647A474BE6A}.Release|.NET.ActiveCfg = Release|Any CPU
		{939850BA-D711-4ED7-A00B-F647A474BE6A}.Release|Any CPU.ActiveCfg = Release|Any CPU
		{939850BA-D711-4ED7-A00B-F647A474BE6A}.Release|Any CPU.Build.0 = Release|Any CPU
		{939850BA-D711-4ED7-A00B-F647A474BE6A}.Release|Mixed Platforms.ActiveCfg = Release|Any CPU
		{939850BA-D711-4ED7-A00B-F647A474BE6A}.Release|Mixed Platforms.Build.0 = Release|Any CPU
		{939850BA-D711-4ED7-A00B-F647A474BE6A}.Release|x86.ActiveCfg = Release|x86
		{939850BA-D711-4ED7-A00B-F647A474BE6A}.Release|x86.Build.0 = Release|x86
		{94C6482A-95E8-4DDD-80A5-26397F8D00DF}.Debug|.NET.ActiveCfg = Debug|Any CPU
		{94C6482A-95E8-4DDD-80A5-26397F8D00DF}.Debug|Any CPU.ActiveCfg = Debug|Any CPU
		{94C6482A-95E8-4DDD-80A5-26397F8D00DF}.Debug|Any CPU.Build.0 = Debug|Any CPU
		{94C6482A-95E8-4DDD-80A5-26397F8D00DF}.Debug|Mixed Platforms.ActiveCfg = Debug|Any CPU
		{94C6482A-95E8-4DDD-80A5-26397F8D00DF}.Debug|Mixed Platforms.Build.0 = Debug|Any CPU
		{94C6482A-95E8-4DDD-80A5-26397F8D00DF}.Debug|x86.ActiveCfg = Debug|Any CPU
		{94C6482A-95E8-4DDD-80A5-26397F8D00DF}.Release|.NET.ActiveCfg = Release|Any CPU
		{94C6482A-95E8-4DDD-80A5-26397F8D00DF}.Release|Any CPU.ActiveCfg = Release|Any CPU
		{94C6482A-95E8-4DDD-80A5-26397F8D00DF}.Release|Any CPU.Build.0 = Release|Any CPU
		{94C6482A-95E8-4DDD-80A5-26397F8D00DF}.Release|Mixed Platforms.ActiveCfg = Release|Any CPU
		{94C6482A-95E8-4DDD-80A5-26397F8D00DF}.Release|Mixed Platforms.Build.0 = Release|Any CPU
		{94C6482A-95E8-4DDD-80A5-26397F8D00DF}.Release|x86.ActiveCfg = Release|Any CPU
		{ECF25580-8424-4345-8A5D-DA7082E8B40C}.Debug|.NET.ActiveCfg = Debug|Any CPU
		{ECF25580-8424-4345-8A5D-DA7082E8B40C}.Debug|Any CPU.ActiveCfg = Debug|Any CPU
		{ECF25580-8424-4345-8A5D-DA7082E8B40C}.Debug|Any CPU.Build.0 = Debug|Any CPU
		{ECF25580-8424-4345-8A5D-DA7082E8B40C}.Debug|Mixed Platforms.ActiveCfg = Debug|Any CPU
		{ECF25580-8424-4345-8A5D-DA7082E8B40C}.Debug|Mixed Platforms.Build.0 = Debug|Any CPU
		{ECF25580-8424-4345-8A5D-DA7082E8B40C}.Debug|x86.ActiveCfg = Debug|Any CPU
		{ECF25580-8424-4345-8A5D-DA7082E8B40C}.Release|.NET.ActiveCfg = Release|Any CPU
		{ECF25580-8424-4345-8A5D-DA7082E8B40C}.Release|Any CPU.ActiveCfg = Release|Any CPU
		{ECF25580-8424-4345-8A5D-DA7082E8B40C}.Release|Any CPU.Build.0 = Release|Any CPU
		{ECF25580-8424-4345-8A5D-DA7082E8B40C}.Release|Mixed Platforms.ActiveCfg = Release|Any CPU
		{ECF25580-8424-4345-8A5D-DA7082E8B40C}.Release|Mixed Platforms.Build.0 = Release|Any CPU
		{ECF25580-8424-4345-8A5D-DA7082E8B40C}.Release|x86.ActiveCfg = Release|Any CPU
		{FA1AAC9A-C91F-466A-81B1-F3B9D967E2F7}.Debug|.NET.ActiveCfg = Debug|Any CPU
		{FA1AAC9A-C91F-466A-81B1-F3B9D967E2F7}.Debug|Any CPU.ActiveCfg = Debug|Any CPU
		{FA1AAC9A-C91F-466A-81B1-F3B9D967E2F7}.Debug|Any CPU.Build.0 = Debug|Any CPU
		{FA1AAC9A-C91F-466A-81B1-F3B9D967E2F7}.Debug|Mixed Platforms.ActiveCfg = Debug|Any CPU
		{FA1AAC9A-C91F-466A-81B1-F3B9D967E2F7}.Debug|Mixed Platforms.Build.0 = Debug|Any CPU
		{FA1AAC9A-C91F-466A-81B1-F3B9D967E2F7}.Debug|x86.ActiveCfg = Debug|x86
		{FA1AAC9A-C91F-466A-81B1-F3B9D967E2F7}.Debug|x86.Build.0 = Debug|x86
		{FA1AAC9A-C91F-466A-81B1-F3B9D967E2F7}.Release|.NET.ActiveCfg = Release|Any CPU
		{FA1AAC9A-C91F-466A-81B1-F3B9D967E2F7}.Release|Any CPU.ActiveCfg = Release|Any CPU
		{FA1AAC9A-C91F-466A-81B1-F3B9D967E2F7}.Release|Any CPU.Build.0 = Release|Any CPU
		{FA1AAC9A-C91F-466A-81B1-F3B9D967E2F7}.Release|Mixed Platforms.ActiveCfg = Release|Any CPU
		{FA1AAC9A-C91F-466A-81B1-F3B9D967E2F7}.Release|Mixed Platforms.Build.0 = Release|Any CPU
		{FA1AAC9A-C91F-466A-81B1-F3B9D967E2F7}.Release|x86.ActiveCfg = Release|x86
		{FA1AAC9A-C91F-466A-81B1-F3B9D967E2F7}.Release|x86.Build.0 = Release|x86
		{F5CCBF28-C09C-428B-BA4A-F2EB311D3780}.Debug|.NET.ActiveCfg = Debug|Any CPU
		{F5CCBF28-C09C-428B-BA4A-F2EB311D3780}.Debug|Any CPU.ActiveCfg = Debug|Any CPU
		{F5CCBF28-C09C-428B-BA4A-F2EB311D3780}.Debug|Any CPU.Build.0 = Debug|Any CPU
		{F5CCBF28-C09C-428B-BA4A-F2EB311D3780}.Debug|Mixed Platforms.ActiveCfg = Debug|Any CPU
		{F5CCBF28-C09C-428B-BA4A-F2EB311D3780}.Debug|Mixed Platforms.Build.0 = Debug|Any CPU
		{F5CCBF28-C09C-428B-BA4A-F2EB311D3780}.Debug|x86.ActiveCfg = Debug|x86
		{F5CCBF28-C09C-428B-BA4A-F2EB311D3780}.Debug|x86.Build.0 = Debug|x86
		{F5CCBF28-C09C-428B-BA4A-F2EB311D3780}.Release|.NET.ActiveCfg = Release|Any CPU
		{F5CCBF28-C09C-428B-BA4A-F2EB311D3780}.Release|Any CPU.ActiveCfg = Release|Any CPU
		{F5CCBF28-C09C-428B-BA4A-F2EB311D3780}.Release|Any CPU.Build.0 = Release|Any CPU
		{F5CCBF28-C09C-428B-BA4A-F2EB311D3780}.Release|Mixed Platforms.ActiveCfg = Release|Any CPU
		{F5CCBF28-C09C-428B-BA4A-F2EB311D3780}.Release|Mixed Platforms.Build.0 = Release|Any CPU
		{F5CCBF28-C09C-428B-BA4A-F2EB311D3780}.Release|x86.ActiveCfg = Release|x86
		{F5CCBF28-C09C-428B-BA4A-F2EB311D3780}.Release|x86.Build.0 = Release|x86
		{616F69EB-DF22-4A36-8D4D-6D3E31743E84}.Debug|.NET.ActiveCfg = Debug|Any CPU
		{616F69EB-DF22-4A36-8D4D-6D3E31743E84}.Debug|Any CPU.ActiveCfg = Debug|Any CPU
		{616F69EB-DF22-4A36-8D4D-6D3E31743E84}.Debug|Any CPU.Build.0 = Debug|Any CPU
		{616F69EB-DF22-4A36-8D4D-6D3E31743E84}.Debug|Mixed Platforms.ActiveCfg = Debug|Any CPU
		{616F69EB-DF22-4A36-8D4D-6D3E31743E84}.Debug|Mixed Platforms.Build.0 = Debug|Any CPU
		{616F69EB-DF22-4A36-8D4D-6D3E31743E84}.Debug|x86.ActiveCfg = Debug|Any CPU
		{616F69EB-DF22-4A36-8D4D-6D3E31743E84}.Release|.NET.ActiveCfg = Release|Any CPU
		{616F69EB-DF22-4A36-8D4D-6D3E31743E84}.Release|Any CPU.ActiveCfg = Release|Any CPU
		{616F69EB-DF22-4A36-8D4D-6D3E31743E84}.Release|Any CPU.Build.0 = Release|Any CPU
		{616F69EB-DF22-4A36-8D4D-6D3E31743E84}.Release|Mixed Platforms.ActiveCfg = Release|Any CPU
		{616F69EB-DF22-4A36-8D4D-6D3E31743E84}.Release|Mixed Platforms.Build.0 = Release|Any CPU
		{616F69EB-DF22-4A36-8D4D-6D3E31743E84}.Release|x86.ActiveCfg = Release|Any CPU
	EndGlobalSection
	GlobalSection(SolutionProperties) = preSolution
		HideSolutionNode = FALSE
	EndGlobalSection
EndGlobal
