
Microsoft Visual Studio Solution File, Format Version 9.00
# Visual Studio 2005
Project("{FAE04EC0-301F-11D3-BF4B-00C04F79EFBC}") = "Titus.ECatalog.Service", "Service\Titus.ECatalog.Service.csproj", "{FE90F869-9945-4095-A846-1DFABF98E9C4}"
EndProject
Project("{FAE04EC0-301F-11D3-BF4B-00C04F79EFBC}") = "Titus.ECatalog.Data", "Data\Titus.ECatalog.Data.csproj", "{0C59FB2F-51DF-45B3-B9D6-0BCD769B4D93}"
EndProject
Project("{FAE04EC0-301F-11D3-BF4B-00C04F79EFBC}") = "Titus.ECatalog.Entity", "Entity\Titus.ECatalog.Entity.csproj", "{EE42D1A8-0B8C-4C60-9464-36D99862D47B}"
EndProject
Project("{FAE04EC0-301F-11D3-BF4B-00C04F79EFBC}") = "Titus.ECatalog.Util", "Util\Titus.ECatalog.Util.csproj", "{F5585073-6424-43E5-A17B-B7598B3C6311}"
EndProject
Global
	GlobalSection(SolutionConfigurationPlatforms) = preSolution
		Debug|Any CPU = Debug|Any CPU
		Release|Any CPU = Release|Any CPU
	EndGlobalSection
	GlobalSection(ProjectConfigurationPlatforms) = postSolution
		{FE90F869-9945-4095-A846-1DFABF98E9C4}.Debug|Any CPU.ActiveCfg = Debug|Any CPU
		{FE90F869-9945-4095-A846-1DFABF98E9C4}.Debug|Any CPU.Build.0 = Debug|Any CPU
		{FE90F869-9945-4095-A846-1DFABF98E9C4}.Release|Any CPU.ActiveCfg = Release|Any CPU
		{FE90F869-9945-4095-A846-1DFABF98E9C4}.Release|Any CPU.Build.0 = Release|Any CPU
		{0C59FB2F-51DF-45B3-B9D6-0BCD769B4D93}.Debug|Any CPU.ActiveCfg = Debug|Any CPU
		{0C59FB2F-51DF-45B3-B9D6-0BCD769B4D93}.Debug|Any CPU.Build.0 = Debug|Any CPU
		{0C59FB2F-51DF-45B3-B9D6-0BCD769B4D93}.Release|Any CPU.ActiveCfg = Release|Any CPU
		{0C59FB2F-51DF-45B3-B9D6-0BCD769B4D93}.Release|Any CPU.Build.0 = Release|Any CPU
		{EE42D1A8-0B8C-4C60-9464-36D99862D47B}.Debug|Any CPU.ActiveCfg = Debug|Any CPU
		{EE42D1A8-0B8C-4C60-9464-36D99862D47B}.Debug|Any CPU.Build.0 = Debug|Any CPU
		{EE42D1A8-0B8C-4C60-9464-36D99862D47B}.Release|Any CPU.ActiveCfg = Release|Any CPU
		{EE42D1A8-0B8C-4C60-9464-36D99862D47B}.Release|Any CPU.Build.0 = Release|Any CPU
		{F5585073-6424-43E5-A17B-B7598B3C6311}.Debug|Any CPU.ActiveCfg = Debug|Any CPU
		{F5585073-6424-43E5-A17B-B7598B3C6311}.Debug|Any CPU.Build.0 = Debug|Any CPU
		{F5585073-6424-43E5-A17B-B7598B3C6311}.Release|Any CPU.ActiveCfg = Release|Any CPU
		{F5585073-6424-43E5-A17B-B7598B3C6311}.Release|Any CPU.Build.0 = Release|Any CPU
	EndGlobalSection
	GlobalSection(SolutionProperties) = preSolution
		HideSolutionNode = FALSE
	EndGlobalSection
EndGlobal
