Microsoft Visual Studio Solution File, Format Version 9.00
# Visual Studio 2005
Project("{FAE04EC0-301F-11D3-BF4B-00C04F79EFBC}") = "Weborb.Samples.Email", "Weborb.Samples.Email\Weborb.Samples.Email.csproj", "{E5EF7114-F322-4DDC-A4F0-D259D915937F}"
EndProject
Global
	GlobalSection(SourceCodeControl) = preSolution
		SccNumberOfProjects = 2
		SccLocalPath0 = .
		CanCheckoutShared = false
		SccProjectUniqueName1 = Weborb.Samples.Email\\Weborb.Samples.Email.csproj
		SccProjectName1 = $/FlexMail/WxSimpleMailClient/Weborb.Samples.Email
		SccLocalPath1 = Weborb.Samples.Email
		CanCheckoutShared = false
	EndGlobalSection
	GlobalSection(SolutionConfigurationPlatforms) = preSolution
		Debug|Any CPU = Debug|Any CPU
		Release|Any CPU = Release|Any CPU
	EndGlobalSection
	GlobalSection(ProjectConfigurationPlatforms) = postSolution
		{E5EF7114-F322-4DDC-A4F0-D259D915937F}.Debug|Any CPU.ActiveCfg = Debug|Any CPU
		{E5EF7114-F322-4DDC-A4F0-D259D915937F}.Debug|Any CPU.Build.0 = Debug|Any CPU
		{E5EF7114-F322-4DDC-A4F0-D259D915937F}.Release|Any CPU.ActiveCfg = Release|Any CPU
		{E5EF7114-F322-4DDC-A4F0-D259D915937F}.Release|Any CPU.Build.0 = Release|Any CPU
	EndGlobalSection
	GlobalSection(SolutionProperties) = preSolution
		HideSolutionNode = FALSE
	EndGlobalSection
EndGlobal
