
Microsoft Visual Studio Solution File, Format Version 9.00
# Visual C# Express 2005
Project("{FAE04EC0-301F-11D3-BF4B-00C04F79EFBC}") = "AerSysCo.Common", "AerSysCo.Common\AerSysCo.Common.csproj", "{542A1210-277C-4912-89F5-087D3FBCDE1C}"
EndProject
Project("{FAE04EC0-301F-11D3-BF4B-00C04F79EFBC}") = "AerSysCo.Warehouse", "AerSysCo.Warehouse\AerSysCo.Warehouse.csproj", "{BE0208C4-9961-4785-928F-35E9803C73EF}"
EndProject
Project("{FAE04EC0-301F-11D3-BF4B-00C04F79EFBC}") = "AerSysCo.Server", "AerSysCo.Server\AerSysCo.Server.csproj", "{C16728BB-91AC-4DB8-90B9-850145B0675B}"
EndProject
Project("{FAE04EC0-301F-11D3-BF4B-00C04F79EFBC}") = "AerSysCo.CustomerCenter", "AerSysCo.CustomerCenter\AerSysCo.CustomerCenter.csproj", "{BEFACC46-96E6-4F44-A938-7D0950E790F9}"
EndProject
Project("{FAE04EC0-301F-11D3-BF4B-00C04F79EFBC}") = "AerSysCo.Entity", "AerSysCo.Entity\AerSysCo.Entity.csproj", "{8D07FF89-908F-4A6F-B2AA-AB58797857CC}"
EndProject
Project("{FAE04EC0-301F-11D3-BF4B-00C04F79EFBC}") = "AerSysCo.InventoryManager", "AerSysCo.InventoryManager\AerSysCo.InventoryManager.csproj", "{5A5205A9-B913-49FF-8CC2-ABF36AADCFA9}"
EndProject
Project("{FAE04EC0-301F-11D3-BF4B-00C04F79EFBC}") = "AerSysCo.CustomerManager", "AerSysCo.CustomerManager\AerSysCo.CustomerManager.csproj", "{244B7250-B3BD-43F1-8516-3B2919B19B95}"
EndProject
Project("{FAE04EC0-301F-11D3-BF4B-00C04F79EFBC}") = "CustomerCenterTester", "CustomerCenterTester\CustomerCenterTester.csproj", "{1838C56F-93CD-42EC-BA8F-3CC12D28801B}"
EndProject
Project("{FAE04EC0-301F-11D3-BF4B-00C04F79EFBC}") = "AerSysCo.MacPac", "AerSysCo.MacPac\AerSysCo.MacPac.csproj", "{F88328BA-6609-434B-973C-2AF92DB2AFA3}"
EndProject
Project("{FAE04EC0-301F-11D3-BF4B-00C04F79EFBC}") = "MacPacTester", "MacPacTester\MacPacTester.csproj", "{89B4DF0D-AD27-4306-89E9-B50CDB78C956}"
EndProject
Project("{FAE04EC0-301F-11D3-BF4B-00C04F79EFBC}") = "AerSysCo.OrderManager", "AerSysCo.OrderManager\AerSysCo.OrderManager.csproj", "{50C68D9E-C365-4A94-84EC-88308BB3559C}"
EndProject
Project("{FAE04EC0-301F-11D3-BF4B-00C04F79EFBC}") = "AerSysCo.MultiplierManager", "AerSysCo.MultiplierManager\AerSysCo.MultiplierManager.csproj", "{EEF8D566-B090-4697-BAB0-CF69728AC374}"
EndProject
Project("{FAE04EC0-301F-11D3-BF4B-00C04F79EFBC}") = "AerSysCo.ECatalogManager", "AerSysCo.ECatalogManager\AerSysCo.ECatalogManager.csproj", "{47710BE2-31D3-470B-A69A-2011A8245F68}"
EndProject
Project("{FAE04EC0-301F-11D3-BF4B-00C04F79EFBC}") = "AerSysCo.CreditHoldManager", "AerSysCo.CreditHoldManager\AerSysCo.CreditHoldManager.csproj", "{3CE38C83-774C-459A-833E-4B289F89FA08}"
EndProject
Project("{FAE04EC0-301F-11D3-BF4B-00C04F79EFBC}") = "AerSysCo.Packaging", "AerSysCo.Packaging\AerSysCo.Packaging.csproj", "{B125F140-F7FA-40A3-9193-19EF19F380C9}"
EndProject
Global
	GlobalSection(SolutionConfigurationPlatforms) = preSolution
		Debug|Any CPU = Debug|Any CPU
		Release|Any CPU = Release|Any CPU
	EndGlobalSection
	GlobalSection(ProjectConfigurationPlatforms) = postSolution
		{542A1210-277C-4912-89F5-087D3FBCDE1C}.Debug|Any CPU.ActiveCfg = Debug|Any CPU
		{542A1210-277C-4912-89F5-087D3FBCDE1C}.Debug|Any CPU.Build.0 = Debug|Any CPU
		{542A1210-277C-4912-89F5-087D3FBCDE1C}.Release|Any CPU.ActiveCfg = Release|Any CPU
		{542A1210-277C-4912-89F5-087D3FBCDE1C}.Release|Any CPU.Build.0 = Release|Any CPU
		{BE0208C4-9961-4785-928F-35E9803C73EF}.Debug|Any CPU.ActiveCfg = Debug|Any CPU
		{BE0208C4-9961-4785-928F-35E9803C73EF}.Debug|Any CPU.Build.0 = Debug|Any CPU
		{BE0208C4-9961-4785-928F-35E9803C73EF}.Release|Any CPU.ActiveCfg = Release|Any CPU
		{BE0208C4-9961-4785-928F-35E9803C73EF}.Release|Any CPU.Build.0 = Release|Any CPU
		{C16728BB-91AC-4DB8-90B9-850145B0675B}.Debug|Any CPU.ActiveCfg = Debug|Any CPU
		{C16728BB-91AC-4DB8-90B9-850145B0675B}.Debug|Any CPU.Build.0 = Debug|Any CPU
		{C16728BB-91AC-4DB8-90B9-850145B0675B}.Release|Any CPU.ActiveCfg = Release|Any CPU
		{C16728BB-91AC-4DB8-90B9-850145B0675B}.Release|Any CPU.Build.0 = Release|Any CPU
		{BEFACC46-96E6-4F44-A938-7D0950E790F9}.Debug|Any CPU.ActiveCfg = Debug|Any CPU
		{BEFACC46-96E6-4F44-A938-7D0950E790F9}.Debug|Any CPU.Build.0 = Debug|Any CPU
		{BEFACC46-96E6-4F44-A938-7D0950E790F9}.Release|Any CPU.ActiveCfg = Release|Any CPU
		{BEFACC46-96E6-4F44-A938-7D0950E790F9}.Release|Any CPU.Build.0 = Release|Any CPU
		{8D07FF89-908F-4A6F-B2AA-AB58797857CC}.Debug|Any CPU.ActiveCfg = Debug|Any CPU
		{8D07FF89-908F-4A6F-B2AA-AB58797857CC}.Debug|Any CPU.Build.0 = Debug|Any CPU
		{8D07FF89-908F-4A6F-B2AA-AB58797857CC}.Release|Any CPU.ActiveCfg = Release|Any CPU
		{8D07FF89-908F-4A6F-B2AA-AB58797857CC}.Release|Any CPU.Build.0 = Release|Any CPU
		{5A5205A9-B913-49FF-8CC2-ABF36AADCFA9}.Debug|Any CPU.ActiveCfg = Debug|Any CPU
		{5A5205A9-B913-49FF-8CC2-ABF36AADCFA9}.Debug|Any CPU.Build.0 = Debug|Any CPU
		{5A5205A9-B913-49FF-8CC2-ABF36AADCFA9}.Release|Any CPU.ActiveCfg = Release|Any CPU
		{5A5205A9-B913-49FF-8CC2-ABF36AADCFA9}.Release|Any CPU.Build.0 = Release|Any CPU
		{244B7250-B3BD-43F1-8516-3B2919B19B95}.Debug|Any CPU.ActiveCfg = Debug|Any CPU
		{244B7250-B3BD-43F1-8516-3B2919B19B95}.Debug|Any CPU.Build.0 = Debug|Any CPU
		{244B7250-B3BD-43F1-8516-3B2919B19B95}.Release|Any CPU.ActiveCfg = Release|Any CPU
		{244B7250-B3BD-43F1-8516-3B2919B19B95}.Release|Any CPU.Build.0 = Release|Any CPU
		{1838C56F-93CD-42EC-BA8F-3CC12D28801B}.Debug|Any CPU.ActiveCfg = Debug|Any CPU
		{1838C56F-93CD-42EC-BA8F-3CC12D28801B}.Debug|Any CPU.Build.0 = Debug|Any CPU
		{1838C56F-93CD-42EC-BA8F-3CC12D28801B}.Release|Any CPU.ActiveCfg = Release|Any CPU
		{1838C56F-93CD-42EC-BA8F-3CC12D28801B}.Release|Any CPU.Build.0 = Release|Any CPU
		{F88328BA-6609-434B-973C-2AF92DB2AFA3}.Debug|Any CPU.ActiveCfg = Debug|Any CPU
		{F88328BA-6609-434B-973C-2AF92DB2AFA3}.Debug|Any CPU.Build.0 = Debug|Any CPU
		{F88328BA-6609-434B-973C-2AF92DB2AFA3}.Release|Any CPU.ActiveCfg = Release|Any CPU
		{F88328BA-6609-434B-973C-2AF92DB2AFA3}.Release|Any CPU.Build.0 = Release|Any CPU
		{89B4DF0D-AD27-4306-89E9-B50CDB78C956}.Debug|Any CPU.ActiveCfg = Debug|Any CPU
		{89B4DF0D-AD27-4306-89E9-B50CDB78C956}.Debug|Any CPU.Build.0 = Debug|Any CPU
		{89B4DF0D-AD27-4306-89E9-B50CDB78C956}.Release|Any CPU.ActiveCfg = Release|Any CPU
		{89B4DF0D-AD27-4306-89E9-B50CDB78C956}.Release|Any CPU.Build.0 = Release|Any CPU
		{50C68D9E-C365-4A94-84EC-88308BB3559C}.Debug|Any CPU.ActiveCfg = Debug|Any CPU
		{50C68D9E-C365-4A94-84EC-88308BB3559C}.Debug|Any CPU.Build.0 = Debug|Any CPU
		{50C68D9E-C365-4A94-84EC-88308BB3559C}.Release|Any CPU.ActiveCfg = Release|Any CPU
		{50C68D9E-C365-4A94-84EC-88308BB3559C}.Release|Any CPU.Build.0 = Release|Any CPU
		{EEF8D566-B090-4697-BAB0-CF69728AC374}.Debug|Any CPU.ActiveCfg = Debug|Any CPU
		{EEF8D566-B090-4697-BAB0-CF69728AC374}.Debug|Any CPU.Build.0 = Debug|Any CPU
		{EEF8D566-B090-4697-BAB0-CF69728AC374}.Release|Any CPU.ActiveCfg = Release|Any CPU
		{EEF8D566-B090-4697-BAB0-CF69728AC374}.Release|Any CPU.Build.0 = Release|Any CPU
		{47710BE2-31D3-470B-A69A-2011A8245F68}.Debug|Any CPU.ActiveCfg = Debug|Any CPU
		{47710BE2-31D3-470B-A69A-2011A8245F68}.Debug|Any CPU.Build.0 = Debug|Any CPU
		{47710BE2-31D3-470B-A69A-2011A8245F68}.Release|Any CPU.ActiveCfg = Release|Any CPU
		{47710BE2-31D3-470B-A69A-2011A8245F68}.Release|Any CPU.Build.0 = Release|Any CPU
		{3CE38C83-774C-459A-833E-4B289F89FA08}.Debug|Any CPU.ActiveCfg = Debug|Any CPU
		{3CE38C83-774C-459A-833E-4B289F89FA08}.Debug|Any CPU.Build.0 = Debug|Any CPU
		{3CE38C83-774C-459A-833E-4B289F89FA08}.Release|Any CPU.ActiveCfg = Release|Any CPU
		{3CE38C83-774C-459A-833E-4B289F89FA08}.Release|Any CPU.Build.0 = Release|Any CPU
		{B125F140-F7FA-40A3-9193-19EF19F380C9}.Debug|Any CPU.ActiveCfg = Debug|Any CPU
		{B125F140-F7FA-40A3-9193-19EF19F380C9}.Debug|Any CPU.Build.0 = Debug|Any CPU
		{B125F140-F7FA-40A3-9193-19EF19F380C9}.Release|Any CPU.ActiveCfg = Release|Any CPU
		{B125F140-F7FA-40A3-9193-19EF19F380C9}.Release|Any CPU.Build.0 = Release|Any CPU
	EndGlobalSection
	GlobalSection(SolutionProperties) = preSolution
		HideSolutionNode = FALSE
	EndGlobalSection
EndGlobal
