
Microsoft Visual Studio Solution File, Format Version 9.00
# Visual Studio 2005
Project("{FAE04EC0-301F-11D3-BF4B-00C04F79EFBC}") = "Dalworth", "Dalworth\Dalworth.csproj", "{DB694166-7403-425C-912B-A9D33014299C}"
EndProject
Project("{FAE04EC0-301F-11D3-BF4B-00C04F79EFBC}") = "Dalworth.Domain", "Dalworth.Domain\Dalworth.Domain.csproj", "{A5C21082-985A-4B11-8487-2649A442751B}"
EndProject
Project("{FAE04EC0-301F-11D3-BF4B-00C04F79EFBC}") = "Dalworth.Mobile", "Dalworth.Mobile\Dalworth.Mobile.csproj", "{57D3F4A0-8ECE-4B72-A996-BC7708EA050F}"
EndProject
Project("{FAE04EC0-301F-11D3-BF4B-00C04F79EFBC}") = "Dalworth.Controls", "Dalworth.Controls\Dalworth.Controls.csproj", "{8EBF48CF-4143-4DF5-A822-626F566D3858}"
EndProject
Project("{FAE04EC0-301F-11D3-BF4B-00C04F79EFBC}") = "Dalworth.Windows", "Dalworth.Windows\Dalworth.Windows.csproj", "{75203AD2-1657-4574-A938-CE923D5E66C3}"
EndProject
Project("{FAE04EC0-301F-11D3-BF4B-00C04F79EFBC}") = "Dalworth.Windows.Menu", "Dalworth.Windows.Menu\Dalworth.Windows.Menu.csproj", "{B0464150-FAE0-4275-8071-95895958CF61}"
EndProject
Project("{FAE04EC0-301F-11D3-BF4B-00C04F79EFBC}") = "Dalworth.Windows.StartDay", "Dalworth.Windows.StartDay\Dalworth.Windows.StartDay.csproj", "{215B533F-D8FB-4E68-ABC1-BCD15BD98215}"
EndProject
Project("{FAE04EC0-301F-11D3-BF4B-00C04F79EFBC}") = "Dalworth.Windows.ServiceVisit", "Dalworth.Windows.ServiceVisit\Dalworth.Windows.ServiceVisit.csproj", "{C53544C8-6721-482E-A4C6-B98416514050}"
EndProject
Project("{FAE04EC0-301F-11D3-BF4B-00C04F79EFBC}") = "Dalworth.Windows.EndDay", "Dalworth.Windows.EndDay\Dalworth.Windows.EndDay.csproj", "{98C07723-3E38-471B-8FDF-7F1078BDC988}"
EndProject
Project("{FAE04EC0-301F-11D3-BF4B-00C04F79EFBC}") = "Dalworth.GPS", "Dalworth.GPS\Dalworth.GPS.csproj", "{058D9291-56A2-4769-96C2-C2C1126E4D7B}"
EndProject
Project("{FAE04EC0-301F-11D3-BF4B-00C04F79EFBC}") = "Dalworth.ConnectionMonitor", "Dalworth.ConnectionMonitor\Dalworth.ConnectionMonitor.csproj", "{7C6A4FB8-3AAD-406A-9FCA-55D0FA4DCE9B}"
EndProject
Global
	GlobalSection(SourceCodeControl) = preSolution
		SccNumberOfProjects = 12
		SccLocalPath0 = .
		CanCheckoutShared = false
		SccProjectUniqueName1 = Dalworth.Controls\\Dalworth.Controls.csproj
		SccLocalPath1 = .
		CanCheckoutShared = false
		SccProjectFilePathRelativizedFromConnection1 = Dalworth.Controls\\
		SccProjectUniqueName2 = Dalworth.Domain\\Dalworth.Domain.csproj
		SccLocalPath2 = .
		CanCheckoutShared = false
		SccProjectFilePathRelativizedFromConnection2 = Dalworth.Domain\\
		SccProjectUniqueName3 = Dalworth.Mobile\\Dalworth.Mobile.csproj
		SccLocalPath3 = .
		CanCheckoutShared = false
		SccProjectFilePathRelativizedFromConnection3 = Dalworth.Mobile\\
		SccProjectUniqueName4 = Dalworth.Windows.Menu\\Dalworth.Windows.Menu.csproj
		SccLocalPath4 = .
		CanCheckoutShared = false
		SccProjectFilePathRelativizedFromConnection4 = Dalworth.Windows.Menu\\
		SccProjectUniqueName5 = Dalworth.Windows\\Dalworth.Windows.csproj
		SccLocalPath5 = .
		CanCheckoutShared = false
		SccProjectFilePathRelativizedFromConnection5 = Dalworth.Windows\\
		SccProjectUniqueName6 = Dalworth\\Dalworth.csproj
		SccLocalPath6 = .
		CanCheckoutShared = false
		SccProjectFilePathRelativizedFromConnection6 = Dalworth\\
		SccProjectUniqueName7 = Dalworth.Windows.StartDay\\Dalworth.Windows.StartDay.csproj
		SccLocalPath7 = .
		CanCheckoutShared = false
		SccProjectFilePathRelativizedFromConnection7 = Dalworth.Windows.StartDay\\
		SccProjectUniqueName8 = Dalworth.Windows.EndDay\\Dalworth.Windows.EndDay.csproj
		SccLocalPath8 = .
		CanCheckoutShared = false
		SccProjectFilePathRelativizedFromConnection8 = Dalworth.Windows.EndDay\\
		SccProjectUniqueName9 = Dalworth.GPS\\Dalworth.GPS.csproj
		SccLocalPath9 = .
		CanCheckoutShared = false
		SccProjectFilePathRelativizedFromConnection9 = Dalworth.GPS\\
		SccProjectUniqueName10 = Dalworth.Windows.ServiceVisit\\Dalworth.Windows.ServiceVisit.csproj
		SccLocalPath10 = .
		CanCheckoutShared = false
		SccProjectFilePathRelativizedFromConnection10 = Dalworth.Windows.ServiceVisit\\
		SccProjectUniqueName11 = Dalworth.ConnectionMonitor\\Dalworth.ConnectionMonitor.csproj
		SccLocalPath11 = .
		CanCheckoutShared = false
		SccProjectFilePathRelativizedFromConnection11 = Dalworth.ConnectionMonitor\\
	EndGlobalSection
	GlobalSection(SolutionConfigurationPlatforms) = preSolution
		Debug|Any CPU = Debug|Any CPU
		Release|Any CPU = Release|Any CPU
	EndGlobalSection
	GlobalSection(ProjectConfigurationPlatforms) = postSolution
		{DB694166-7403-425C-912B-A9D33014299C}.Debug|Any CPU.ActiveCfg = Debug|Any CPU
		{DB694166-7403-425C-912B-A9D33014299C}.Debug|Any CPU.Build.0 = Debug|Any CPU
		{DB694166-7403-425C-912B-A9D33014299C}.Release|Any CPU.ActiveCfg = Release|Any CPU
		{DB694166-7403-425C-912B-A9D33014299C}.Release|Any CPU.Build.0 = Release|Any CPU
		{DB694166-7403-425C-912B-A9D33014299C}.Release|Any CPU.Deploy.0 = Release|Any CPU
		{A5C21082-985A-4B11-8487-2649A442751B}.Debug|Any CPU.ActiveCfg = Debug|Any CPU
		{A5C21082-985A-4B11-8487-2649A442751B}.Debug|Any CPU.Build.0 = Debug|Any CPU
		{A5C21082-985A-4B11-8487-2649A442751B}.Release|Any CPU.ActiveCfg = Release|Any CPU
		{A5C21082-985A-4B11-8487-2649A442751B}.Release|Any CPU.Build.0 = Release|Any CPU
		{57D3F4A0-8ECE-4B72-A996-BC7708EA050F}.Debug|Any CPU.ActiveCfg = Debug|Any CPU
		{57D3F4A0-8ECE-4B72-A996-BC7708EA050F}.Debug|Any CPU.Build.0 = Debug|Any CPU
		{57D3F4A0-8ECE-4B72-A996-BC7708EA050F}.Debug|Any CPU.Deploy.0 = Debug|Any CPU
		{57D3F4A0-8ECE-4B72-A996-BC7708EA050F}.Release|Any CPU.ActiveCfg = Release|Any CPU
		{57D3F4A0-8ECE-4B72-A996-BC7708EA050F}.Release|Any CPU.Build.0 = Release|Any CPU
		{57D3F4A0-8ECE-4B72-A996-BC7708EA050F}.Release|Any CPU.Deploy.0 = Release|Any CPU
		{8EBF48CF-4143-4DF5-A822-626F566D3858}.Debug|Any CPU.ActiveCfg = Debug|Any CPU
		{8EBF48CF-4143-4DF5-A822-626F566D3858}.Debug|Any CPU.Build.0 = Debug|Any CPU
		{8EBF48CF-4143-4DF5-A822-626F566D3858}.Release|Any CPU.ActiveCfg = Release|Any CPU
		{8EBF48CF-4143-4DF5-A822-626F566D3858}.Release|Any CPU.Build.0 = Release|Any CPU
		{8EBF48CF-4143-4DF5-A822-626F566D3858}.Release|Any CPU.Deploy.0 = Release|Any CPU
		{75203AD2-1657-4574-A938-CE923D5E66C3}.Debug|Any CPU.ActiveCfg = Debug|Any CPU
		{75203AD2-1657-4574-A938-CE923D5E66C3}.Debug|Any CPU.Build.0 = Debug|Any CPU
		{75203AD2-1657-4574-A938-CE923D5E66C3}.Release|Any CPU.ActiveCfg = Release|Any CPU
		{75203AD2-1657-4574-A938-CE923D5E66C3}.Release|Any CPU.Build.0 = Release|Any CPU
		{75203AD2-1657-4574-A938-CE923D5E66C3}.Release|Any CPU.Deploy.0 = Release|Any CPU
		{B0464150-FAE0-4275-8071-95895958CF61}.Debug|Any CPU.ActiveCfg = Debug|Any CPU
		{B0464150-FAE0-4275-8071-95895958CF61}.Debug|Any CPU.Build.0 = Debug|Any CPU
		{B0464150-FAE0-4275-8071-95895958CF61}.Release|Any CPU.ActiveCfg = Release|Any CPU
		{B0464150-FAE0-4275-8071-95895958CF61}.Release|Any CPU.Build.0 = Release|Any CPU
		{215B533F-D8FB-4E68-ABC1-BCD15BD98215}.Debug|Any CPU.ActiveCfg = Debug|Any CPU
		{215B533F-D8FB-4E68-ABC1-BCD15BD98215}.Debug|Any CPU.Build.0 = Debug|Any CPU
		{215B533F-D8FB-4E68-ABC1-BCD15BD98215}.Release|Any CPU.ActiveCfg = Release|Any CPU
		{215B533F-D8FB-4E68-ABC1-BCD15BD98215}.Release|Any CPU.Build.0 = Release|Any CPU
		{215B533F-D8FB-4E68-ABC1-BCD15BD98215}.Release|Any CPU.Deploy.0 = Release|Any CPU
		{C53544C8-6721-482E-A4C6-B98416514050}.Debug|Any CPU.ActiveCfg = Debug|Any CPU
		{C53544C8-6721-482E-A4C6-B98416514050}.Debug|Any CPU.Build.0 = Debug|Any CPU
		{C53544C8-6721-482E-A4C6-B98416514050}.Release|Any CPU.ActiveCfg = Release|Any CPU
		{C53544C8-6721-482E-A4C6-B98416514050}.Release|Any CPU.Build.0 = Release|Any CPU
		{C53544C8-6721-482E-A4C6-B98416514050}.Release|Any CPU.Deploy.0 = Release|Any CPU
		{98C07723-3E38-471B-8FDF-7F1078BDC988}.Debug|Any CPU.ActiveCfg = Debug|Any CPU
		{98C07723-3E38-471B-8FDF-7F1078BDC988}.Debug|Any CPU.Build.0 = Debug|Any CPU
		{98C07723-3E38-471B-8FDF-7F1078BDC988}.Release|Any CPU.ActiveCfg = Release|Any CPU
		{98C07723-3E38-471B-8FDF-7F1078BDC988}.Release|Any CPU.Build.0 = Release|Any CPU
		{98C07723-3E38-471B-8FDF-7F1078BDC988}.Release|Any CPU.Deploy.0 = Release|Any CPU
		{058D9291-56A2-4769-96C2-C2C1126E4D7B}.Debug|Any CPU.ActiveCfg = Debug|Any CPU
		{058D9291-56A2-4769-96C2-C2C1126E4D7B}.Debug|Any CPU.Build.0 = Debug|Any CPU
		{058D9291-56A2-4769-96C2-C2C1126E4D7B}.Release|Any CPU.ActiveCfg = Release|Any CPU
		{058D9291-56A2-4769-96C2-C2C1126E4D7B}.Release|Any CPU.Build.0 = Release|Any CPU
		{058D9291-56A2-4769-96C2-C2C1126E4D7B}.Release|Any CPU.Deploy.0 = Release|Any CPU
		{7C6A4FB8-3AAD-406A-9FCA-55D0FA4DCE9B}.Debug|Any CPU.ActiveCfg = Debug|Any CPU
		{7C6A4FB8-3AAD-406A-9FCA-55D0FA4DCE9B}.Debug|Any CPU.Build.0 = Debug|Any CPU
		{7C6A4FB8-3AAD-406A-9FCA-55D0FA4DCE9B}.Release|Any CPU.ActiveCfg = Release|Any CPU
		{7C6A4FB8-3AAD-406A-9FCA-55D0FA4DCE9B}.Release|Any CPU.Build.0 = Release|Any CPU
		{7C6A4FB8-3AAD-406A-9FCA-55D0FA4DCE9B}.Release|Any CPU.Deploy.0 = Release|Any CPU
	EndGlobalSection
	GlobalSection(SolutionProperties) = preSolution
		HideSolutionNode = FALSE
	EndGlobalSection
EndGlobal
