
Microsoft Visual Studio Solution File, Format Version 10.00
# Visual Studio 2008
Project("{FAE04EC0-301F-11D3-BF4B-00C04F79EFBC}") = "Dalworth.Server.Domain", "Dalworth.Server.Domain\Dalworth.Server.Domain.csproj", "{FBA09BAB-6ADD-4B05-8168-78D7CC16AFF4}"
EndProject
Project("{FAE04EC0-301F-11D3-BF4B-00C04F79EFBC}") = "Dalworth.Server", "Dalworth.Server\Dalworth.Server.csproj", "{598FAA62-D8C2-43CA-8F15-4F30530BADC7}"
EndProject
Project("{FAE04EC0-301F-11D3-BF4B-00C04F79EFBC}") = "Dalworth.PpcTesterWin", "Dalworth.PpcTesterWin\Dalworth.PpcTesterWin.csproj", "{EED288C4-4401-42C7-8714-388916B6659D}"
EndProject
Project("{FAE04EC0-301F-11D3-BF4B-00C04F79EFBC}") = "Core", "..\WatiN-2.0.20.1089-net-2.0\Source\src\Core\Core.csproj", "{217E2D34-F6DF-431B-AC5A-B368F481A530}"
EndProject
Project("{FAE04EC0-301F-11D3-BF4B-00C04F79EFBC}") = "google-api-adwords-dotnet", "google-api-adwords-dotnet\google-api-adwords-dotnet.csproj", "{B701ED76-54AE-4591-86DE-EDCD0D8DAC6C}"
EndProject
Project("{FAE04EC0-301F-11D3-BF4B-00C04F79EFBC}") = "AdwordsApiTester", "AdwordsApiTester\AdwordsApiTester.csproj", "{EA829AB1-9B24-4165-B107-617C6240BFE9}"
EndProject
Global
	GlobalSection(SourceCodeControl) = preSolution
		SccNumberOfProjects = 7
		SccLocalPath0 = .
		CanCheckoutShared = false
		SccProjectUniqueName1 = Dalworth.Server.Domain\\Dalworth.Server.Domain.csproj
		SccLocalPath1 = .
		CanCheckoutShared = false
		SccProjectFilePathRelativizedFromConnection1 = Dalworth.Server.Domain\\
		SccProjectUniqueName2 = Dalworth.Server\\Dalworth.Server.csproj
		SccLocalPath2 = .
		CanCheckoutShared = false
		SccProjectFilePathRelativizedFromConnection2 = Dalworth.Server\\
		SccProjectUniqueName3 = ..\\WatiN-2.0.20.1089-net-2.0\\Source\\src\\Core\\Core.csproj
		SccProjectName3 = $/PpcTester/Core
		SccLocalPath3 = ..\\WatiN-2.0.20.1089-net-2.0\\Source\\src\\Core
		CanCheckoutShared = false
		SccProjectUniqueName4 = Dalworth.PpcTesterWin\\Dalworth.PpcTesterWin.csproj
		SccLocalPath4 = .
		CanCheckoutShared = false
		SccProjectFilePathRelativizedFromConnection4 = Dalworth.PpcTesterWin\\
		SccProjectUniqueName5 = google-api-adwords-dotnet\\google-api-adwords-dotnet.csproj
		SccLocalPath5 = .
		CanCheckoutShared = false
		SccProjectFilePathRelativizedFromConnection5 = google-api-adwords-dotnet\\
		SccProjectUniqueName6 = AdwordsApiTester\\AdwordsApiTester.csproj
		SccLocalPath6 = .
		CanCheckoutShared = false
		SccProjectFilePathRelativizedFromConnection6 = AdwordsApiTester\\
	EndGlobalSection
	GlobalSection(SolutionConfigurationPlatforms) = preSolution
		AutomatedDebug|Any CPU = AutomatedDebug|Any CPU
		Debug (.Net 2.0)|Any CPU = Debug (.Net 2.0)|Any CPU
		Debug (.Net 3.5)|Any CPU = Debug (.Net 3.5)|Any CPU
		Debug|Any CPU = Debug|Any CPU
		Release (.Net 2.0)|Any CPU = Release (.Net 2.0)|Any CPU
		Release (.Net 3.5)|Any CPU = Release (.Net 3.5)|Any CPU
		Release|Any CPU = Release|Any CPU
	EndGlobalSection
	GlobalSection(ProjectConfigurationPlatforms) = postSolution
		{FBA09BAB-6ADD-4B05-8168-78D7CC16AFF4}.AutomatedDebug|Any CPU.ActiveCfg = Debug|Any CPU
		{FBA09BAB-6ADD-4B05-8168-78D7CC16AFF4}.AutomatedDebug|Any CPU.Build.0 = Debug|Any CPU
		{FBA09BAB-6ADD-4B05-8168-78D7CC16AFF4}.Debug (.Net 2.0)|Any CPU.ActiveCfg = Debug|Any CPU
		{FBA09BAB-6ADD-4B05-8168-78D7CC16AFF4}.Debug (.Net 2.0)|Any CPU.Build.0 = Debug|Any CPU
		{FBA09BAB-6ADD-4B05-8168-78D7CC16AFF4}.Debug (.Net 3.5)|Any CPU.ActiveCfg = Debug|Any CPU
		{FBA09BAB-6ADD-4B05-8168-78D7CC16AFF4}.Debug (.Net 3.5)|Any CPU.Build.0 = Debug|Any CPU
		{FBA09BAB-6ADD-4B05-8168-78D7CC16AFF4}.Debug|Any CPU.ActiveCfg = Debug|Any CPU
		{FBA09BAB-6ADD-4B05-8168-78D7CC16AFF4}.Debug|Any CPU.Build.0 = Debug|Any CPU
		{FBA09BAB-6ADD-4B05-8168-78D7CC16AFF4}.Release (.Net 2.0)|Any CPU.ActiveCfg = Release|Any CPU
		{FBA09BAB-6ADD-4B05-8168-78D7CC16AFF4}.Release (.Net 2.0)|Any CPU.Build.0 = Release|Any CPU
		{FBA09BAB-6ADD-4B05-8168-78D7CC16AFF4}.Release (.Net 3.5)|Any CPU.ActiveCfg = Release|Any CPU
		{FBA09BAB-6ADD-4B05-8168-78D7CC16AFF4}.Release (.Net 3.5)|Any CPU.Build.0 = Release|Any CPU
		{FBA09BAB-6ADD-4B05-8168-78D7CC16AFF4}.Release|Any CPU.ActiveCfg = Release|Any CPU
		{FBA09BAB-6ADD-4B05-8168-78D7CC16AFF4}.Release|Any CPU.Build.0 = Release|Any CPU
		{598FAA62-D8C2-43CA-8F15-4F30530BADC7}.AutomatedDebug|Any CPU.ActiveCfg = Debug|Any CPU
		{598FAA62-D8C2-43CA-8F15-4F30530BADC7}.AutomatedDebug|Any CPU.Build.0 = Debug|Any CPU
		{598FAA62-D8C2-43CA-8F15-4F30530BADC7}.Debug (.Net 2.0)|Any CPU.ActiveCfg = Debug|Any CPU
		{598FAA62-D8C2-43CA-8F15-4F30530BADC7}.Debug (.Net 2.0)|Any CPU.Build.0 = Debug|Any CPU
		{598FAA62-D8C2-43CA-8F15-4F30530BADC7}.Debug (.Net 3.5)|Any CPU.ActiveCfg = Debug|Any CPU
		{598FAA62-D8C2-43CA-8F15-4F30530BADC7}.Debug (.Net 3.5)|Any CPU.Build.0 = Debug|Any CPU
		{598FAA62-D8C2-43CA-8F15-4F30530BADC7}.Debug|Any CPU.ActiveCfg = Debug|Any CPU
		{598FAA62-D8C2-43CA-8F15-4F30530BADC7}.Debug|Any CPU.Build.0 = Debug|Any CPU
		{598FAA62-D8C2-43CA-8F15-4F30530BADC7}.Release (.Net 2.0)|Any CPU.ActiveCfg = Release|Any CPU
		{598FAA62-D8C2-43CA-8F15-4F30530BADC7}.Release (.Net 2.0)|Any CPU.Build.0 = Release|Any CPU
		{598FAA62-D8C2-43CA-8F15-4F30530BADC7}.Release (.Net 3.5)|Any CPU.ActiveCfg = Release|Any CPU
		{598FAA62-D8C2-43CA-8F15-4F30530BADC7}.Release (.Net 3.5)|Any CPU.Build.0 = Release|Any CPU
		{598FAA62-D8C2-43CA-8F15-4F30530BADC7}.Release|Any CPU.ActiveCfg = Release|Any CPU
		{598FAA62-D8C2-43CA-8F15-4F30530BADC7}.Release|Any CPU.Build.0 = Release|Any CPU
		{EED288C4-4401-42C7-8714-388916B6659D}.AutomatedDebug|Any CPU.ActiveCfg = Debug|Any CPU
		{EED288C4-4401-42C7-8714-388916B6659D}.AutomatedDebug|Any CPU.Build.0 = Debug|Any CPU
		{EED288C4-4401-42C7-8714-388916B6659D}.Debug (.Net 2.0)|Any CPU.ActiveCfg = Debug|Any CPU
		{EED288C4-4401-42C7-8714-388916B6659D}.Debug (.Net 2.0)|Any CPU.Build.0 = Debug|Any CPU
		{EED288C4-4401-42C7-8714-388916B6659D}.Debug (.Net 3.5)|Any CPU.ActiveCfg = Debug|Any CPU
		{EED288C4-4401-42C7-8714-388916B6659D}.Debug (.Net 3.5)|Any CPU.Build.0 = Debug|Any CPU
		{EED288C4-4401-42C7-8714-388916B6659D}.Debug|Any CPU.ActiveCfg = Debug|Any CPU
		{EED288C4-4401-42C7-8714-388916B6659D}.Debug|Any CPU.Build.0 = Debug|Any CPU
		{EED288C4-4401-42C7-8714-388916B6659D}.Release (.Net 2.0)|Any CPU.ActiveCfg = Release|Any CPU
		{EED288C4-4401-42C7-8714-388916B6659D}.Release (.Net 2.0)|Any CPU.Build.0 = Release|Any CPU
		{EED288C4-4401-42C7-8714-388916B6659D}.Release (.Net 3.5)|Any CPU.ActiveCfg = Release|Any CPU
		{EED288C4-4401-42C7-8714-388916B6659D}.Release (.Net 3.5)|Any CPU.Build.0 = Release|Any CPU
		{EED288C4-4401-42C7-8714-388916B6659D}.Release|Any CPU.ActiveCfg = Release|Any CPU
		{EED288C4-4401-42C7-8714-388916B6659D}.Release|Any CPU.Build.0 = Release|Any CPU
		{217E2D34-F6DF-431B-AC5A-B368F481A530}.AutomatedDebug|Any CPU.ActiveCfg = AutomatedDebug|Any CPU
		{217E2D34-F6DF-431B-AC5A-B368F481A530}.AutomatedDebug|Any CPU.Build.0 = AutomatedDebug|Any CPU
		{217E2D34-F6DF-431B-AC5A-B368F481A530}.Debug (.Net 2.0)|Any CPU.ActiveCfg = Debug (.Net 2.0)|Any CPU
		{217E2D34-F6DF-431B-AC5A-B368F481A530}.Debug (.Net 2.0)|Any CPU.Build.0 = Debug (.Net 2.0)|Any CPU
		{217E2D34-F6DF-431B-AC5A-B368F481A530}.Debug (.Net 3.5)|Any CPU.ActiveCfg = Debug (.Net 3.5)|Any CPU
		{217E2D34-F6DF-431B-AC5A-B368F481A530}.Debug (.Net 3.5)|Any CPU.Build.0 = Debug (.Net 3.5)|Any CPU
		{217E2D34-F6DF-431B-AC5A-B368F481A530}.Debug|Any CPU.ActiveCfg = AutomatedDebug|Any CPU
		{217E2D34-F6DF-431B-AC5A-B368F481A530}.Debug|Any CPU.Build.0 = AutomatedDebug|Any CPU
		{217E2D34-F6DF-431B-AC5A-B368F481A530}.Release (.Net 2.0)|Any CPU.ActiveCfg = Release (.Net 2.0)|Any CPU
		{217E2D34-F6DF-431B-AC5A-B368F481A530}.Release (.Net 2.0)|Any CPU.Build.0 = Release (.Net 2.0)|Any CPU
		{217E2D34-F6DF-431B-AC5A-B368F481A530}.Release (.Net 3.5)|Any CPU.ActiveCfg = Release (.Net 3.5)|Any CPU
		{217E2D34-F6DF-431B-AC5A-B368F481A530}.Release (.Net 3.5)|Any CPU.Build.0 = Release (.Net 3.5)|Any CPU
		{217E2D34-F6DF-431B-AC5A-B368F481A530}.Release|Any CPU.ActiveCfg = Release (.Net 3.5)|Any CPU
		{217E2D34-F6DF-431B-AC5A-B368F481A530}.Release|Any CPU.Build.0 = Release (.Net 3.5)|Any CPU
		{B701ED76-54AE-4591-86DE-EDCD0D8DAC6C}.AutomatedDebug|Any CPU.ActiveCfg = Debug|Any CPU
		{B701ED76-54AE-4591-86DE-EDCD0D8DAC6C}.AutomatedDebug|Any CPU.Build.0 = Debug|Any CPU
		{B701ED76-54AE-4591-86DE-EDCD0D8DAC6C}.Debug (.Net 2.0)|Any CPU.ActiveCfg = Debug|Any CPU
		{B701ED76-54AE-4591-86DE-EDCD0D8DAC6C}.Debug (.Net 2.0)|Any CPU.Build.0 = Debug|Any CPU
		{B701ED76-54AE-4591-86DE-EDCD0D8DAC6C}.Debug (.Net 3.5)|Any CPU.ActiveCfg = Debug|Any CPU
		{B701ED76-54AE-4591-86DE-EDCD0D8DAC6C}.Debug (.Net 3.5)|Any CPU.Build.0 = Debug|Any CPU
		{B701ED76-54AE-4591-86DE-EDCD0D8DAC6C}.Debug|Any CPU.ActiveCfg = Debug|Any CPU
		{B701ED76-54AE-4591-86DE-EDCD0D8DAC6C}.Debug|Any CPU.Build.0 = Debug|Any CPU
		{B701ED76-54AE-4591-86DE-EDCD0D8DAC6C}.Release (.Net 2.0)|Any CPU.ActiveCfg = Release|Any CPU
		{B701ED76-54AE-4591-86DE-EDCD0D8DAC6C}.Release (.Net 2.0)|Any CPU.Build.0 = Release|Any CPU
		{B701ED76-54AE-4591-86DE-EDCD0D8DAC6C}.Release (.Net 3.5)|Any CPU.ActiveCfg = Release|Any CPU
		{B701ED76-54AE-4591-86DE-EDCD0D8DAC6C}.Release (.Net 3.5)|Any CPU.Build.0 = Release|Any CPU
		{B701ED76-54AE-4591-86DE-EDCD0D8DAC6C}.Release|Any CPU.ActiveCfg = Release|Any CPU
		{B701ED76-54AE-4591-86DE-EDCD0D8DAC6C}.Release|Any CPU.Build.0 = Release|Any CPU
		{EA829AB1-9B24-4165-B107-617C6240BFE9}.AutomatedDebug|Any CPU.ActiveCfg = Debug|Any CPU
		{EA829AB1-9B24-4165-B107-617C6240BFE9}.AutomatedDebug|Any CPU.Build.0 = Debug|Any CPU
		{EA829AB1-9B24-4165-B107-617C6240BFE9}.Debug (.Net 2.0)|Any CPU.ActiveCfg = Debug|Any CPU
		{EA829AB1-9B24-4165-B107-617C6240BFE9}.Debug (.Net 2.0)|Any CPU.Build.0 = Debug|Any CPU
		{EA829AB1-9B24-4165-B107-617C6240BFE9}.Debug (.Net 3.5)|Any CPU.ActiveCfg = Debug|Any CPU
		{EA829AB1-9B24-4165-B107-617C6240BFE9}.Debug (.Net 3.5)|Any CPU.Build.0 = Debug|Any CPU
		{EA829AB1-9B24-4165-B107-617C6240BFE9}.Debug|Any CPU.ActiveCfg = Debug|Any CPU
		{EA829AB1-9B24-4165-B107-617C6240BFE9}.Debug|Any CPU.Build.0 = Debug|Any CPU
		{EA829AB1-9B24-4165-B107-617C6240BFE9}.Release (.Net 2.0)|Any CPU.ActiveCfg = Release|Any CPU
		{EA829AB1-9B24-4165-B107-617C6240BFE9}.Release (.Net 2.0)|Any CPU.Build.0 = Release|Any CPU
		{EA829AB1-9B24-4165-B107-617C6240BFE9}.Release (.Net 3.5)|Any CPU.ActiveCfg = Release|Any CPU
		{EA829AB1-9B24-4165-B107-617C6240BFE9}.Release (.Net 3.5)|Any CPU.Build.0 = Release|Any CPU
		{EA829AB1-9B24-4165-B107-617C6240BFE9}.Release|Any CPU.ActiveCfg = Release|Any CPU
		{EA829AB1-9B24-4165-B107-617C6240BFE9}.Release|Any CPU.Build.0 = Release|Any CPU
	EndGlobalSection
	GlobalSection(SolutionProperties) = preSolution
		HideSolutionNode = FALSE
	EndGlobalSection
EndGlobal
