
Microsoft Visual Studio Solution File, Format Version 11.00
# Visual Studio 2010
Project("{FAE04EC0-301F-11D3-BF4B-00C04F79EFBC}") = "TwilioApi", "TwilioApi\TwilioApi.csproj", "{894FF9E8-4DBF-4472-8AE2-1A6A988E105B}"
EndProject
Project("{2150E333-8FDC-42A3-9474-1A3956D46DE8}") = "Intuit", "Intuit", "{4C692C5D-BEDB-4153-986A-DAF6FDB63C98}"
EndProject
Project("{FAE04EC0-301F-11D3-BF4B-00C04F79EFBC}") = "DevDefined.OAuth.Tiny", "Intuit\DevDefined.OAuth.Tiny\DevDefined.OAuth.Tiny.csproj", "{61B700B6-3911-4CEF-8751-7F426A765088}"
EndProject
Project("{FAE04EC0-301F-11D3-BF4B-00C04F79EFBC}") = "Intuit.Common.Util", "Intuit\Intuit.Common.Util\Intuit.Common.Util.csproj", "{A88AADC5-BBB1-44D9-A9B1-B44C4F99215B}"
EndProject
Project("{FAE04EC0-301F-11D3-BF4B-00C04F79EFBC}") = "Intuit.Common.WinUtil", "Intuit\Intuit.Common.WinUtil\Intuit.Common.WinUtil.csproj", "{339ACCC3-E7B4-4258-AE5C-C2753B546651}"
EndProject
Project("{FAE04EC0-301F-11D3-BF4B-00C04F79EFBC}") = "Intuit.Ipp.Saml", "Intuit\Intuit.Ipp.Saml\Intuit.Ipp.Saml.csproj", "{80F65171-D847-4A25-B17C-BE833F5C8D3E}"
EndProject
Project("{FAE04EC0-301F-11D3-BF4B-00C04F79EFBC}") = "Intuit.Platform.Client.Core", "Intuit\Intuit.Platform.Client.Core\Intuit.Platform.Client.Core.csproj", "{8E64A6C8-61F6-4EA3-80A3-FD0B8318D0B0}"
EndProject
Project("{FAE04EC0-301F-11D3-BF4B-00C04F79EFBC}") = "Intuit.Platform.Client.Core.IDS", "Intuit\Intuit.Platform.Client.Core.IDS\Intuit.Platform.Client.Core.IDS.csproj", "{6A66048A-5225-460C-87F7-5E151CC8489C}"
EndProject
Project("{FAE04EC0-301F-11D3-BF4B-00C04F79EFBC}") = "Intuit.Platform.Client.OAuth", "Intuit\Intuit.Platform.Client.OAuth\Intuit.Platform.Client.OAuth.csproj", "{F9C46C39-A451-4249-BEDD-4053036E0FF4}"
EndProject
Project("{FAE04EC0-301F-11D3-BF4B-00C04F79EFBC}") = "Intuit.Platform.Client.OAuth.Common", "Intuit\Intuit.Platform.Client.OAuth.Common\Intuit.Platform.Client.OAuth.Common.csproj", "{163F74B9-311C-435D-9789-09074FC626F1}"
EndProject
Project("{FAE04EC0-301F-11D3-BF4B-00C04F79EFBC}") = "Intuit.Platform.Client.OAuth.Server", "Intuit\Intuit.Platform.Client.OAuth.Server\Intuit.Platform.Client.OAuth.Server.csproj", "{629C2DCB-4A65-4CAE-A050-471C7D43E3C2}"
EndProject
Project("{FAE04EC0-301F-11D3-BF4B-00C04F79EFBC}") = "Intuit.Sb.Cdm", "Intuit\Intuit.Sb.Cdm\Intuit.Sb.Cdm.csproj", "{1354CDE6-C21F-4514-8D56-9E85E2602405}"
EndProject
Project("{2150E333-8FDC-42A3-9474-1A3956D46DE8}") = "Common", "Common", "{71A2B426-E677-4852-B227-8A941A28E384}"
EndProject
Project("{FAE04EC0-301F-11D3-BF4B-00C04F79EFBC}") = "Dalworth.Common", "Dalworth.Common\Dalworth.Common.csproj", "{18BD1B3C-B288-494D-B764-FB2ADD033F9A}"
EndProject
Project("{FAE04EC0-301F-11D3-BF4B-00C04F79EFBC}") = "Dalworth.LeadCentral.Codegen", "Dalworth.LeadCentral.Codegen\Dalworth.LeadCentral.Codegen.csproj", "{D872D353-AC99-43BA-879F-27E03D4BA98E}"
EndProject
Project("{FAE04EC0-301F-11D3-BF4B-00C04F79EFBC}") = "Dalworth.LeadCentral.Cryptographer", "Dalworth.LeadCentral.Cryptographer\Dalworth.LeadCentral.Cryptographer.csproj", "{89568870-7936-427C-A67F-C1C71F3BF3BA}"
EndProject
Project("{FAE04EC0-301F-11D3-BF4B-00C04F79EFBC}") = "Dalworth.LeadCentral.Domain", "Dalworth.LeadCentral.Domain\Dalworth.LeadCentral.Domain.csproj", "{CC3FBF92-44AE-4204-BABD-EA07D3ACC8CC}"
EndProject
Project("{FAE04EC0-301F-11D3-BF4B-00C04F79EFBC}") = "Dalworth.LeadCentral.Service", "Dalworth.LeadCentral.Service\Dalworth.LeadCentral.Service.csproj", "{2D07CC44-C065-4C78-9D91-1A5D1942FADA}"
EndProject
Project("{FAE04EC0-301F-11D3-BF4B-00C04F79EFBC}") = "Dalworth.LeadCentral.Web", "Dalworth.LeadCentral.Web\Dalworth.LeadCentral.Web.csproj", "{C4F9C2D5-DADE-4DFA-8B53-EC0929B7AF34}"
EndProject
Project("{FAE04EC0-301F-11D3-BF4B-00C04F79EFBC}") = "Dalworth.LeadCentral.Phone", "Dalworth.LeadCentral.Phone\Dalworth.LeadCentral.Phone.csproj", "{DF2086EF-BDB5-4096-B5DD-CCC777A7D99C}"
EndProject
Project("{FAE04EC0-301F-11D3-BF4B-00C04F79EFBC}") = "Dalworth.Intuit.Gateway", "Dalworth.Intuit.Gateway\Dalworth.Intuit.Gateway.csproj", "{E483F1D1-8791-4893-BFAB-14CB3E04ADA8}"
EndProject
Project("{FAE04EC0-301F-11D3-BF4B-00C04F79EFBC}") = "Dalworth.LeadCentral.Intuit.Sync", "Dalworth.LeadCentral.Intuit.Sync\Dalworth.LeadCentral.Intuit.Sync.csproj", "{5D4F7EB0-E95B-4A58-9F26-7BD398CC0C67}"
EndProject
Global
	GlobalSection(SolutionConfigurationPlatforms) = preSolution
		Debug|Any CPU = Debug|Any CPU
		Debug|Mixed Platforms = Debug|Mixed Platforms
		Debug|x86 = Debug|x86
		Release|Any CPU = Release|Any CPU
		Release|Mixed Platforms = Release|Mixed Platforms
		Release|x86 = Release|x86
	EndGlobalSection
	GlobalSection(ProjectConfigurationPlatforms) = postSolution
		{894FF9E8-4DBF-4472-8AE2-1A6A988E105B}.Debug|Any CPU.ActiveCfg = Debug|Any CPU
		{894FF9E8-4DBF-4472-8AE2-1A6A988E105B}.Debug|Any CPU.Build.0 = Debug|Any CPU
		{894FF9E8-4DBF-4472-8AE2-1A6A988E105B}.Debug|Mixed Platforms.ActiveCfg = Debug|Any CPU
		{894FF9E8-4DBF-4472-8AE2-1A6A988E105B}.Debug|Mixed Platforms.Build.0 = Debug|Any CPU
		{894FF9E8-4DBF-4472-8AE2-1A6A988E105B}.Debug|x86.ActiveCfg = Debug|Any CPU
		{894FF9E8-4DBF-4472-8AE2-1A6A988E105B}.Release|Any CPU.ActiveCfg = Release|Any CPU
		{894FF9E8-4DBF-4472-8AE2-1A6A988E105B}.Release|Any CPU.Build.0 = Release|Any CPU
		{894FF9E8-4DBF-4472-8AE2-1A6A988E105B}.Release|Mixed Platforms.ActiveCfg = Release|Any CPU
		{894FF9E8-4DBF-4472-8AE2-1A6A988E105B}.Release|Mixed Platforms.Build.0 = Release|Any CPU
		{894FF9E8-4DBF-4472-8AE2-1A6A988E105B}.Release|x86.ActiveCfg = Release|Any CPU
		{61B700B6-3911-4CEF-8751-7F426A765088}.Debug|Any CPU.ActiveCfg = Debug|Any CPU
		{61B700B6-3911-4CEF-8751-7F426A765088}.Debug|Any CPU.Build.0 = Debug|Any CPU
		{61B700B6-3911-4CEF-8751-7F426A765088}.Debug|Mixed Platforms.ActiveCfg = Debug|Any CPU
		{61B700B6-3911-4CEF-8751-7F426A765088}.Debug|Mixed Platforms.Build.0 = Debug|Any CPU
		{61B700B6-3911-4CEF-8751-7F426A765088}.Debug|x86.ActiveCfg = Debug|Any CPU
		{61B700B6-3911-4CEF-8751-7F426A765088}.Release|Any CPU.ActiveCfg = Release|Any CPU
		{61B700B6-3911-4CEF-8751-7F426A765088}.Release|Any CPU.Build.0 = Release|Any CPU
		{61B700B6-3911-4CEF-8751-7F426A765088}.Release|Mixed Platforms.ActiveCfg = Release|Any CPU
		{61B700B6-3911-4CEF-8751-7F426A765088}.Release|Mixed Platforms.Build.0 = Release|Any CPU
		{61B700B6-3911-4CEF-8751-7F426A765088}.Release|x86.ActiveCfg = Release|Any CPU
		{A88AADC5-BBB1-44D9-A9B1-B44C4F99215B}.Debug|Any CPU.ActiveCfg = Debug|Any CPU
		{A88AADC5-BBB1-44D9-A9B1-B44C4F99215B}.Debug|Any CPU.Build.0 = Debug|Any CPU
		{A88AADC5-BBB1-44D9-A9B1-B44C4F99215B}.Debug|Mixed Platforms.ActiveCfg = Debug|Any CPU
		{A88AADC5-BBB1-44D9-A9B1-B44C4F99215B}.Debug|Mixed Platforms.Build.0 = Debug|Any CPU
		{A88AADC5-BBB1-44D9-A9B1-B44C4F99215B}.Debug|x86.ActiveCfg = Debug|Any CPU
		{A88AADC5-BBB1-44D9-A9B1-B44C4F99215B}.Release|Any CPU.ActiveCfg = Release|Any CPU
		{A88AADC5-BBB1-44D9-A9B1-B44C4F99215B}.Release|Any CPU.Build.0 = Release|Any CPU
		{A88AADC5-BBB1-44D9-A9B1-B44C4F99215B}.Release|Mixed Platforms.ActiveCfg = Release|Any CPU
		{A88AADC5-BBB1-44D9-A9B1-B44C4F99215B}.Release|Mixed Platforms.Build.0 = Release|Any CPU
		{A88AADC5-BBB1-44D9-A9B1-B44C4F99215B}.Release|x86.ActiveCfg = Release|Any CPU
		{339ACCC3-E7B4-4258-AE5C-C2753B546651}.Debug|Any CPU.ActiveCfg = Debug|Any CPU
		{339ACCC3-E7B4-4258-AE5C-C2753B546651}.Debug|Any CPU.Build.0 = Debug|Any CPU
		{339ACCC3-E7B4-4258-AE5C-C2753B546651}.Debug|Mixed Platforms.ActiveCfg = Debug|Any CPU
		{339ACCC3-E7B4-4258-AE5C-C2753B546651}.Debug|Mixed Platforms.Build.0 = Debug|Any CPU
		{339ACCC3-E7B4-4258-AE5C-C2753B546651}.Debug|x86.ActiveCfg = Debug|Any CPU
		{339ACCC3-E7B4-4258-AE5C-C2753B546651}.Release|Any CPU.ActiveCfg = Release|Any CPU
		{339ACCC3-E7B4-4258-AE5C-C2753B546651}.Release|Any CPU.Build.0 = Release|Any CPU
		{339ACCC3-E7B4-4258-AE5C-C2753B546651}.Release|Mixed Platforms.ActiveCfg = Release|Any CPU
		{339ACCC3-E7B4-4258-AE5C-C2753B546651}.Release|Mixed Platforms.Build.0 = Release|Any CPU
		{339ACCC3-E7B4-4258-AE5C-C2753B546651}.Release|x86.ActiveCfg = Release|Any CPU
		{80F65171-D847-4A25-B17C-BE833F5C8D3E}.Debug|Any CPU.ActiveCfg = Debug|Any CPU
		{80F65171-D847-4A25-B17C-BE833F5C8D3E}.Debug|Any CPU.Build.0 = Debug|Any CPU
		{80F65171-D847-4A25-B17C-BE833F5C8D3E}.Debug|Mixed Platforms.ActiveCfg = Debug|Any CPU
		{80F65171-D847-4A25-B17C-BE833F5C8D3E}.Debug|Mixed Platforms.Build.0 = Debug|Any CPU
		{80F65171-D847-4A25-B17C-BE833F5C8D3E}.Debug|x86.ActiveCfg = Debug|Any CPU
		{80F65171-D847-4A25-B17C-BE833F5C8D3E}.Release|Any CPU.ActiveCfg = Release|Any CPU
		{80F65171-D847-4A25-B17C-BE833F5C8D3E}.Release|Any CPU.Build.0 = Release|Any CPU
		{80F65171-D847-4A25-B17C-BE833F5C8D3E}.Release|Mixed Platforms.ActiveCfg = Release|Any CPU
		{80F65171-D847-4A25-B17C-BE833F5C8D3E}.Release|Mixed Platforms.Build.0 = Release|Any CPU
		{80F65171-D847-4A25-B17C-BE833F5C8D3E}.Release|x86.ActiveCfg = Release|Any CPU
		{8E64A6C8-61F6-4EA3-80A3-FD0B8318D0B0}.Debug|Any CPU.ActiveCfg = Debug|Any CPU
		{8E64A6C8-61F6-4EA3-80A3-FD0B8318D0B0}.Debug|Any CPU.Build.0 = Debug|Any CPU
		{8E64A6C8-61F6-4EA3-80A3-FD0B8318D0B0}.Debug|Mixed Platforms.ActiveCfg = Debug|Any CPU
		{8E64A6C8-61F6-4EA3-80A3-FD0B8318D0B0}.Debug|Mixed Platforms.Build.0 = Debug|Any CPU
		{8E64A6C8-61F6-4EA3-80A3-FD0B8318D0B0}.Debug|x86.ActiveCfg = Debug|Any CPU
		{8E64A6C8-61F6-4EA3-80A3-FD0B8318D0B0}.Release|Any CPU.ActiveCfg = Release|Any CPU
		{8E64A6C8-61F6-4EA3-80A3-FD0B8318D0B0}.Release|Any CPU.Build.0 = Release|Any CPU
		{8E64A6C8-61F6-4EA3-80A3-FD0B8318D0B0}.Release|Mixed Platforms.ActiveCfg = Release|Any CPU
		{8E64A6C8-61F6-4EA3-80A3-FD0B8318D0B0}.Release|Mixed Platforms.Build.0 = Release|Any CPU
		{8E64A6C8-61F6-4EA3-80A3-FD0B8318D0B0}.Release|x86.ActiveCfg = Release|Any CPU
		{6A66048A-5225-460C-87F7-5E151CC8489C}.Debug|Any CPU.ActiveCfg = Debug|Any CPU
		{6A66048A-5225-460C-87F7-5E151CC8489C}.Debug|Any CPU.Build.0 = Debug|Any CPU
		{6A66048A-5225-460C-87F7-5E151CC8489C}.Debug|Mixed Platforms.ActiveCfg = Debug|Any CPU
		{6A66048A-5225-460C-87F7-5E151CC8489C}.Debug|Mixed Platforms.Build.0 = Debug|Any CPU
		{6A66048A-5225-460C-87F7-5E151CC8489C}.Debug|x86.ActiveCfg = Debug|Any CPU
		{6A66048A-5225-460C-87F7-5E151CC8489C}.Release|Any CPU.ActiveCfg = Release|Any CPU
		{6A66048A-5225-460C-87F7-5E151CC8489C}.Release|Any CPU.Build.0 = Release|Any CPU
		{6A66048A-5225-460C-87F7-5E151CC8489C}.Release|Mixed Platforms.ActiveCfg = Release|Any CPU
		{6A66048A-5225-460C-87F7-5E151CC8489C}.Release|Mixed Platforms.Build.0 = Release|Any CPU
		{6A66048A-5225-460C-87F7-5E151CC8489C}.Release|x86.ActiveCfg = Release|Any CPU
		{F9C46C39-A451-4249-BEDD-4053036E0FF4}.Debug|Any CPU.ActiveCfg = Debug|Any CPU
		{F9C46C39-A451-4249-BEDD-4053036E0FF4}.Debug|Any CPU.Build.0 = Debug|Any CPU
		{F9C46C39-A451-4249-BEDD-4053036E0FF4}.Debug|Mixed Platforms.ActiveCfg = Debug|Any CPU
		{F9C46C39-A451-4249-BEDD-4053036E0FF4}.Debug|Mixed Platforms.Build.0 = Debug|Any CPU
		{F9C46C39-A451-4249-BEDD-4053036E0FF4}.Debug|x86.ActiveCfg = Debug|Any CPU
		{F9C46C39-A451-4249-BEDD-4053036E0FF4}.Release|Any CPU.ActiveCfg = Release|Any CPU
		{F9C46C39-A451-4249-BEDD-4053036E0FF4}.Release|Any CPU.Build.0 = Release|Any CPU
		{F9C46C39-A451-4249-BEDD-4053036E0FF4}.Release|Mixed Platforms.ActiveCfg = Release|Any CPU
		{F9C46C39-A451-4249-BEDD-4053036E0FF4}.Release|Mixed Platforms.Build.0 = Release|Any CPU
		{F9C46C39-A451-4249-BEDD-4053036E0FF4}.Release|x86.ActiveCfg = Release|Any CPU
		{163F74B9-311C-435D-9789-09074FC626F1}.Debug|Any CPU.ActiveCfg = Debug|Any CPU
		{163F74B9-311C-435D-9789-09074FC626F1}.Debug|Any CPU.Build.0 = Debug|Any CPU
		{163F74B9-311C-435D-9789-09074FC626F1}.Debug|Mixed Platforms.ActiveCfg = Debug|Any CPU
		{163F74B9-311C-435D-9789-09074FC626F1}.Debug|Mixed Platforms.Build.0 = Debug|Any CPU
		{163F74B9-311C-435D-9789-09074FC626F1}.Debug|x86.ActiveCfg = Debug|Any CPU
		{163F74B9-311C-435D-9789-09074FC626F1}.Release|Any CPU.ActiveCfg = Release|Any CPU
		{163F74B9-311C-435D-9789-09074FC626F1}.Release|Any CPU.Build.0 = Release|Any CPU
		{163F74B9-311C-435D-9789-09074FC626F1}.Release|Mixed Platforms.ActiveCfg = Release|Any CPU
		{163F74B9-311C-435D-9789-09074FC626F1}.Release|Mixed Platforms.Build.0 = Release|Any CPU
		{163F74B9-311C-435D-9789-09074FC626F1}.Release|x86.ActiveCfg = Release|Any CPU
		{629C2DCB-4A65-4CAE-A050-471C7D43E3C2}.Debug|Any CPU.ActiveCfg = Debug|Any CPU
		{629C2DCB-4A65-4CAE-A050-471C7D43E3C2}.Debug|Any CPU.Build.0 = Debug|Any CPU
		{629C2DCB-4A65-4CAE-A050-471C7D43E3C2}.Debug|Mixed Platforms.ActiveCfg = Debug|Any CPU
		{629C2DCB-4A65-4CAE-A050-471C7D43E3C2}.Debug|Mixed Platforms.Build.0 = Debug|Any CPU
		{629C2DCB-4A65-4CAE-A050-471C7D43E3C2}.Debug|x86.ActiveCfg = Debug|Any CPU
		{629C2DCB-4A65-4CAE-A050-471C7D43E3C2}.Release|Any CPU.ActiveCfg = Release|Any CPU
		{629C2DCB-4A65-4CAE-A050-471C7D43E3C2}.Release|Any CPU.Build.0 = Release|Any CPU
		{629C2DCB-4A65-4CAE-A050-471C7D43E3C2}.Release|Mixed Platforms.ActiveCfg = Release|Any CPU
		{629C2DCB-4A65-4CAE-A050-471C7D43E3C2}.Release|Mixed Platforms.Build.0 = Release|Any CPU
		{629C2DCB-4A65-4CAE-A050-471C7D43E3C2}.Release|x86.ActiveCfg = Release|Any CPU
		{1354CDE6-C21F-4514-8D56-9E85E2602405}.Debug|Any CPU.ActiveCfg = Debug|Any CPU
		{1354CDE6-C21F-4514-8D56-9E85E2602405}.Debug|Any CPU.Build.0 = Debug|Any CPU
		{1354CDE6-C21F-4514-8D56-9E85E2602405}.Debug|Mixed Platforms.ActiveCfg = Debug|Any CPU
		{1354CDE6-C21F-4514-8D56-9E85E2602405}.Debug|Mixed Platforms.Build.0 = Debug|Any CPU
		{1354CDE6-C21F-4514-8D56-9E85E2602405}.Debug|x86.ActiveCfg = Debug|Any CPU
		{1354CDE6-C21F-4514-8D56-9E85E2602405}.Release|Any CPU.ActiveCfg = Release|Any CPU
		{1354CDE6-C21F-4514-8D56-9E85E2602405}.Release|Any CPU.Build.0 = Release|Any CPU
		{1354CDE6-C21F-4514-8D56-9E85E2602405}.Release|Mixed Platforms.ActiveCfg = Release|Any CPU
		{1354CDE6-C21F-4514-8D56-9E85E2602405}.Release|Mixed Platforms.Build.0 = Release|Any CPU
		{1354CDE6-C21F-4514-8D56-9E85E2602405}.Release|x86.ActiveCfg = Release|Any CPU
		{18BD1B3C-B288-494D-B764-FB2ADD033F9A}.Debug|Any CPU.ActiveCfg = Debug|Any CPU
		{18BD1B3C-B288-494D-B764-FB2ADD033F9A}.Debug|Any CPU.Build.0 = Debug|Any CPU
		{18BD1B3C-B288-494D-B764-FB2ADD033F9A}.Debug|Mixed Platforms.ActiveCfg = Debug|Any CPU
		{18BD1B3C-B288-494D-B764-FB2ADD033F9A}.Debug|Mixed Platforms.Build.0 = Debug|Any CPU
		{18BD1B3C-B288-494D-B764-FB2ADD033F9A}.Debug|x86.ActiveCfg = Debug|Any CPU
		{18BD1B3C-B288-494D-B764-FB2ADD033F9A}.Release|Any CPU.ActiveCfg = Release|Any CPU
		{18BD1B3C-B288-494D-B764-FB2ADD033F9A}.Release|Any CPU.Build.0 = Release|Any CPU
		{18BD1B3C-B288-494D-B764-FB2ADD033F9A}.Release|Mixed Platforms.ActiveCfg = Release|Any CPU
		{18BD1B3C-B288-494D-B764-FB2ADD033F9A}.Release|Mixed Platforms.Build.0 = Release|Any CPU
		{18BD1B3C-B288-494D-B764-FB2ADD033F9A}.Release|x86.ActiveCfg = Release|Any CPU
		{D872D353-AC99-43BA-879F-27E03D4BA98E}.Debug|Any CPU.ActiveCfg = Debug|x86
		{D872D353-AC99-43BA-879F-27E03D4BA98E}.Debug|Mixed Platforms.ActiveCfg = Debug|x86
		{D872D353-AC99-43BA-879F-27E03D4BA98E}.Debug|Mixed Platforms.Build.0 = Debug|x86
		{D872D353-AC99-43BA-879F-27E03D4BA98E}.Debug|x86.ActiveCfg = Debug|x86
		{D872D353-AC99-43BA-879F-27E03D4BA98E}.Debug|x86.Build.0 = Debug|x86
		{D872D353-AC99-43BA-879F-27E03D4BA98E}.Release|Any CPU.ActiveCfg = Release|x86
		{D872D353-AC99-43BA-879F-27E03D4BA98E}.Release|Mixed Platforms.ActiveCfg = Release|x86
		{D872D353-AC99-43BA-879F-27E03D4BA98E}.Release|Mixed Platforms.Build.0 = Release|x86
		{D872D353-AC99-43BA-879F-27E03D4BA98E}.Release|x86.ActiveCfg = Release|x86
		{D872D353-AC99-43BA-879F-27E03D4BA98E}.Release|x86.Build.0 = Release|x86
		{89568870-7936-427C-A67F-C1C71F3BF3BA}.Debug|Any CPU.ActiveCfg = Debug|Any CPU
		{89568870-7936-427C-A67F-C1C71F3BF3BA}.Debug|Any CPU.Build.0 = Debug|Any CPU
		{89568870-7936-427C-A67F-C1C71F3BF3BA}.Debug|Mixed Platforms.ActiveCfg = Debug|Any CPU
		{89568870-7936-427C-A67F-C1C71F3BF3BA}.Debug|Mixed Platforms.Build.0 = Debug|Any CPU
		{89568870-7936-427C-A67F-C1C71F3BF3BA}.Debug|x86.ActiveCfg = Debug|Any CPU
		{89568870-7936-427C-A67F-C1C71F3BF3BA}.Release|Any CPU.ActiveCfg = Release|Any CPU
		{89568870-7936-427C-A67F-C1C71F3BF3BA}.Release|Any CPU.Build.0 = Release|Any CPU
		{89568870-7936-427C-A67F-C1C71F3BF3BA}.Release|Mixed Platforms.ActiveCfg = Release|Any CPU
		{89568870-7936-427C-A67F-C1C71F3BF3BA}.Release|Mixed Platforms.Build.0 = Release|Any CPU
		{89568870-7936-427C-A67F-C1C71F3BF3BA}.Release|x86.ActiveCfg = Release|Any CPU
		{CC3FBF92-44AE-4204-BABD-EA07D3ACC8CC}.Debug|Any CPU.ActiveCfg = Debug|Any CPU
		{CC3FBF92-44AE-4204-BABD-EA07D3ACC8CC}.Debug|Any CPU.Build.0 = Debug|Any CPU
		{CC3FBF92-44AE-4204-BABD-EA07D3ACC8CC}.Debug|Mixed Platforms.ActiveCfg = Debug|Any CPU
		{CC3FBF92-44AE-4204-BABD-EA07D3ACC8CC}.Debug|Mixed Platforms.Build.0 = Debug|Any CPU
		{CC3FBF92-44AE-4204-BABD-EA07D3ACC8CC}.Debug|x86.ActiveCfg = Debug|Any CPU
		{CC3FBF92-44AE-4204-BABD-EA07D3ACC8CC}.Release|Any CPU.ActiveCfg = Release|Any CPU
		{CC3FBF92-44AE-4204-BABD-EA07D3ACC8CC}.Release|Any CPU.Build.0 = Release|Any CPU
		{CC3FBF92-44AE-4204-BABD-EA07D3ACC8CC}.Release|Mixed Platforms.ActiveCfg = Release|Any CPU
		{CC3FBF92-44AE-4204-BABD-EA07D3ACC8CC}.Release|Mixed Platforms.Build.0 = Release|Any CPU
		{CC3FBF92-44AE-4204-BABD-EA07D3ACC8CC}.Release|x86.ActiveCfg = Release|Any CPU
		{2D07CC44-C065-4C78-9D91-1A5D1942FADA}.Debug|Any CPU.ActiveCfg = Debug|Any CPU
		{2D07CC44-C065-4C78-9D91-1A5D1942FADA}.Debug|Any CPU.Build.0 = Debug|Any CPU
		{2D07CC44-C065-4C78-9D91-1A5D1942FADA}.Debug|Mixed Platforms.ActiveCfg = Debug|Any CPU
		{2D07CC44-C065-4C78-9D91-1A5D1942FADA}.Debug|Mixed Platforms.Build.0 = Debug|Any CPU
		{2D07CC44-C065-4C78-9D91-1A5D1942FADA}.Debug|x86.ActiveCfg = Debug|Any CPU
		{2D07CC44-C065-4C78-9D91-1A5D1942FADA}.Release|Any CPU.ActiveCfg = Release|Any CPU
		{2D07CC44-C065-4C78-9D91-1A5D1942FADA}.Release|Any CPU.Build.0 = Release|Any CPU
		{2D07CC44-C065-4C78-9D91-1A5D1942FADA}.Release|Mixed Platforms.ActiveCfg = Release|Any CPU
		{2D07CC44-C065-4C78-9D91-1A5D1942FADA}.Release|Mixed Platforms.Build.0 = Release|Any CPU
		{2D07CC44-C065-4C78-9D91-1A5D1942FADA}.Release|x86.ActiveCfg = Release|Any CPU
		{C4F9C2D5-DADE-4DFA-8B53-EC0929B7AF34}.Debug|Any CPU.ActiveCfg = Debug|Any CPU
		{C4F9C2D5-DADE-4DFA-8B53-EC0929B7AF34}.Debug|Any CPU.Build.0 = Debug|Any CPU
		{C4F9C2D5-DADE-4DFA-8B53-EC0929B7AF34}.Debug|Mixed Platforms.ActiveCfg = Debug|Any CPU
		{C4F9C2D5-DADE-4DFA-8B53-EC0929B7AF34}.Debug|Mixed Platforms.Build.0 = Debug|Any CPU
		{C4F9C2D5-DADE-4DFA-8B53-EC0929B7AF34}.Debug|x86.ActiveCfg = Debug|Any CPU
		{C4F9C2D5-DADE-4DFA-8B53-EC0929B7AF34}.Release|Any CPU.ActiveCfg = Release|Any CPU
		{C4F9C2D5-DADE-4DFA-8B53-EC0929B7AF34}.Release|Any CPU.Build.0 = Release|Any CPU
		{C4F9C2D5-DADE-4DFA-8B53-EC0929B7AF34}.Release|Mixed Platforms.ActiveCfg = Release|Any CPU
		{C4F9C2D5-DADE-4DFA-8B53-EC0929B7AF34}.Release|Mixed Platforms.Build.0 = Release|Any CPU
		{C4F9C2D5-DADE-4DFA-8B53-EC0929B7AF34}.Release|x86.ActiveCfg = Release|Any CPU
		{DF2086EF-BDB5-4096-B5DD-CCC777A7D99C}.Debug|Any CPU.ActiveCfg = Debug|Any CPU
		{DF2086EF-BDB5-4096-B5DD-CCC777A7D99C}.Debug|Any CPU.Build.0 = Debug|Any CPU
		{DF2086EF-BDB5-4096-B5DD-CCC777A7D99C}.Debug|Mixed Platforms.ActiveCfg = Debug|Any CPU
		{DF2086EF-BDB5-4096-B5DD-CCC777A7D99C}.Debug|Mixed Platforms.Build.0 = Debug|Any CPU
		{DF2086EF-BDB5-4096-B5DD-CCC777A7D99C}.Debug|x86.ActiveCfg = Debug|Any CPU
		{DF2086EF-BDB5-4096-B5DD-CCC777A7D99C}.Release|Any CPU.ActiveCfg = Release|Any CPU
		{DF2086EF-BDB5-4096-B5DD-CCC777A7D99C}.Release|Any CPU.Build.0 = Release|Any CPU
		{DF2086EF-BDB5-4096-B5DD-CCC777A7D99C}.Release|Mixed Platforms.ActiveCfg = Release|Any CPU
		{DF2086EF-BDB5-4096-B5DD-CCC777A7D99C}.Release|Mixed Platforms.Build.0 = Release|Any CPU
		{DF2086EF-BDB5-4096-B5DD-CCC777A7D99C}.Release|x86.ActiveCfg = Release|Any CPU
		{E483F1D1-8791-4893-BFAB-14CB3E04ADA8}.Debug|Any CPU.ActiveCfg = Debug|Any CPU
		{E483F1D1-8791-4893-BFAB-14CB3E04ADA8}.Debug|Any CPU.Build.0 = Debug|Any CPU
		{E483F1D1-8791-4893-BFAB-14CB3E04ADA8}.Debug|Mixed Platforms.ActiveCfg = Debug|Any CPU
		{E483F1D1-8791-4893-BFAB-14CB3E04ADA8}.Debug|Mixed Platforms.Build.0 = Debug|Any CPU
		{E483F1D1-8791-4893-BFAB-14CB3E04ADA8}.Debug|x86.ActiveCfg = Debug|Any CPU
		{E483F1D1-8791-4893-BFAB-14CB3E04ADA8}.Release|Any CPU.ActiveCfg = Release|Any CPU
		{E483F1D1-8791-4893-BFAB-14CB3E04ADA8}.Release|Any CPU.Build.0 = Release|Any CPU
		{E483F1D1-8791-4893-BFAB-14CB3E04ADA8}.Release|Mixed Platforms.ActiveCfg = Release|Any CPU
		{E483F1D1-8791-4893-BFAB-14CB3E04ADA8}.Release|Mixed Platforms.Build.0 = Release|Any CPU
		{E483F1D1-8791-4893-BFAB-14CB3E04ADA8}.Release|x86.ActiveCfg = Release|Any CPU
		{5D4F7EB0-E95B-4A58-9F26-7BD398CC0C67}.Debug|Any CPU.ActiveCfg = Debug|x86
		{5D4F7EB0-E95B-4A58-9F26-7BD398CC0C67}.Debug|Mixed Platforms.ActiveCfg = Debug|x86
		{5D4F7EB0-E95B-4A58-9F26-7BD398CC0C67}.Debug|Mixed Platforms.Build.0 = Debug|x86
		{5D4F7EB0-E95B-4A58-9F26-7BD398CC0C67}.Debug|x86.ActiveCfg = Debug|x86
		{5D4F7EB0-E95B-4A58-9F26-7BD398CC0C67}.Debug|x86.Build.0 = Debug|x86
		{5D4F7EB0-E95B-4A58-9F26-7BD398CC0C67}.Release|Any CPU.ActiveCfg = Release|x86
		{5D4F7EB0-E95B-4A58-9F26-7BD398CC0C67}.Release|Mixed Platforms.ActiveCfg = Release|x86
		{5D4F7EB0-E95B-4A58-9F26-7BD398CC0C67}.Release|Mixed Platforms.Build.0 = Release|x86
		{5D4F7EB0-E95B-4A58-9F26-7BD398CC0C67}.Release|x86.ActiveCfg = Release|x86
		{5D4F7EB0-E95B-4A58-9F26-7BD398CC0C67}.Release|x86.Build.0 = Release|x86
	EndGlobalSection
	GlobalSection(SolutionProperties) = preSolution
		HideSolutionNode = FALSE
	EndGlobalSection
	GlobalSection(NestedProjects) = preSolution
		{61B700B6-3911-4CEF-8751-7F426A765088} = {4C692C5D-BEDB-4153-986A-DAF6FDB63C98}
		{A88AADC5-BBB1-44D9-A9B1-B44C4F99215B} = {4C692C5D-BEDB-4153-986A-DAF6FDB63C98}
		{339ACCC3-E7B4-4258-AE5C-C2753B546651} = {4C692C5D-BEDB-4153-986A-DAF6FDB63C98}
		{80F65171-D847-4A25-B17C-BE833F5C8D3E} = {4C692C5D-BEDB-4153-986A-DAF6FDB63C98}
		{8E64A6C8-61F6-4EA3-80A3-FD0B8318D0B0} = {4C692C5D-BEDB-4153-986A-DAF6FDB63C98}
		{6A66048A-5225-460C-87F7-5E151CC8489C} = {4C692C5D-BEDB-4153-986A-DAF6FDB63C98}
		{F9C46C39-A451-4249-BEDD-4053036E0FF4} = {4C692C5D-BEDB-4153-986A-DAF6FDB63C98}
		{163F74B9-311C-435D-9789-09074FC626F1} = {4C692C5D-BEDB-4153-986A-DAF6FDB63C98}
		{629C2DCB-4A65-4CAE-A050-471C7D43E3C2} = {4C692C5D-BEDB-4153-986A-DAF6FDB63C98}
		{1354CDE6-C21F-4514-8D56-9E85E2602405} = {4C692C5D-BEDB-4153-986A-DAF6FDB63C98}
		{18BD1B3C-B288-494D-B764-FB2ADD033F9A} = {71A2B426-E677-4852-B227-8A941A28E384}
	EndGlobalSection
EndGlobal
